// !$*UTF8*$!
{
	archiveVersion = 1;
	classes = {
	};
	objectVersion = 46;
	objects = {

/* Begin PBXBuildFile section */
		A10F5FB61B0DBAEA00BD0491 /* DownloadDao.m in Sources */ = {isa = PBXBuildFile; fileRef = A10F5FB51B0DBAEA00BD0491 /* DownloadDao.m */; };
		A10F5FBC1B0DBCA000BD0491 /* AppClientSync.m in Sources */ = {isa = PBXBuildFile; fileRef = A10F5FBB1B0DBCA000BD0491 /* AppClientSync.m */; };
		A10F5FBF1B0E383000BD0491 /* PaperUtils.m in Sources */ = {isa = PBXBuildFile; fileRef = A10F5FBE1B0E383000BD0491 /* PaperUtils.m */; };
		A13BB77E1B096D8C0063C64B /* ExamModel.m in Sources */ = {isa = PBXBuildFile; fileRef = A13BB77D1B096D8C0063C64B /* ExamModel.m */; };
		A13BB7811B0971B10063C64B /* ProductModel.m in Sources */ = {isa = PBXBuildFile; fileRef = A13BB7801B0971B10063C64B /* ProductModel.m */; };
		A13BB7841B09B11B0063C64B /* SwitchService.m in Sources */ = {isa = PBXBuildFile; fileRef = A13BB7831B09B11B0063C64B /* SwitchService.m */; };
		A13BB7881B0AD6270063C64B /* JSONCallback.m in Sources */ = {isa = PBXBuildFile; fileRef = A13BB7871B0AD6270063C64B /* JSONCallback.m */; };
		A13BB78B1B0AE6A40063C64B /* CategoryModelCellFrame.m in Sources */ = {isa = PBXBuildFile; fileRef = A13BB78A1B0AE6A40063C64B /* CategoryModelCellFrame.m */; };
		A13BB7921B0B0B7F0063C64B /* CategoryTableViewCell.m in Sources */ = {isa = PBXBuildFile; fileRef = A13BB7911B0B0B7F0063C64B /* CategoryTableViewCell.m */; };
		A13BB7951B0B31930063C64B /* ExamViewController.m in Sources */ = {isa = PBXBuildFile; fileRef = A13BB7941B0B31930063C64B /* ExamViewController.m */; };
		A13BB7981B0B38B00063C64B /* ExamModelCellFrame.m in Sources */ = {isa = PBXBuildFile; fileRef = A13BB7971B0B38B00063C64B /* ExamModelCellFrame.m */; };
		A13BB79C1B0B47800063C64B /* ExamTableViewCell.m in Sources */ = {isa = PBXBuildFile; fileRef = A13BB79B1B0B47800063C64B /* ExamTableViewCell.m */; };
		A17098E71B0581C00083AF01 /* MJRefresh.bundle in Resources */ = {isa = PBXBuildFile; fileRef = A17098CF1B0581C00083AF01 /* MJRefresh.bundle */; };
		A17098E81B0581C00083AF01 /* MJRefreshComponent.m in Sources */ = {isa = PBXBuildFile; fileRef = A17098D21B0581C00083AF01 /* MJRefreshComponent.m */; };
		A17098E91B0581C00083AF01 /* MJRefreshConst.m in Sources */ = {isa = PBXBuildFile; fileRef = A17098D41B0581C00083AF01 /* MJRefreshConst.m */; };
		A17098EA1B0581C00083AF01 /* MJRefreshFooter.m in Sources */ = {isa = PBXBuildFile; fileRef = A17098D61B0581C00083AF01 /* MJRefreshFooter.m */; };
		A17098EB1B0581C00083AF01 /* MJRefreshGifFooter.m in Sources */ = {isa = PBXBuildFile; fileRef = A17098D81B0581C00083AF01 /* MJRefreshGifFooter.m */; };
		A17098EC1B0581C00083AF01 /* MJRefreshGifHeader.m in Sources */ = {isa = PBXBuildFile; fileRef = A17098DA1B0581C00083AF01 /* MJRefreshGifHeader.m */; };
		A17098ED1B0581C00083AF01 /* MJRefreshHeader.m in Sources */ = {isa = PBXBuildFile; fileRef = A17098DC1B0581C00083AF01 /* MJRefreshHeader.m */; };
		A17098EE1B0581C00083AF01 /* MJRefreshLegendFooter.m in Sources */ = {isa = PBXBuildFile; fileRef = A17098DE1B0581C00083AF01 /* MJRefreshLegendFooter.m */; };
		A17098EF1B0581C00083AF01 /* MJRefreshLegendHeader.m in Sources */ = {isa = PBXBuildFile; fileRef = A17098E01B0581C00083AF01 /* MJRefreshLegendHeader.m */; };
		A17098F01B0581C00083AF01 /* UIScrollView+MJExtension.m in Sources */ = {isa = PBXBuildFile; fileRef = A17098E21B0581C00083AF01 /* UIScrollView+MJExtension.m */; };
		A17098F11B0581C00083AF01 /* UIScrollView+MJRefresh.m in Sources */ = {isa = PBXBuildFile; fileRef = A17098E41B0581C00083AF01 /* UIScrollView+MJRefresh.m */; };
		A17098F21B0581C00083AF01 /* UIView+MJExtension.m in Sources */ = {isa = PBXBuildFile; fileRef = A17098E61B0581C00083AF01 /* UIView+MJExtension.m */; };
		A17098FE1B0599910083AF01 /* CategoryViewController.m in Sources */ = {isa = PBXBuildFile; fileRef = A17098FA1B0599910083AF01 /* CategoryViewController.m */; };
		A17098FF1B0599910083AF01 /* SwitchViewController.m in Sources */ = {isa = PBXBuildFile; fileRef = A17098FC1B0599910083AF01 /* SwitchViewController.m */; };
		A17099061B05DF290083AF01 /* XHRealTimeBlur.m in Sources */ = {isa = PBXBuildFile; fileRef = A17099051B05DF290083AF01 /* XHRealTimeBlur.m */; };
		A19D5B541B064706009F7360 /* CategoryModel.m in Sources */ = {isa = PBXBuildFile; fileRef = A19D5B531B064706009F7360 /* CategoryModel.m */; };
		A1B5AF391B0399780086F421 /* UIColor+Hex.m in Sources */ = {isa = PBXBuildFile; fileRef = A1B5AF381B0399780086F421 /* UIColor+Hex.m */; };
		A1C6AD4C1B0C0C790002BE81 /* ProductViewController.m in Sources */ = {isa = PBXBuildFile; fileRef = A1C6AD4B1B0C0C790002BE81 /* ProductViewController.m */; };
		A1C6AD4F1B0C0EC60002BE81 /* ProductModelCellFrame.m in Sources */ = {isa = PBXBuildFile; fileRef = A1C6AD4E1B0C0EC60002BE81 /* ProductModelCellFrame.m */; };
		A1C6AD521B0C31000002BE81 /* ProductTableViewCell.m in Sources */ = {isa = PBXBuildFile; fileRef = A1C6AD511B0C31000002BE81 /* ProductTableViewCell.m */; };
		A1C6AD7A1B0C74770002BE81 /* AFHTTPRequestOperation.m in Sources */ = {isa = PBXBuildFile; fileRef = A1C6AD571B0C74770002BE81 /* AFHTTPRequestOperation.m */; };
		A1C6AD7B1B0C74770002BE81 /* AFHTTPRequestOperationManager.m in Sources */ = {isa = PBXBuildFile; fileRef = A1C6AD591B0C74770002BE81 /* AFHTTPRequestOperationManager.m */; };
		A1C6AD7C1B0C74770002BE81 /* AFHTTPSessionManager.m in Sources */ = {isa = PBXBuildFile; fileRef = A1C6AD5B1B0C74770002BE81 /* AFHTTPSessionManager.m */; };
		A1C6AD7D1B0C74770002BE81 /* AFNetworkActivityIndicatorManager.m in Sources */ = {isa = PBXBuildFile; fileRef = A1C6AD5D1B0C74770002BE81 /* AFNetworkActivityIndicatorManager.m */; };
		A1C6AD7E1B0C74770002BE81 /* AFNetworkReachabilityManager.m in Sources */ = {isa = PBXBuildFile; fileRef = A1C6AD601B0C74770002BE81 /* AFNetworkReachabilityManager.m */; };
		A1C6AD7F1B0C74770002BE81 /* AFSecurityPolicy.m in Sources */ = {isa = PBXBuildFile; fileRef = A1C6AD621B0C74770002BE81 /* AFSecurityPolicy.m */; };
		A1C6AD801B0C74770002BE81 /* AFURLConnectionOperation.m in Sources */ = {isa = PBXBuildFile; fileRef = A1C6AD641B0C74770002BE81 /* AFURLConnectionOperation.m */; };
		A1C6AD811B0C74770002BE81 /* AFURLRequestSerialization.m in Sources */ = {isa = PBXBuildFile; fileRef = A1C6AD661B0C74770002BE81 /* AFURLRequestSerialization.m */; };
		A1C6AD821B0C74770002BE81 /* AFURLResponseSerialization.m in Sources */ = {isa = PBXBuildFile; fileRef = A1C6AD681B0C74770002BE81 /* AFURLResponseSerialization.m */; };
		A1C6AD831B0C74770002BE81 /* AFURLSessionManager.m in Sources */ = {isa = PBXBuildFile; fileRef = A1C6AD6A1B0C74770002BE81 /* AFURLSessionManager.m */; };
		A1C6AD841B0C74770002BE81 /* UIActivityIndicatorView+AFNetworking.m in Sources */ = {isa = PBXBuildFile; fileRef = A1C6AD6C1B0C74770002BE81 /* UIActivityIndicatorView+AFNetworking.m */; };
		A1C6AD851B0C74770002BE81 /* UIAlertView+AFNetworking.m in Sources */ = {isa = PBXBuildFile; fileRef = A1C6AD6E1B0C74770002BE81 /* UIAlertView+AFNetworking.m */; };
		A1C6AD861B0C74770002BE81 /* UIButton+AFNetworking.m in Sources */ = {isa = PBXBuildFile; fileRef = A1C6AD701B0C74770002BE81 /* UIButton+AFNetworking.m */; };
		A1C6AD871B0C74770002BE81 /* UIImageView+AFNetworking.m in Sources */ = {isa = PBXBuildFile; fileRef = A1C6AD721B0C74770002BE81 /* UIImageView+AFNetworking.m */; };
		A1C6AD881B0C74770002BE81 /* UIProgressView+AFNetworking.m in Sources */ = {isa = PBXBuildFile; fileRef = A1C6AD751B0C74770002BE81 /* UIProgressView+AFNetworking.m */; };
		A1C6AD891B0C74770002BE81 /* UIRefreshControl+AFNetworking.m in Sources */ = {isa = PBXBuildFile; fileRef = A1C6AD771B0C74770002BE81 /* UIRefreshControl+AFNetworking.m */; };
		A1C6AD8A1B0C74770002BE81 /* UIWebView+AFNetworking.m in Sources */ = {isa = PBXBuildFile; fileRef = A1C6AD791B0C74770002BE81 /* UIWebView+AFNetworking.m */; };
		A1C6AD911B0C90AC0002BE81 /* MBProgressHUD.m in Sources */ = {isa = PBXBuildFile; fileRef = A1C6AD901B0C90AC0002BE81 /* MBProgressHUD.m */; };
		A1F7241F1B02F88A0023A3C8 /* main.m in Sources */ = {isa = PBXBuildFile; fileRef = A1F7241E1B02F88A0023A3C8 /* main.m */; };
		A1F724221B02F88A0023A3C8 /* AppDelegate.m in Sources */ = {isa = PBXBuildFile; fileRef = A1F724211B02F88A0023A3C8 /* AppDelegate.m */; };
		A1F724251B02F88A0023A3C8 /* MasterViewController.m in Sources */ = {isa = PBXBuildFile; fileRef = A1F724241B02F88A0023A3C8 /* MasterViewController.m */; };
		A1F724281B02F88A0023A3C8 /* DetailViewController.m in Sources */ = {isa = PBXBuildFile; fileRef = A1F724271B02F88A0023A3C8 /* DetailViewController.m */; };
		A1F7242D1B02F88A0023A3C8 /* Images.xcassets in Resources */ = {isa = PBXBuildFile; fileRef = A1F7242C1B02F88A0023A3C8 /* Images.xcassets */; };
		A1F7243C1B02F88A0023A3C8 /* ExamwTestAppTests.m in Sources */ = {isa = PBXBuildFile; fileRef = A1F7243B1B02F88A0023A3C8 /* ExamwTestAppTests.m */; };
		A1F724B71B02FEED0023A3C8 /* HttpUtils.m in Sources */ = {isa = PBXBuildFile; fileRef = A1F724B61B02FEED0023A3C8 /* HttpUtils.m */; };
		A1F724C51B0305C00023A3C8 /* FMResultSet.m in Sources */ = {isa = PBXBuildFile; fileRef = A1F724BA1B0305BF0023A3C8 /* FMResultSet.m */; };
		A1F724C61B0305C00023A3C8 /* FMDatabaseQueue.m in Sources */ = {isa = PBXBuildFile; fileRef = A1F724BD1B0305BF0023A3C8 /* FMDatabaseQueue.m */; };
		A1F724C71B0305C00023A3C8 /* FMDatabasePool.m in Sources */ = {isa = PBXBuildFile; fileRef = A1F724BF1B0305BF0023A3C8 /* FMDatabasePool.m */; };
		A1F724C81B0305C00023A3C8 /* FMDatabaseAdditions.m in Sources */ = {isa = PBXBuildFile; fileRef = A1F724C11B0305C00023A3C8 /* FMDatabaseAdditions.m */; };
		A1F724C91B0305C00023A3C8 /* FMDatabase.m in Sources */ = {isa = PBXBuildFile; fileRef = A1F724C31B0305C00023A3C8 /* FMDatabase.m */; };
		A1F724CB1B033AAC0023A3C8 /* libsqlite3.dylib in Frameworks */ = {isa = PBXBuildFile; fileRef = A1F724CA1B033AAC0023A3C8 /* libsqlite3.dylib */; };
		A1F724D11B033F4A0023A3C8 /* AppSettings.m in Sources */ = {isa = PBXBuildFile; fileRef = A1F724D01B033F4A0023A3C8 /* AppSettings.m */; };
		A1F724D71B0342330023A3C8 /* SecureUtils.m in Sources */ = {isa = PBXBuildFile; fileRef = A1F724D61B0342330023A3C8 /* SecureUtils.m */; };
		A1F724DD1B03470B0023A3C8 /* NSData+Hex.m in Sources */ = {isa = PBXBuildFile; fileRef = A1F724DC1B03470B0023A3C8 /* NSData+Hex.m */; };
		A1F724E01B034E950023A3C8 /* NSString+Reversed.m in Sources */ = {isa = PBXBuildFile; fileRef = A1F724DF1B034E950023A3C8 /* NSString+Reversed.m */; };
		A1F8DECE1B0CB88300317B0E /* DaoHelpers.m in Sources */ = {isa = PBXBuildFile; fileRef = A1F8DECD1B0CB88300317B0E /* DaoHelpers.m */; };
		A1F8DED11B0CBAE500317B0E /* UserAccount.m in Sources */ = {isa = PBXBuildFile; fileRef = A1F8DED01B0CBAE500317B0E /* UserAccount.m */; };
/* End PBXBuildFile section */

/* Begin PBXContainerItemProxy section */
		A1F724361B02F88A0023A3C8 /* PBXContainerItemProxy */ = {
			isa = PBXContainerItemProxy;
			containerPortal = A1F724111B02F88A0023A3C8 /* Project object */;
			proxyType = 1;
			remoteGlobalIDString = A1F724181B02F88A0023A3C8;
			remoteInfo = ExamwTestApp;
		};
/* End PBXContainerItemProxy section */

/* Begin PBXFileReference section */
		A10F5FB41B0DBAEA00BD0491 /* DownloadDao.h */ = {isa = PBXFileReference; fileEncoding = 4; lastKnownFileType = sourcecode.c.h; name = DownloadDao.h; path = SwitchProduct/dao/DownloadDao.h; sourceTree = "<group>"; };
		A10F5FB51B0DBAEA00BD0491 /* DownloadDao.m */ = {isa = PBXFileReference; fileEncoding = 4; lastKnownFileType = sourcecode.c.objc; name = DownloadDao.m; path = SwitchProduct/dao/DownloadDao.m; sourceTree = "<group>"; };
		A10F5FBA1B0DBCA000BD0491 /* AppClientSync.h */ = {isa = PBXFileReference; fileEncoding = 4; lastKnownFileType = sourcecode.c.h; name = AppClientSync.h; path = SwitchProduct/models/AppClientSync.h; sourceTree = "<group>"; };
		A10F5FBB1B0DBCA000BD0491 /* AppClientSync.m */ = {isa = PBXFileReference; fileEncoding = 4; lastKnownFileType = sourcecode.c.objc; name = AppClientSync.m; path = SwitchProduct/models/AppClientSync.m; sourceTree = "<group>"; };
		A10F5FBD1B0E383000BD0491 /* PaperUtils.h */ = {isa = PBXFileReference; fileEncoding = 4; lastKnownFileType = sourcecode.c.h; name = PaperUtils.h; path = ExamwTestApp/Utils/PaperUtils.h; sourceTree = "<group>"; };
		A10F5FBE1B0E383000BD0491 /* PaperUtils.m */ = {isa = PBXFileReference; fileEncoding = 4; lastKnownFileType = sourcecode.c.objc; name = PaperUtils.m; path = ExamwTestApp/Utils/PaperUtils.m; sourceTree = "<group>"; };
		A13BB77C1B096D8C0063C64B /* ExamModel.h */ = {isa = PBXFileReference; fileEncoding = 4; lastKnownFileType = sourcecode.c.h; name = ExamModel.h; path = SwitchProduct/models/ExamModel.h; sourceTree = "<group>"; };
		A13BB77D1B096D8C0063C64B /* ExamModel.m */ = {isa = PBXFileReference; fileEncoding = 4; lastKnownFileType = sourcecode.c.objc; name = ExamModel.m; path = SwitchProduct/models/ExamModel.m; sourceTree = "<group>"; };
		A13BB77F1B0971B10063C64B /* ProductModel.h */ = {isa = PBXFileReference; fileEncoding = 4; lastKnownFileType = sourcecode.c.h; name = ProductModel.h; path = SwitchProduct/models/ProductModel.h; sourceTree = "<group>"; };
		A13BB7801B0971B10063C64B /* ProductModel.m */ = {isa = PBXFileReference; fileEncoding = 4; lastKnownFileType = sourcecode.c.objc; name = ProductModel.m; path = SwitchProduct/models/ProductModel.m; sourceTree = "<group>"; };
		A13BB7821B09B11B0063C64B /* SwitchService.h */ = {isa = PBXFileReference; fileEncoding = 4; lastKnownFileType = sourcecode.c.h; name = SwitchService.h; path = SwitchProduct/services/SwitchService.h; sourceTree = "<group>"; };
		A13BB7831B09B11B0063C64B /* SwitchService.m */ = {isa = PBXFileReference; fileEncoding = 4; lastKnownFileType = sourcecode.c.objc; name = SwitchService.m; path = SwitchProduct/services/SwitchService.m; sourceTree = "<group>"; };
		A13BB7851B0AD52A0063C64B /* JSONSerialize.h */ = {isa = PBXFileReference; fileEncoding = 4; lastKnownFileType = sourcecode.c.h; name = JSONSerialize.h; path = ExamwTestApp/Utils/JSONSerialize.h; sourceTree = "<group>"; };
		A13BB7861B0AD6270063C64B /* JSONCallback.h */ = {isa = PBXFileReference; fileEncoding = 4; lastKnownFileType = sourcecode.c.h; name = JSONCallback.h; path = ExamwTestApp/Utils/JSONCallback.h; sourceTree = "<group>"; };
		A13BB7871B0AD6270063C64B /* JSONCallback.m */ = {isa = PBXFileReference; fileEncoding = 4; lastKnownFileType = sourcecode.c.objc; name = JSONCallback.m; path = ExamwTestApp/Utils/JSONCallback.m; sourceTree = "<group>"; };
		A13BB7891B0AE6A40063C64B /* CategoryModelCellFrame.h */ = {isa = PBXFileReference; fileEncoding = 4; lastKnownFileType = sourcecode.c.h; name = CategoryModelCellFrame.h; path = SwitchProduct/models/CategoryModelCellFrame.h; sourceTree = "<group>"; };
		A13BB78A1B0AE6A40063C64B /* CategoryModelCellFrame.m */ = {isa = PBXFileReference; fileEncoding = 4; lastKnownFileType = sourcecode.c.objc; name = CategoryModelCellFrame.m; path = SwitchProduct/models/CategoryModelCellFrame.m; sourceTree = "<group>"; };
		A13BB7901B0B0B7F0063C64B /* CategoryTableViewCell.h */ = {isa = PBXFileReference; fileEncoding = 4; lastKnownFileType = sourcecode.c.h; name = CategoryTableViewCell.h; path = SwitchProduct/views/CategoryTableViewCell.h; sourceTree = "<group>"; };
		A13BB7911B0B0B7F0063C64B /* CategoryTableViewCell.m */ = {isa = PBXFileReference; fileEncoding = 4; lastKnownFileType = sourcecode.c.objc; name = CategoryTableViewCell.m; path = SwitchProduct/views/CategoryTableViewCell.m; sourceTree = "<group>"; };
		A13BB7931B0B31930063C64B /* ExamViewController.h */ = {isa = PBXFileReference; fileEncoding = 4; lastKnownFileType = sourcecode.c.h; name = ExamViewController.h; path = SwitchProduct/controllers/ExamViewController.h; sourceTree = "<group>"; };
		A13BB7941B0B31930063C64B /* ExamViewController.m */ = {isa = PBXFileReference; fileEncoding = 4; lastKnownFileType = sourcecode.c.objc; name = ExamViewController.m; path = SwitchProduct/controllers/ExamViewController.m; sourceTree = "<group>"; };
		A13BB7961B0B38B00063C64B /* ExamModelCellFrame.h */ = {isa = PBXFileReference; fileEncoding = 4; lastKnownFileType = sourcecode.c.h; name = ExamModelCellFrame.h; path = SwitchProduct/models/ExamModelCellFrame.h; sourceTree = "<group>"; };
		A13BB7971B0B38B00063C64B /* ExamModelCellFrame.m */ = {isa = PBXFileReference; fileEncoding = 4; lastKnownFileType = sourcecode.c.objc; name = ExamModelCellFrame.m; path = SwitchProduct/models/ExamModelCellFrame.m; sourceTree = "<group>"; };
		A13BB7991B0B39780063C64B /* DataModelCellFrame.h */ = {isa = PBXFileReference; fileEncoding = 4; lastKnownFileType = sourcecode.c.h; name = DataModelCellFrame.h; path = ExamwTestApp/Utils/DataModelCellFrame.h; sourceTree = "<group>"; };
		A13BB79A1B0B47800063C64B /* ExamTableViewCell.h */ = {isa = PBXFileReference; fileEncoding = 4; lastKnownFileType = sourcecode.c.h; name = ExamTableViewCell.h; path = SwitchProduct/views/ExamTableViewCell.h; sourceTree = "<group>"; };
		A13BB79B1B0B47800063C64B /* ExamTableViewCell.m */ = {isa = PBXFileReference; fileEncoding = 4; lastKnownFileType = sourcecode.c.objc; name = ExamTableViewCell.m; path = SwitchProduct/views/ExamTableViewCell.m; sourceTree = "<group>"; };
		A17098CF1B0581C00083AF01 /* MJRefresh.bundle */ = {isa = PBXFileReference; lastKnownFileType = "wrapper.plug-in"; name = MJRefresh.bundle; path = libs/MJRefresh/MJRefresh.bundle; sourceTree = "<group>"; };
		A17098D01B0581C00083AF01 /* MJRefresh.h */ = {isa = PBXFileReference; fileEncoding = 4; lastKnownFileType = sourcecode.c.h; name = MJRefresh.h; path = libs/MJRefresh/MJRefresh.h; sourceTree = "<group>"; };
		A17098D11B0581C00083AF01 /* MJRefreshComponent.h */ = {isa = PBXFileReference; fileEncoding = 4; lastKnownFileType = sourcecode.c.h; name = MJRefreshComponent.h; path = libs/MJRefresh/MJRefreshComponent.h; sourceTree = "<group>"; };
		A17098D21B0581C00083AF01 /* MJRefreshComponent.m */ = {isa = PBXFileReference; fileEncoding = 4; lastKnownFileType = sourcecode.c.objc; name = MJRefreshComponent.m; path = libs/MJRefresh/MJRefreshComponent.m; sourceTree = "<group>"; };
		A17098D31B0581C00083AF01 /* MJRefreshConst.h */ = {isa = PBXFileReference; fileEncoding = 4; lastKnownFileType = sourcecode.c.h; name = MJRefreshConst.h; path = libs/MJRefresh/MJRefreshConst.h; sourceTree = "<group>"; };
		A17098D41B0581C00083AF01 /* MJRefreshConst.m */ = {isa = PBXFileReference; fileEncoding = 4; lastKnownFileType = sourcecode.c.objc; name = MJRefreshConst.m; path = libs/MJRefresh/MJRefreshConst.m; sourceTree = "<group>"; };
		A17098D51B0581C00083AF01 /* MJRefreshFooter.h */ = {isa = PBXFileReference; fileEncoding = 4; lastKnownFileType = sourcecode.c.h; name = MJRefreshFooter.h; path = libs/MJRefresh/MJRefreshFooter.h; sourceTree = "<group>"; };
		A17098D61B0581C00083AF01 /* MJRefreshFooter.m */ = {isa = PBXFileReference; fileEncoding = 4; lastKnownFileType = sourcecode.c.objc; name = MJRefreshFooter.m; path = libs/MJRefresh/MJRefreshFooter.m; sourceTree = "<group>"; };
		A17098D71B0581C00083AF01 /* MJRefreshGifFooter.h */ = {isa = PBXFileReference; fileEncoding = 4; lastKnownFileType = sourcecode.c.h; name = MJRefreshGifFooter.h; path = libs/MJRefresh/MJRefreshGifFooter.h; sourceTree = "<group>"; };
		A17098D81B0581C00083AF01 /* MJRefreshGifFooter.m */ = {isa = PBXFileReference; fileEncoding = 4; lastKnownFileType = sourcecode.c.objc; name = MJRefreshGifFooter.m; path = libs/MJRefresh/MJRefreshGifFooter.m; sourceTree = "<group>"; };
		A17098D91B0581C00083AF01 /* MJRefreshGifHeader.h */ = {isa = PBXFileReference; fileEncoding = 4; lastKnownFileType = sourcecode.c.h; name = MJRefreshGifHeader.h; path = libs/MJRefresh/MJRefreshGifHeader.h; sourceTree = "<group>"; };
		A17098DA1B0581C00083AF01 /* MJRefreshGifHeader.m */ = {isa = PBXFileReference; fileEncoding = 4; lastKnownFileType = sourcecode.c.objc; name = MJRefreshGifHeader.m; path = libs/MJRefresh/MJRefreshGifHeader.m; sourceTree = "<group>"; };
		A17098DB1B0581C00083AF01 /* MJRefreshHeader.h */ = {isa = PBXFileReference; fileEncoding = 4; lastKnownFileType = sourcecode.c.h; name = MJRefreshHeader.h; path = libs/MJRefresh/MJRefreshHeader.h; sourceTree = "<group>"; };
		A17098DC1B0581C00083AF01 /* MJRefreshHeader.m */ = {isa = PBXFileReference; fileEncoding = 4; lastKnownFileType = sourcecode.c.objc; name = MJRefreshHeader.m; path = libs/MJRefresh/MJRefreshHeader.m; sourceTree = "<group>"; };
		A17098DD1B0581C00083AF01 /* MJRefreshLegendFooter.h */ = {isa = PBXFileReference; fileEncoding = 4; lastKnownFileType = sourcecode.c.h; name = MJRefreshLegendFooter.h; path = libs/MJRefresh/MJRefreshLegendFooter.h; sourceTree = "<group>"; };
		A17098DE1B0581C00083AF01 /* MJRefreshLegendFooter.m */ = {isa = PBXFileReference; fileEncoding = 4; lastKnownFileType = sourcecode.c.objc; name = MJRefreshLegendFooter.m; path = libs/MJRefresh/MJRefreshLegendFooter.m; sourceTree = "<group>"; };
		A17098DF1B0581C00083AF01 /* MJRefreshLegendHeader.h */ = {isa = PBXFileReference; fileEncoding = 4; lastKnownFileType = sourcecode.c.h; name = MJRefreshLegendHeader.h; path = libs/MJRefresh/MJRefreshLegendHeader.h; sourceTree = "<group>"; };
		A17098E01B0581C00083AF01 /* MJRefreshLegendHeader.m */ = {isa = PBXFileReference; fileEncoding = 4; lastKnownFileType = sourcecode.c.objc; name = MJRefreshLegendHeader.m; path = libs/MJRefresh/MJRefreshLegendHeader.m; sourceTree = "<group>"; };
		A17098E11B0581C00083AF01 /* UIScrollView+MJExtension.h */ = {isa = PBXFileReference; fileEncoding = 4; lastKnownFileType = sourcecode.c.h; name = "UIScrollView+MJExtension.h"; path = "libs/MJRefresh/UIScrollView+MJExtension.h"; sourceTree = "<group>"; };
		A17098E21B0581C00083AF01 /* UIScrollView+MJExtension.m */ = {isa = PBXFileReference; fileEncoding = 4; lastKnownFileType = sourcecode.c.objc; name = "UIScrollView+MJExtension.m"; path = "libs/MJRefresh/UIScrollView+MJExtension.m"; sourceTree = "<group>"; };
		A17098E31B0581C00083AF01 /* UIScrollView+MJRefresh.h */ = {isa = PBXFileReference; fileEncoding = 4; lastKnownFileType = sourcecode.c.h; name = "UIScrollView+MJRefresh.h"; path = "libs/MJRefresh/UIScrollView+MJRefresh.h"; sourceTree = "<group>"; };
		A17098E41B0581C00083AF01 /* UIScrollView+MJRefresh.m */ = {isa = PBXFileReference; fileEncoding = 4; lastKnownFileType = sourcecode.c.objc; name = "UIScrollView+MJRefresh.m"; path = "libs/MJRefresh/UIScrollView+MJRefresh.m"; sourceTree = "<group>"; };
		A17098E51B0581C00083AF01 /* UIView+MJExtension.h */ = {isa = PBXFileReference; fileEncoding = 4; lastKnownFileType = sourcecode.c.h; name = "UIView+MJExtension.h"; path = "libs/MJRefresh/UIView+MJExtension.h"; sourceTree = "<group>"; };
		A17098E61B0581C00083AF01 /* UIView+MJExtension.m */ = {isa = PBXFileReference; fileEncoding = 4; lastKnownFileType = sourcecode.c.objc; name = "UIView+MJExtension.m"; path = "libs/MJRefresh/UIView+MJExtension.m"; sourceTree = "<group>"; };
		A17098FA1B0599910083AF01 /* CategoryViewController.m */ = {isa = PBXFileReference; fileEncoding = 4; lastKnownFileType = sourcecode.c.objc; name = CategoryViewController.m; path = SwitchProduct/controllers/CategoryViewController.m; sourceTree = "<group>"; };
		A17098FB1B0599910083AF01 /* CategoryViewController.h */ = {isa = PBXFileReference; fileEncoding = 4; lastKnownFileType = sourcecode.c.h; name = CategoryViewController.h; path = SwitchProduct/controllers/CategoryViewController.h; sourceTree = "<group>"; };
		A17098FC1B0599910083AF01 /* SwitchViewController.m */ = {isa = PBXFileReference; fileEncoding = 4; lastKnownFileType = sourcecode.c.objc; name = SwitchViewController.m; path = SwitchProduct/controllers/SwitchViewController.m; sourceTree = "<group>"; };
		A17098FD1B0599910083AF01 /* SwitchViewController.h */ = {isa = PBXFileReference; fileEncoding = 4; lastKnownFileType = sourcecode.c.h; name = SwitchViewController.h; path = SwitchProduct/controllers/SwitchViewController.h; sourceTree = "<group>"; };
		A17099041B05DF290083AF01 /* XHRealTimeBlur.h */ = {isa = PBXFileReference; fileEncoding = 4; lastKnownFileType = sourcecode.c.h; name = XHRealTimeBlur.h; path = libs/XHRealTimeBlur/XHRealTimeBlur.h; sourceTree = "<group>"; };
		A17099051B05DF290083AF01 /* XHRealTimeBlur.m */ = {isa = PBXFileReference; fileEncoding = 4; lastKnownFileType = sourcecode.c.objc; name = XHRealTimeBlur.m; path = libs/XHRealTimeBlur/XHRealTimeBlur.m; sourceTree = "<group>"; };
		A19D5B521B064706009F7360 /* CategoryModel.h */ = {isa = PBXFileReference; fileEncoding = 4; lastKnownFileType = sourcecode.c.h; name = CategoryModel.h; path = SwitchProduct/models/CategoryModel.h; sourceTree = "<group>"; };
		A19D5B531B064706009F7360 /* CategoryModel.m */ = {isa = PBXFileReference; fileEncoding = 4; lastKnownFileType = sourcecode.c.objc; name = CategoryModel.m; path = SwitchProduct/models/CategoryModel.m; sourceTree = "<group>"; };
		A1B5AF371B0399780086F421 /* UIColor+Hex.h */ = {isa = PBXFileReference; fileEncoding = 4; lastKnownFileType = sourcecode.c.h; name = "UIColor+Hex.h"; path = "ExamwTestApp/Utils/UIColor+Hex.h"; sourceTree = "<group>"; };
		A1B5AF381B0399780086F421 /* UIColor+Hex.m */ = {isa = PBXFileReference; fileEncoding = 4; lastKnownFileType = sourcecode.c.objc; name = "UIColor+Hex.m"; path = "ExamwTestApp/Utils/UIColor+Hex.m"; sourceTree = "<group>"; };
		A1C6AD4A1B0C0C790002BE81 /* ProductViewController.h */ = {isa = PBXFileReference; fileEncoding = 4; lastKnownFileType = sourcecode.c.h; name = ProductViewController.h; path = SwitchProduct/controllers/ProductViewController.h; sourceTree = "<group>"; };
		A1C6AD4B1B0C0C790002BE81 /* ProductViewController.m */ = {isa = PBXFileReference; fileEncoding = 4; lastKnownFileType = sourcecode.c.objc; name = ProductViewController.m; path = SwitchProduct/controllers/ProductViewController.m; sourceTree = "<group>"; };
		A1C6AD4D1B0C0EC60002BE81 /* ProductModelCellFrame.h */ = {isa = PBXFileReference; fileEncoding = 4; lastKnownFileType = sourcecode.c.h; name = ProductModelCellFrame.h; path = SwitchProduct/models/ProductModelCellFrame.h; sourceTree = "<group>"; };
		A1C6AD4E1B0C0EC60002BE81 /* ProductModelCellFrame.m */ = {isa = PBXFileReference; fileEncoding = 4; lastKnownFileType = sourcecode.c.objc; name = ProductModelCellFrame.m; path = SwitchProduct/models/ProductModelCellFrame.m; sourceTree = "<group>"; };
		A1C6AD501B0C31000002BE81 /* ProductTableViewCell.h */ = {isa = PBXFileReference; fileEncoding = 4; lastKnownFileType = sourcecode.c.h; name = ProductTableViewCell.h; path = SwitchProduct/views/ProductTableViewCell.h; sourceTree = "<group>"; };
		A1C6AD511B0C31000002BE81 /* ProductTableViewCell.m */ = {isa = PBXFileReference; fileEncoding = 4; lastKnownFileType = sourcecode.c.objc; name = ProductTableViewCell.m; path = SwitchProduct/views/ProductTableViewCell.m; sourceTree = "<group>"; };
		A1C6AD561B0C74770002BE81 /* AFHTTPRequestOperation.h */ = {isa = PBXFileReference; fileEncoding = 4; lastKnownFileType = sourcecode.c.h; name = AFHTTPRequestOperation.h; path = libs/AFNetworking/AFHTTPRequestOperation.h; sourceTree = "<group>"; };
		A1C6AD571B0C74770002BE81 /* AFHTTPRequestOperation.m */ = {isa = PBXFileReference; fileEncoding = 4; lastKnownFileType = sourcecode.c.objc; name = AFHTTPRequestOperation.m; path = libs/AFNetworking/AFHTTPRequestOperation.m; sourceTree = "<group>"; };
		A1C6AD581B0C74770002BE81 /* AFHTTPRequestOperationManager.h */ = {isa = PBXFileReference; fileEncoding = 4; lastKnownFileType = sourcecode.c.h; name = AFHTTPRequestOperationManager.h; path = libs/AFNetworking/AFHTTPRequestOperationManager.h; sourceTree = "<group>"; };
		A1C6AD591B0C74770002BE81 /* AFHTTPRequestOperationManager.m */ = {isa = PBXFileReference; fileEncoding = 4; lastKnownFileType = sourcecode.c.objc; name = AFHTTPRequestOperationManager.m; path = libs/AFNetworking/AFHTTPRequestOperationManager.m; sourceTree = "<group>"; };
		A1C6AD5A1B0C74770002BE81 /* AFHTTPSessionManager.h */ = {isa = PBXFileReference; fileEncoding = 4; lastKnownFileType = sourcecode.c.h; name = AFHTTPSessionManager.h; path = libs/AFNetworking/AFHTTPSessionManager.h; sourceTree = "<group>"; };
		A1C6AD5B1B0C74770002BE81 /* AFHTTPSessionManager.m */ = {isa = PBXFileReference; fileEncoding = 4; lastKnownFileType = sourcecode.c.objc; name = AFHTTPSessionManager.m; path = libs/AFNetworking/AFHTTPSessionManager.m; sourceTree = "<group>"; };
		A1C6AD5C1B0C74770002BE81 /* AFNetworkActivityIndicatorManager.h */ = {isa = PBXFileReference; fileEncoding = 4; lastKnownFileType = sourcecode.c.h; name = AFNetworkActivityIndicatorManager.h; path = libs/AFNetworking/AFNetworkActivityIndicatorManager.h; sourceTree = "<group>"; };
		A1C6AD5D1B0C74770002BE81 /* AFNetworkActivityIndicatorManager.m */ = {isa = PBXFileReference; fileEncoding = 4; lastKnownFileType = sourcecode.c.objc; name = AFNetworkActivityIndicatorManager.m; path = libs/AFNetworking/AFNetworkActivityIndicatorManager.m; sourceTree = "<group>"; };
		A1C6AD5E1B0C74770002BE81 /* AFNetworking.h */ = {isa = PBXFileReference; fileEncoding = 4; lastKnownFileType = sourcecode.c.h; name = AFNetworking.h; path = libs/AFNetworking/AFNetworking.h; sourceTree = "<group>"; };
		A1C6AD5F1B0C74770002BE81 /* AFNetworkReachabilityManager.h */ = {isa = PBXFileReference; fileEncoding = 4; lastKnownFileType = sourcecode.c.h; name = AFNetworkReachabilityManager.h; path = libs/AFNetworking/AFNetworkReachabilityManager.h; sourceTree = "<group>"; };
		A1C6AD601B0C74770002BE81 /* AFNetworkReachabilityManager.m */ = {isa = PBXFileReference; fileEncoding = 4; lastKnownFileType = sourcecode.c.objc; name = AFNetworkReachabilityManager.m; path = libs/AFNetworking/AFNetworkReachabilityManager.m; sourceTree = "<group>"; };
		A1C6AD611B0C74770002BE81 /* AFSecurityPolicy.h */ = {isa = PBXFileReference; fileEncoding = 4; lastKnownFileType = sourcecode.c.h; name = AFSecurityPolicy.h; path = libs/AFNetworking/AFSecurityPolicy.h; sourceTree = "<group>"; };
		A1C6AD621B0C74770002BE81 /* AFSecurityPolicy.m */ = {isa = PBXFileReference; fileEncoding = 4; lastKnownFileType = sourcecode.c.objc; name = AFSecurityPolicy.m; path = libs/AFNetworking/AFSecurityPolicy.m; sourceTree = "<group>"; };
		A1C6AD631B0C74770002BE81 /* AFURLConnectionOperation.h */ = {isa = PBXFileReference; fileEncoding = 4; lastKnownFileType = sourcecode.c.h; name = AFURLConnectionOperation.h; path = libs/AFNetworking/AFURLConnectionOperation.h; sourceTree = "<group>"; };
		A1C6AD641B0C74770002BE81 /* AFURLConnectionOperation.m */ = {isa = PBXFileReference; fileEncoding = 4; lastKnownFileType = sourcecode.c.objc; name = AFURLConnectionOperation.m; path = libs/AFNetworking/AFURLConnectionOperation.m; sourceTree = "<group>"; };
		A1C6AD651B0C74770002BE81 /* AFURLRequestSerialization.h */ = {isa = PBXFileReference; fileEncoding = 4; lastKnownFileType = sourcecode.c.h; name = AFURLRequestSerialization.h; path = libs/AFNetworking/AFURLRequestSerialization.h; sourceTree = "<group>"; };
		A1C6AD661B0C74770002BE81 /* AFURLRequestSerialization.m */ = {isa = PBXFileReference; fileEncoding = 4; lastKnownFileType = sourcecode.c.objc; name = AFURLRequestSerialization.m; path = libs/AFNetworking/AFURLRequestSerialization.m; sourceTree = "<group>"; };
		A1C6AD671B0C74770002BE81 /* AFURLResponseSerialization.h */ = {isa = PBXFileReference; fileEncoding = 4; lastKnownFileType = sourcecode.c.h; name = AFURLResponseSerialization.h; path = libs/AFNetworking/AFURLResponseSerialization.h; sourceTree = "<group>"; };
		A1C6AD681B0C74770002BE81 /* AFURLResponseSerialization.m */ = {isa = PBXFileReference; fileEncoding = 4; lastKnownFileType = sourcecode.c.objc; name = AFURLResponseSerialization.m; path = libs/AFNetworking/AFURLResponseSerialization.m; sourceTree = "<group>"; };
		A1C6AD691B0C74770002BE81 /* AFURLSessionManager.h */ = {isa = PBXFileReference; fileEncoding = 4; lastKnownFileType = sourcecode.c.h; name = AFURLSessionManager.h; path = libs/AFNetworking/AFURLSessionManager.h; sourceTree = "<group>"; };
		A1C6AD6A1B0C74770002BE81 /* AFURLSessionManager.m */ = {isa = PBXFileReference; fileEncoding = 4; lastKnownFileType = sourcecode.c.objc; name = AFURLSessionManager.m; path = libs/AFNetworking/AFURLSessionManager.m; sourceTree = "<group>"; };
		A1C6AD6B1B0C74770002BE81 /* UIActivityIndicatorView+AFNetworking.h */ = {isa = PBXFileReference; fileEncoding = 4; lastKnownFileType = sourcecode.c.h; name = "UIActivityIndicatorView+AFNetworking.h"; path = "libs/AFNetworking/UIActivityIndicatorView+AFNetworking.h"; sourceTree = "<group>"; };
		A1C6AD6C1B0C74770002BE81 /* UIActivityIndicatorView+AFNetworking.m */ = {isa = PBXFileReference; fileEncoding = 4; lastKnownFileType = sourcecode.c.objc; name = "UIActivityIndicatorView+AFNetworking.m"; path = "libs/AFNetworking/UIActivityIndicatorView+AFNetworking.m"; sourceTree = "<group>"; };
		A1C6AD6D1B0C74770002BE81 /* UIAlertView+AFNetworking.h */ = {isa = PBXFileReference; fileEncoding = 4; lastKnownFileType = sourcecode.c.h; name = "UIAlertView+AFNetworking.h"; path = "libs/AFNetworking/UIAlertView+AFNetworking.h"; sourceTree = "<group>"; };
		A1C6AD6E1B0C74770002BE81 /* UIAlertView+AFNetworking.m */ = {isa = PBXFileReference; fileEncoding = 4; lastKnownFileType = sourcecode.c.objc; name = "UIAlertView+AFNetworking.m"; path = "libs/AFNetworking/UIAlertView+AFNetworking.m"; sourceTree = "<group>"; };
		A1C6AD6F1B0C74770002BE81 /* UIButton+AFNetworking.h */ = {isa = PBXFileReference; fileEncoding = 4; lastKnownFileType = sourcecode.c.h; name = "UIButton+AFNetworking.h"; path = "libs/AFNetworking/UIButton+AFNetworking.h"; sourceTree = "<group>"; };
		A1C6AD701B0C74770002BE81 /* UIButton+AFNetworking.m */ = {isa = PBXFileReference; fileEncoding = 4; lastKnownFileType = sourcecode.c.objc; name = "UIButton+AFNetworking.m"; path = "libs/AFNetworking/UIButton+AFNetworking.m"; sourceTree = "<group>"; };
		A1C6AD711B0C74770002BE81 /* UIImageView+AFNetworking.h */ = {isa = PBXFileReference; fileEncoding = 4; lastKnownFileType = sourcecode.c.h; name = "UIImageView+AFNetworking.h"; path = "libs/AFNetworking/UIImageView+AFNetworking.h"; sourceTree = "<group>"; };
		A1C6AD721B0C74770002BE81 /* UIImageView+AFNetworking.m */ = {isa = PBXFileReference; fileEncoding = 4; lastKnownFileType = sourcecode.c.objc; name = "UIImageView+AFNetworking.m"; path = "libs/AFNetworking/UIImageView+AFNetworking.m"; sourceTree = "<group>"; };
		A1C6AD731B0C74770002BE81 /* UIKit+AFNetworking.h */ = {isa = PBXFileReference; fileEncoding = 4; lastKnownFileType = sourcecode.c.h; name = "UIKit+AFNetworking.h"; path = "libs/AFNetworking/UIKit+AFNetworking.h"; sourceTree = "<group>"; };
		A1C6AD741B0C74770002BE81 /* UIProgressView+AFNetworking.h */ = {isa = PBXFileReference; fileEncoding = 4; lastKnownFileType = sourcecode.c.h; name = "UIProgressView+AFNetworking.h"; path = "libs/AFNetworking/UIProgressView+AFNetworking.h"; sourceTree = "<group>"; };
		A1C6AD751B0C74770002BE81 /* UIProgressView+AFNetworking.m */ = {isa = PBXFileReference; fileEncoding = 4; lastKnownFileType = sourcecode.c.objc; name = "UIProgressView+AFNetworking.m"; path = "libs/AFNetworking/UIProgressView+AFNetworking.m"; sourceTree = "<group>"; };
		A1C6AD761B0C74770002BE81 /* UIRefreshControl+AFNetworking.h */ = {isa = PBXFileReference; fileEncoding = 4; lastKnownFileType = sourcecode.c.h; name = "UIRefreshControl+AFNetworking.h"; path = "libs/AFNetworking/UIRefreshControl+AFNetworking.h"; sourceTree = "<group>"; };
		A1C6AD771B0C74770002BE81 /* UIRefreshControl+AFNetworking.m */ = {isa = PBXFileReference; fileEncoding = 4; lastKnownFileType = sourcecode.c.objc; name = "UIRefreshControl+AFNetworking.m"; path = "libs/AFNetworking/UIRefreshControl+AFNetworking.m"; sourceTree = "<group>"; };
		A1C6AD781B0C74770002BE81 /* UIWebView+AFNetworking.h */ = {isa = PBXFileReference; fileEncoding = 4; lastKnownFileType = sourcecode.c.h; name = "UIWebView+AFNetworking.h"; path = "libs/AFNetworking/UIWebView+AFNetworking.h"; sourceTree = "<group>"; };
		A1C6AD791B0C74770002BE81 /* UIWebView+AFNetworking.m */ = {isa = PBXFileReference; fileEncoding = 4; lastKnownFileType = sourcecode.c.objc; name = "UIWebView+AFNetworking.m"; path = "libs/AFNetworking/UIWebView+AFNetworking.m"; sourceTree = "<group>"; };
		A1C6AD8F1B0C90AC0002BE81 /* MBProgressHUD.h */ = {isa = PBXFileReference; fileEncoding = 4; lastKnownFileType = sourcecode.c.h; name = MBProgressHUD.h; path = libs/MBProgressHUD/MBProgressHUD.h; sourceTree = "<group>"; };
		A1C6AD901B0C90AC0002BE81 /* MBProgressHUD.m */ = {isa = PBXFileReference; fileEncoding = 4; lastKnownFileType = sourcecode.c.objc; name = MBProgressHUD.m; path = libs/MBProgressHUD/MBProgressHUD.m; sourceTree = "<group>"; };
		A1F724191B02F88A0023A3C8 /* ExamwTestApp.app */ = {isa = PBXFileReference; explicitFileType = wrapper.application; includeInIndex = 0; path = ExamwTestApp.app; sourceTree = BUILT_PRODUCTS_DIR; };
		A1F7241D1B02F88A0023A3C8 /* Info.plist */ = {isa = PBXFileReference; lastKnownFileType = text.plist.xml; path = Info.plist; sourceTree = "<group>"; };
		A1F7241E1B02F88A0023A3C8 /* main.m */ = {isa = PBXFileReference; lastKnownFileType = sourcecode.c.objc; path = main.m; sourceTree = "<group>"; };
		A1F724201B02F88A0023A3C8 /* AppDelegate.h */ = {isa = PBXFileReference; lastKnownFileType = sourcecode.c.h; path = AppDelegate.h; sourceTree = "<group>"; };
		A1F724211B02F88A0023A3C8 /* AppDelegate.m */ = {isa = PBXFileReference; lastKnownFileType = sourcecode.c.objc; path = AppDelegate.m; sourceTree = "<group>"; };
		A1F724231B02F88A0023A3C8 /* MasterViewController.h */ = {isa = PBXFileReference; lastKnownFileType = sourcecode.c.h; path = MasterViewController.h; sourceTree = "<group>"; };
		A1F724241B02F88A0023A3C8 /* MasterViewController.m */ = {isa = PBXFileReference; lastKnownFileType = sourcecode.c.objc; path = MasterViewController.m; sourceTree = "<group>"; };
		A1F724261B02F88A0023A3C8 /* DetailViewController.h */ = {isa = PBXFileReference; lastKnownFileType = sourcecode.c.h; path = DetailViewController.h; sourceTree = "<group>"; };
		A1F724271B02F88A0023A3C8 /* DetailViewController.m */ = {isa = PBXFileReference; lastKnownFileType = sourcecode.c.objc; path = DetailViewController.m; sourceTree = "<group>"; };
		A1F7242C1B02F88A0023A3C8 /* Images.xcassets */ = {isa = PBXFileReference; lastKnownFileType = folder.assetcatalog; path = Images.xcassets; sourceTree = "<group>"; };
		A1F724351B02F88A0023A3C8 /* ExamwTestAppTests.xctest */ = {isa = PBXFileReference; explicitFileType = wrapper.cfbundle; includeInIndex = 0; path = ExamwTestAppTests.xctest; sourceTree = BUILT_PRODUCTS_DIR; };
		A1F7243A1B02F88A0023A3C8 /* Info.plist */ = {isa = PBXFileReference; lastKnownFileType = text.plist.xml; path = Info.plist; sourceTree = "<group>"; };
		A1F7243B1B02F88A0023A3C8 /* ExamwTestAppTests.m */ = {isa = PBXFileReference; lastKnownFileType = sourcecode.c.objc; path = ExamwTestAppTests.m; sourceTree = "<group>"; };
		A1F724B51B02FEED0023A3C8 /* HttpUtils.h */ = {isa = PBXFileReference; fileEncoding = 4; lastKnownFileType = sourcecode.c.h; name = HttpUtils.h; path = ExamwTestApp/Utils/HttpUtils.h; sourceTree = "<group>"; };
		A1F724B61B02FEED0023A3C8 /* HttpUtils.m */ = {isa = PBXFileReference; fileEncoding = 4; lastKnownFileType = sourcecode.c.objc; name = HttpUtils.m; path = ExamwTestApp/Utils/HttpUtils.m; sourceTree = "<group>"; };
		A1F724BA1B0305BF0023A3C8 /* FMResultSet.m */ = {isa = PBXFileReference; fileEncoding = 4; lastKnownFileType = sourcecode.c.objc; name = FMResultSet.m; path = libs/FMDB_v2.5/FMResultSet.m; sourceTree = "<group>"; };
		A1F724BB1B0305BF0023A3C8 /* FMResultSet.h */ = {isa = PBXFileReference; fileEncoding = 4; lastKnownFileType = sourcecode.c.h; name = FMResultSet.h; path = libs/FMDB_v2.5/FMResultSet.h; sourceTree = "<group>"; };
		A1F724BC1B0305BF0023A3C8 /* FMDB.h */ = {isa = PBXFileReference; fileEncoding = 4; lastKnownFileType = sourcecode.c.h; name = FMDB.h; path = libs/FMDB_v2.5/FMDB.h; sourceTree = "<group>"; };
		A1F724BD1B0305BF0023A3C8 /* FMDatabaseQueue.m */ = {isa = PBXFileReference; fileEncoding = 4; lastKnownFileType = sourcecode.c.objc; name = FMDatabaseQueue.m; path = libs/FMDB_v2.5/FMDatabaseQueue.m; sourceTree = "<group>"; };
		A1F724BE1B0305BF0023A3C8 /* FMDatabaseQueue.h */ = {isa = PBXFileReference; fileEncoding = 4; lastKnownFileType = sourcecode.c.h; name = FMDatabaseQueue.h; path = libs/FMDB_v2.5/FMDatabaseQueue.h; sourceTree = "<group>"; };
		A1F724BF1B0305BF0023A3C8 /* FMDatabasePool.m */ = {isa = PBXFileReference; fileEncoding = 4; lastKnownFileType = sourcecode.c.objc; name = FMDatabasePool.m; path = libs/FMDB_v2.5/FMDatabasePool.m; sourceTree = "<group>"; };
		A1F724C01B0305C00023A3C8 /* FMDatabasePool.h */ = {isa = PBXFileReference; fileEncoding = 4; lastKnownFileType = sourcecode.c.h; name = FMDatabasePool.h; path = libs/FMDB_v2.5/FMDatabasePool.h; sourceTree = "<group>"; };
		A1F724C11B0305C00023A3C8 /* FMDatabaseAdditions.m */ = {isa = PBXFileReference; fileEncoding = 4; lastKnownFileType = sourcecode.c.objc; name = FMDatabaseAdditions.m; path = libs/FMDB_v2.5/FMDatabaseAdditions.m; sourceTree = "<group>"; };
		A1F724C21B0305C00023A3C8 /* FMDatabaseAdditions.h */ = {isa = PBXFileReference; fileEncoding = 4; lastKnownFileType = sourcecode.c.h; name = FMDatabaseAdditions.h; path = libs/FMDB_v2.5/FMDatabaseAdditions.h; sourceTree = "<group>"; };
		A1F724C31B0305C00023A3C8 /* FMDatabase.m */ = {isa = PBXFileReference; fileEncoding = 4; lastKnownFileType = sourcecode.c.objc; name = FMDatabase.m; path = libs/FMDB_v2.5/FMDatabase.m; sourceTree = "<group>"; };
		A1F724C41B0305C00023A3C8 /* FMDatabase.h */ = {isa = PBXFileReference; fileEncoding = 4; lastKnownFileType = sourcecode.c.h; name = FMDatabase.h; path = libs/FMDB_v2.5/FMDatabase.h; sourceTree = "<group>"; };
		A1F724CA1B033AAC0023A3C8 /* libsqlite3.dylib */ = {isa = PBXFileReference; lastKnownFileType = "compiled.mach-o.dylib"; name = libsqlite3.dylib; path = usr/lib/libsqlite3.dylib; sourceTree = SDKROOT; };
		A1F724CD1B033E260023A3C8 /* AppConstants.h */ = {isa = PBXFileReference; fileEncoding = 4; lastKnownFileType = sourcecode.c.h; path = AppConstants.h; sourceTree = "<group>"; };
		A1F724CF1B033F4A0023A3C8 /* AppSettings.h */ = {isa = PBXFileReference; fileEncoding = 4; lastKnownFileType = sourcecode.c.h; path = AppSettings.h; sourceTree = "<group>"; };
		A1F724D01B033F4A0023A3C8 /* AppSettings.m */ = {isa = PBXFileReference; fileEncoding = 4; lastKnownFileType = sourcecode.c.objc; path = AppSettings.m; sourceTree = "<group>"; };
		A1F724D51B0342330023A3C8 /* SecureUtils.h */ = {isa = PBXFileReference; fileEncoding = 4; lastKnownFileType = sourcecode.c.h; name = SecureUtils.h; path = ExamwTestApp/Utils/SecureUtils.h; sourceTree = "<group>"; };
		A1F724D61B0342330023A3C8 /* SecureUtils.m */ = {isa = PBXFileReference; fileEncoding = 4; lastKnownFileType = sourcecode.c.objc; name = SecureUtils.m; path = ExamwTestApp/Utils/SecureUtils.m; sourceTree = "<group>"; };
		A1F724DB1B03470B0023A3C8 /* NSData+Hex.h */ = {isa = PBXFileReference; fileEncoding = 4; lastKnownFileType = sourcecode.c.h; name = "NSData+Hex.h"; path = "ExamwTestApp/Utils/NSData+Hex.h"; sourceTree = "<group>"; };
		A1F724DC1B03470B0023A3C8 /* NSData+Hex.m */ = {isa = PBXFileReference; fileEncoding = 4; lastKnownFileType = sourcecode.c.objc; name = "NSData+Hex.m"; path = "ExamwTestApp/Utils/NSData+Hex.m"; sourceTree = "<group>"; };
		A1F724DE1B034E950023A3C8 /* NSString+Reversed.h */ = {isa = PBXFileReference; fileEncoding = 4; lastKnownFileType = sourcecode.c.h; name = "NSString+Reversed.h"; path = "ExamwTestApp/Utils/NSString+Reversed.h"; sourceTree = "<group>"; };
		A1F724DF1B034E950023A3C8 /* NSString+Reversed.m */ = {isa = PBXFileReference; fileEncoding = 4; lastKnownFileType = sourcecode.c.objc; name = "NSString+Reversed.m"; path = "ExamwTestApp/Utils/NSString+Reversed.m"; sourceTree = "<group>"; };
		A1F8DECC1B0CB88300317B0E /* DaoHelpers.h */ = {isa = PBXFileReference; fileEncoding = 4; lastKnownFileType = sourcecode.c.h; path = DaoHelpers.h; sourceTree = "<group>"; };
		A1F8DECD1B0CB88300317B0E /* DaoHelpers.m */ = {isa = PBXFileReference; fileEncoding = 4; lastKnownFileType = sourcecode.c.objc; path = DaoHelpers.m; sourceTree = "<group>"; };
		A1F8DECF1B0CBAE500317B0E /* UserAccount.h */ = {isa = PBXFileReference; fileEncoding = 4; lastKnownFileType = sourcecode.c.h; path = UserAccount.h; sourceTree = "<group>"; };
		A1F8DED01B0CBAE500317B0E /* UserAccount.m */ = {isa = PBXFileReference; fileEncoding = 4; lastKnownFileType = sourcecode.c.objc; path = UserAccount.m; sourceTree = "<group>"; };
/* End PBXFileReference section */

/* Begin PBXFrameworksBuildPhase section */
		A1F724161B02F88A0023A3C8 /* Frameworks */ = {
			isa = PBXFrameworksBuildPhase;
			buildActionMask = 2147483647;
			files = (
				A1F724CB1B033AAC0023A3C8 /* libsqlite3.dylib in Frameworks */,
			);
			runOnlyForDeploymentPostprocessing = 0;
		};
		A1F724321B02F88A0023A3C8 /* Frameworks */ = {
			isa = PBXFrameworksBuildPhase;
			buildActionMask = 2147483647;
			files = (
			);
			runOnlyForDeploymentPostprocessing = 0;
		};
/* End PBXFrameworksBuildPhase section */

/* Begin PBXGroup section */
		A152FBFF1B048985006523CE /* SwitchProduct */ = {
			isa = PBXGroup;
			children = (
				A17099021B0599E80083AF01 /* views */,
				A17098F91B0598DB0083AF01 /* controllers */,
				A17099001B0599CE0083AF01 /* models */,
				A19D5B511B063AD1009F7360 /* dao */,
				A17099011B0599D80083AF01 /* services */,
			);
			name = SwitchProduct;
			sourceTree = "<group>";
		};
		A17098A91B0580010083AF01 /* MJRefresh */ = {
			isa = PBXGroup;
			children = (
				A17098CF1B0581C00083AF01 /* MJRefresh.bundle */,
				A17098D01B0581C00083AF01 /* MJRefresh.h */,
				A17098D11B0581C00083AF01 /* MJRefreshComponent.h */,
				A17098D21B0581C00083AF01 /* MJRefreshComponent.m */,
				A17098D31B0581C00083AF01 /* MJRefreshConst.h */,
				A17098D41B0581C00083AF01 /* MJRefreshConst.m */,
				A17098D51B0581C00083AF01 /* MJRefreshFooter.h */,
				A17098D61B0581C00083AF01 /* MJRefreshFooter.m */,
				A17098D71B0581C00083AF01 /* MJRefreshGifFooter.h */,
				A17098D81B0581C00083AF01 /* MJRefreshGifFooter.m */,
				A17098D91B0581C00083AF01 /* MJRefreshGifHeader.h */,
				A17098DA1B0581C00083AF01 /* MJRefreshGifHeader.m */,
				A17098DB1B0581C00083AF01 /* MJRefreshHeader.h */,
				A17098DC1B0581C00083AF01 /* MJRefreshHeader.m */,
				A17098DD1B0581C00083AF01 /* MJRefreshLegendFooter.h */,
				A17098DE1B0581C00083AF01 /* MJRefreshLegendFooter.m */,
				A17098DF1B0581C00083AF01 /* MJRefreshLegendHeader.h */,
				A17098E01B0581C00083AF01 /* MJRefreshLegendHeader.m */,
				A17098E11B0581C00083AF01 /* UIScrollView+MJExtension.h */,
				A17098E21B0581C00083AF01 /* UIScrollView+MJExtension.m */,
				A17098E31B0581C00083AF01 /* UIScrollView+MJRefresh.h */,
				A17098E41B0581C00083AF01 /* UIScrollView+MJRefresh.m */,
				A17098E51B0581C00083AF01 /* UIView+MJExtension.h */,
				A17098E61B0581C00083AF01 /* UIView+MJExtension.m */,
			);
			name = MJRefresh;
			sourceTree = "<group>";
		};
		A17098F91B0598DB0083AF01 /* controllers */ = {
			isa = PBXGroup;
			children = (
				A17098FD1B0599910083AF01 /* SwitchViewController.h */,
				A17098FC1B0599910083AF01 /* SwitchViewController.m */,
				A17098FB1B0599910083AF01 /* CategoryViewController.h */,
				A17098FA1B0599910083AF01 /* CategoryViewController.m */,
				A13BB7931B0B31930063C64B /* ExamViewController.h */,
				A13BB7941B0B31930063C64B /* ExamViewController.m */,
				A1C6AD4A1B0C0C790002BE81 /* ProductViewController.h */,
				A1C6AD4B1B0C0C790002BE81 /* ProductViewController.m */,
			);
			name = controllers;
			sourceTree = "<group>";
		};
		A17099001B0599CE0083AF01 /* models */ = {
			isa = PBXGroup;
			children = (
				A10F5FBA1B0DBCA000BD0491 /* AppClientSync.h */,
				A10F5FBB1B0DBCA000BD0491 /* AppClientSync.m */,
				A19D5B521B064706009F7360 /* CategoryModel.h */,
				A19D5B531B064706009F7360 /* CategoryModel.m */,
				A13BB7891B0AE6A40063C64B /* CategoryModelCellFrame.h */,
				A13BB78A1B0AE6A40063C64B /* CategoryModelCellFrame.m */,
				A13BB77C1B096D8C0063C64B /* ExamModel.h */,
				A13BB77D1B096D8C0063C64B /* ExamModel.m */,
				A13BB7961B0B38B00063C64B /* ExamModelCellFrame.h */,
				A13BB7971B0B38B00063C64B /* ExamModelCellFrame.m */,
				A13BB77F1B0971B10063C64B /* ProductModel.h */,
				A13BB7801B0971B10063C64B /* ProductModel.m */,
				A1C6AD4D1B0C0EC60002BE81 /* ProductModelCellFrame.h */,
				A1C6AD4E1B0C0EC60002BE81 /* ProductModelCellFrame.m */,
			);
			name = models;
			sourceTree = "<group>";
		};
		A17099011B0599D80083AF01 /* services */ = {
			isa = PBXGroup;
			children = (
				A13BB7821B09B11B0063C64B /* SwitchService.h */,
				A13BB7831B09B11B0063C64B /* SwitchService.m */,
			);
			name = services;
			sourceTree = "<group>";
		};
		A17099021B0599E80083AF01 /* views */ = {
			isa = PBXGroup;
			children = (
				A13BB7901B0B0B7F0063C64B /* CategoryTableViewCell.h */,
				A13BB7911B0B0B7F0063C64B /* CategoryTableViewCell.m */,
				A13BB79A1B0B47800063C64B /* ExamTableViewCell.h */,
				A13BB79B1B0B47800063C64B /* ExamTableViewCell.m */,
				A1C6AD501B0C31000002BE81 /* ProductTableViewCell.h */,
				A1C6AD511B0C31000002BE81 /* ProductTableViewCell.m */,
			);
			name = views;
			sourceTree = "<group>";
		};
		A17099031B05DEF80083AF01 /* XHRealTimeBlur */ = {
			isa = PBXGroup;
			children = (
				A17099041B05DF290083AF01 /* XHRealTimeBlur.h */,
				A17099051B05DF290083AF01 /* XHRealTimeBlur.m */,
			);
			name = XHRealTimeBlur;
			sourceTree = "<group>";
		};
		A19D5B511B063AD1009F7360 /* dao */ = {
			isa = PBXGroup;
			children = (
				A10F5FB41B0DBAEA00BD0491 /* DownloadDao.h */,
				A10F5FB51B0DBAEA00BD0491 /* DownloadDao.m */,
			);
			name = dao;
			sourceTree = "<group>";
		};
		A1F724101B02F88A0023A3C8 = {
			isa = PBXGroup;
			children = (
				A1F7241B1B02F88A0023A3C8 /* ExamwTestApp */,
				A1F724B41B02FE440023A3C8 /* Utils */,
				A1F724451B02FABD0023A3C8 /* libs */,
				A1F724381B02F88A0023A3C8 /* ExamwTestAppTests */,
				A1F7241A1B02F88A0023A3C8 /* Products */,
			);
			sourceTree = "<group>";
		};
		A1F7241A1B02F88A0023A3C8 /* Products */ = {
			isa = PBXGroup;
			children = (
				A1F724191B02F88A0023A3C8 /* ExamwTestApp.app */,
				A1F724351B02F88A0023A3C8 /* ExamwTestAppTests.xctest */,
			);
			name = Products;
			sourceTree = "<group>";
		};
		A1F7241B1B02F88A0023A3C8 /* ExamwTestApp */ = {
			isa = PBXGroup;
			children = (
				A1F724CD1B033E260023A3C8 /* AppConstants.h */,
				A1F724CF1B033F4A0023A3C8 /* AppSettings.h */,
				A1F724D01B033F4A0023A3C8 /* AppSettings.m */,
				A1F724201B02F88A0023A3C8 /* AppDelegate.h */,
				A1F724211B02F88A0023A3C8 /* AppDelegate.m */,
				A1F8DECF1B0CBAE500317B0E /* UserAccount.h */,
				A1F8DED01B0CBAE500317B0E /* UserAccount.m */,
				A1F8DECC1B0CB88300317B0E /* DaoHelpers.h */,
				A1F8DECD1B0CB88300317B0E /* DaoHelpers.m */,
				A152FBFF1B048985006523CE /* SwitchProduct */,
				A1F724231B02F88A0023A3C8 /* MasterViewController.h */,
				A1F724241B02F88A0023A3C8 /* MasterViewController.m */,
				A1F724261B02F88A0023A3C8 /* DetailViewController.h */,
				A1F724271B02F88A0023A3C8 /* DetailViewController.m */,
				A1F7242C1B02F88A0023A3C8 /* Images.xcassets */,
				A1F7241C1B02F88A0023A3C8 /* Supporting Files */,
			);
			path = ExamwTestApp;
			sourceTree = "<group>";
		};
		A1F7241C1B02F88A0023A3C8 /* Supporting Files */ = {
			isa = PBXGroup;
			children = (
				A1F7241D1B02F88A0023A3C8 /* Info.plist */,
				A1F7241E1B02F88A0023A3C8 /* main.m */,
			);
			name = "Supporting Files";
			sourceTree = "<group>";
		};
		A1F724381B02F88A0023A3C8 /* ExamwTestAppTests */ = {
			isa = PBXGroup;
			children = (
				A1F7243B1B02F88A0023A3C8 /* ExamwTestAppTests.m */,
				A1F724391B02F88A0023A3C8 /* Supporting Files */,
			);
			path = ExamwTestAppTests;
			sourceTree = "<group>";
		};
		A1F724391B02F88A0023A3C8 /* Supporting Files */ = {
			isa = PBXGroup;
			children = (
				A1F7243A1B02F88A0023A3C8 /* Info.plist */,
			);
			name = "Supporting Files";
			sourceTree = "<group>";
		};
		A1F724451B02FABD0023A3C8 /* libs */ = {
			isa = PBXGroup;
			children = (
				A1F724CA1B033AAC0023A3C8 /* libsqlite3.dylib */,
				A1F724461B02FB600023A3C8 /* FMDB */,
				A1F724671B02FD000023A3C8 /* AFNetworking */,
				A1F724AD1B02FD8A0023A3C8 /* MBProgressHUD */,
				A17098A91B0580010083AF01 /* MJRefresh */,
				A17099031B05DEF80083AF01 /* XHRealTimeBlur */,
			);
			name = libs;
			sourceTree = "<group>";
		};
		A1F724461B02FB600023A3C8 /* FMDB */ = {
			isa = PBXGroup;
			children = (
				A1F724BA1B0305BF0023A3C8 /* FMResultSet.m */,
				A1F724BB1B0305BF0023A3C8 /* FMResultSet.h */,
				A1F724BC1B0305BF0023A3C8 /* FMDB.h */,
				A1F724BD1B0305BF0023A3C8 /* FMDatabaseQueue.m */,
				A1F724BE1B0305BF0023A3C8 /* FMDatabaseQueue.h */,
				A1F724BF1B0305BF0023A3C8 /* FMDatabasePool.m */,
				A1F724C01B0305C00023A3C8 /* FMDatabasePool.h */,
				A1F724C11B0305C00023A3C8 /* FMDatabaseAdditions.m */,
				A1F724C21B0305C00023A3C8 /* FMDatabaseAdditions.h */,
				A1F724C31B0305C00023A3C8 /* FMDatabase.m */,
				A1F724C41B0305C00023A3C8 /* FMDatabase.h */,
			);
			name = FMDB;
			sourceTree = "<group>";
		};
		A1F724671B02FD000023A3C8 /* AFNetworking */ = {
			isa = PBXGroup;
			children = (
				A1C6AD561B0C74770002BE81 /* AFHTTPRequestOperation.h */,
				A1C6AD571B0C74770002BE81 /* AFHTTPRequestOperation.m */,
				A1C6AD581B0C74770002BE81 /* AFHTTPRequestOperationManager.h */,
				A1C6AD591B0C74770002BE81 /* AFHTTPRequestOperationManager.m */,
				A1C6AD5A1B0C74770002BE81 /* AFHTTPSessionManager.h */,
				A1C6AD5B1B0C74770002BE81 /* AFHTTPSessionManager.m */,
				A1C6AD5C1B0C74770002BE81 /* AFNetworkActivityIndicatorManager.h */,
				A1C6AD5D1B0C74770002BE81 /* AFNetworkActivityIndicatorManager.m */,
				A1C6AD5E1B0C74770002BE81 /* AFNetworking.h */,
				A1C6AD5F1B0C74770002BE81 /* AFNetworkReachabilityManager.h */,
				A1C6AD601B0C74770002BE81 /* AFNetworkReachabilityManager.m */,
				A1C6AD611B0C74770002BE81 /* AFSecurityPolicy.h */,
				A1C6AD621B0C74770002BE81 /* AFSecurityPolicy.m */,
				A1C6AD631B0C74770002BE81 /* AFURLConnectionOperation.h */,
				A1C6AD641B0C74770002BE81 /* AFURLConnectionOperation.m */,
				A1C6AD651B0C74770002BE81 /* AFURLRequestSerialization.h */,
				A1C6AD661B0C74770002BE81 /* AFURLRequestSerialization.m */,
				A1C6AD671B0C74770002BE81 /* AFURLResponseSerialization.h */,
				A1C6AD681B0C74770002BE81 /* AFURLResponseSerialization.m */,
				A1C6AD691B0C74770002BE81 /* AFURLSessionManager.h */,
				A1C6AD6A1B0C74770002BE81 /* AFURLSessionManager.m */,
				A1C6AD6B1B0C74770002BE81 /* UIActivityIndicatorView+AFNetworking.h */,
				A1C6AD6C1B0C74770002BE81 /* UIActivityIndicatorView+AFNetworking.m */,
				A1C6AD6D1B0C74770002BE81 /* UIAlertView+AFNetworking.h */,
				A1C6AD6E1B0C74770002BE81 /* UIAlertView+AFNetworking.m */,
				A1C6AD6F1B0C74770002BE81 /* UIButton+AFNetworking.h */,
				A1C6AD701B0C74770002BE81 /* UIButton+AFNetworking.m */,
				A1C6AD711B0C74770002BE81 /* UIImageView+AFNetworking.h */,
				A1C6AD721B0C74770002BE81 /* UIImageView+AFNetworking.m */,
				A1C6AD731B0C74770002BE81 /* UIKit+AFNetworking.h */,
				A1C6AD741B0C74770002BE81 /* UIProgressView+AFNetworking.h */,
				A1C6AD751B0C74770002BE81 /* UIProgressView+AFNetworking.m */,
				A1C6AD761B0C74770002BE81 /* UIRefreshControl+AFNetworking.h */,
				A1C6AD771B0C74770002BE81 /* UIRefreshControl+AFNetworking.m */,
				A1C6AD781B0C74770002BE81 /* UIWebView+AFNetworking.h */,
				A1C6AD791B0C74770002BE81 /* UIWebView+AFNetworking.m */,
			);
			name = AFNetworking;
			sourceTree = "<group>";
		};
		A1F724AD1B02FD8A0023A3C8 /* MBProgressHUD */ = {
			isa = PBXGroup;
			children = (
				A1C6AD8F1B0C90AC0002BE81 /* MBProgressHUD.h */,
				A1C6AD901B0C90AC0002BE81 /* MBProgressHUD.m */,
			);
			name = MBProgressHUD;
			sourceTree = "<group>";
		};
		A1F724B41B02FE440023A3C8 /* Utils */ = {
			isa = PBXGroup;
			children = (
				A13BB7991B0B39780063C64B /* DataModelCellFrame.h */,
				A13BB7851B0AD52A0063C64B /* JSONSerialize.h */,
				A13BB7861B0AD6270063C64B /* JSONCallback.h */,
				A13BB7871B0AD6270063C64B /* JSONCallback.m */,
				A1F724B51B02FEED0023A3C8 /* HttpUtils.h */,
				A1F724B61B02FEED0023A3C8 /* HttpUtils.m */,
				A1F724D51B0342330023A3C8 /* SecureUtils.h */,
				A1F724D61B0342330023A3C8 /* SecureUtils.m */,
				A10F5FBD1B0E383000BD0491 /* PaperUtils.h */,
				A10F5FBE1B0E383000BD0491 /* PaperUtils.m */,
				A1F724DB1B03470B0023A3C8 /* NSData+Hex.h */,
				A1F724DC1B03470B0023A3C8 /* NSData+Hex.m */,
				A1F724DE1B034E950023A3C8 /* NSString+Reversed.h */,
				A1F724DF1B034E950023A3C8 /* NSString+Reversed.m */,
				A1B5AF371B0399780086F421 /* UIColor+Hex.h */,
				A1B5AF381B0399780086F421 /* UIColor+Hex.m */,
			);
			name = Utils;
			sourceTree = "<group>";
		};
/* End PBXGroup section */

/* Begin PBXNativeTarget section */
		A1F724181B02F88A0023A3C8 /* ExamwTestApp */ = {
			isa = PBXNativeTarget;
			buildConfigurationList = A1F7243F1B02F88A0023A3C8 /* Build configuration list for PBXNativeTarget "ExamwTestApp" */;
			buildPhases = (
				A1F724151B02F88A0023A3C8 /* Sources */,
				A1F724161B02F88A0023A3C8 /* Frameworks */,
				A1F724171B02F88A0023A3C8 /* Resources */,
			);
			buildRules = (
			);
			dependencies = (
			);
			name = ExamwTestApp;
			productName = ExamwTestApp;
			productReference = A1F724191B02F88A0023A3C8 /* ExamwTestApp.app */;
			productType = "com.apple.product-type.application";
		};
		A1F724341B02F88A0023A3C8 /* ExamwTestAppTests */ = {
			isa = PBXNativeTarget;
			buildConfigurationList = A1F724421B02F88A0023A3C8 /* Build configuration list for PBXNativeTarget "ExamwTestAppTests" */;
			buildPhases = (
				A1F724311B02F88A0023A3C8 /* Sources */,
				A1F724321B02F88A0023A3C8 /* Frameworks */,
				A1F724331B02F88A0023A3C8 /* Resources */,
			);
			buildRules = (
			);
			dependencies = (
				A1F724371B02F88A0023A3C8 /* PBXTargetDependency */,
			);
			name = ExamwTestAppTests;
			productName = ExamwTestAppTests;
			productReference = A1F724351B02F88A0023A3C8 /* ExamwTestAppTests.xctest */;
			productType = "com.apple.product-type.bundle.unit-test";
		};
/* End PBXNativeTarget section */

/* Begin PBXProject section */
		A1F724111B02F88A0023A3C8 /* Project object */ = {
			isa = PBXProject;
			attributes = {
				LastUpgradeCheck = 0630;
				ORGANIZATIONNAME = com.examw;
				TargetAttributes = {
					A1F724181B02F88A0023A3C8 = {
						CreatedOnToolsVersion = 6.3.1;
					};
					A1F724341B02F88A0023A3C8 = {
						CreatedOnToolsVersion = 6.3.1;
						TestTargetID = A1F724181B02F88A0023A3C8;
					};
				};
			};
			buildConfigurationList = A1F724141B02F88A0023A3C8 /* Build configuration list for PBXProject "ExamwTestApp" */;
			compatibilityVersion = "Xcode 3.2";
			developmentRegion = English;
			hasScannedForEncodings = 0;
			knownRegions = (
				en,
				Base,
			);
			mainGroup = A1F724101B02F88A0023A3C8;
			productRefGroup = A1F7241A1B02F88A0023A3C8 /* Products */;
			projectDirPath = "";
			projectRoot = "";
			targets = (
				A1F724181B02F88A0023A3C8 /* ExamwTestApp */,
				A1F724341B02F88A0023A3C8 /* ExamwTestAppTests */,
			);
		};
/* End PBXProject section */

/* Begin PBXResourcesBuildPhase section */
		A1F724171B02F88A0023A3C8 /* Resources */ = {
			isa = PBXResourcesBuildPhase;
			buildActionMask = 2147483647;
			files = (
				A17098E71B0581C00083AF01 /* MJRefresh.bundle in Resources */,
				A1F7242D1B02F88A0023A3C8 /* Images.xcassets in Resources */,
			);
			runOnlyForDeploymentPostprocessing = 0;
		};
		A1F724331B02F88A0023A3C8 /* Resources */ = {
			isa = PBXResourcesBuildPhase;
			buildActionMask = 2147483647;
			files = (
			);
			runOnlyForDeploymentPostprocessing = 0;
		};
/* End PBXResourcesBuildPhase section */

/* Begin PBXSourcesBuildPhase section */
		A1F724151B02F88A0023A3C8 /* Sources */ = {
			isa = PBXSourcesBuildPhase;
			buildActionMask = 2147483647;
			files = (
				A1C6AD831B0C74770002BE81 /* AFURLSessionManager.m in Sources */,
				A17098FF1B0599910083AF01 /* SwitchViewController.m in Sources */,
				A17098E81B0581C00083AF01 /* MJRefreshComponent.m in Sources */,
				A1F724DD1B03470B0023A3C8 /* NSData+Hex.m in Sources */,
				A1C6AD851B0C74770002BE81 /* UIAlertView+AFNetworking.m in Sources */,
				A1F724221B02F88A0023A3C8 /* AppDelegate.m in Sources */,
				A1C6AD801B0C74770002BE81 /* AFURLConnectionOperation.m in Sources */,
				A10F5FBC1B0DBCA000BD0491 /* AppClientSync.m in Sources */,
				A1C6AD911B0C90AC0002BE81 /* MBProgressHUD.m in Sources */,
				A17098EA1B0581C00083AF01 /* MJRefreshFooter.m in Sources */,
				A17098EE1B0581C00083AF01 /* MJRefreshLegendFooter.m in Sources */,
				A1F724C91B0305C00023A3C8 /* FMDatabase.m in Sources */,
				A1C6AD521B0C31000002BE81 /* ProductTableViewCell.m in Sources */,
				A1F724B71B02FEED0023A3C8 /* HttpUtils.m in Sources */,
				A17098EF1B0581C00083AF01 /* MJRefreshLegendHeader.m in Sources */,
				A13BB7841B09B11B0063C64B /* SwitchService.m in Sources */,
				A1C6AD811B0C74770002BE81 /* AFURLRequestSerialization.m in Sources */,
				A1F724D11B033F4A0023A3C8 /* AppSettings.m in Sources */,
				A1F724C51B0305C00023A3C8 /* FMResultSet.m in Sources */,
				A1C6AD7C1B0C74770002BE81 /* AFHTTPSessionManager.m in Sources */,
				A13BB7881B0AD6270063C64B /* JSONCallback.m in Sources */,
				A13BB79C1B0B47800063C64B /* ExamTableViewCell.m in Sources */,
				A1C6AD821B0C74770002BE81 /* AFURLResponseSerialization.m in Sources */,
				A10F5FB61B0DBAEA00BD0491 /* DownloadDao.m in Sources */,
				A10F5FBF1B0E383000BD0491 /* PaperUtils.m in Sources */,
				A1F724251B02F88A0023A3C8 /* MasterViewController.m in Sources */,
				A13BB7811B0971B10063C64B /* ProductModel.m in Sources */,
				A1C6AD7B1B0C74770002BE81 /* AFHTTPRequestOperationManager.m in Sources */,
				A1F724D71B0342330023A3C8 /* SecureUtils.m in Sources */,
				A1C6AD841B0C74770002BE81 /* UIActivityIndicatorView+AFNetworking.m in Sources */,
				A19D5B541B064706009F7360 /* CategoryModel.m in Sources */,
				A1C6AD7F1B0C74770002BE81 /* AFSecurityPolicy.m in Sources */,
				A1C6AD871B0C74770002BE81 /* UIImageView+AFNetworking.m in Sources */,
				A17099061B05DF290083AF01 /* XHRealTimeBlur.m in Sources */,
				A1C6AD7E1B0C74770002BE81 /* AFNetworkReachabilityManager.m in Sources */,
				A1F8DED11B0CBAE500317B0E /* UserAccount.m in Sources */,
				A1C6AD861B0C74770002BE81 /* UIButton+AFNetworking.m in Sources */,
				A1C6AD8A1B0C74770002BE81 /* UIWebView+AFNetworking.m in Sources */,
				A1F724C61B0305C00023A3C8 /* FMDatabaseQueue.m in Sources */,
				A13BB7951B0B31930063C64B /* ExamViewController.m in Sources */,
				A1C6AD7D1B0C74770002BE81 /* AFNetworkActivityIndicatorManager.m in Sources */,
				A1F7241F1B02F88A0023A3C8 /* main.m in Sources */,
				A1F724E01B034E950023A3C8 /* NSString+Reversed.m in Sources */,
				A13BB78B1B0AE6A40063C64B /* CategoryModelCellFrame.m in Sources */,
				A1B5AF391B0399780086F421 /* UIColor+Hex.m in Sources */,
				A13BB7921B0B0B7F0063C64B /* CategoryTableViewCell.m in Sources */,
				A1C6AD881B0C74770002BE81 /* UIProgressView+AFNetworking.m in Sources */,
				A13BB77E1B096D8C0063C64B /* ExamModel.m in Sources */,
				A1F724281B02F88A0023A3C8 /* DetailViewController.m in Sources */,
				A1F724C71B0305C00023A3C8 /* FMDatabasePool.m in Sources */,
				A17098E91B0581C00083AF01 /* MJRefreshConst.m in Sources */,
				A1C6AD7A1B0C74770002BE81 /* AFHTTPRequestOperation.m in Sources */,
				A17098F01B0581C00083AF01 /* UIScrollView+MJExtension.m in Sources */,
				A1C6AD4C1B0C0C790002BE81 /* ProductViewController.m in Sources */,
				A1C6AD891B0C74770002BE81 /* UIRefreshControl+AFNetworking.m in Sources */,
				A17098FE1B0599910083AF01 /* CategoryViewController.m in Sources */,
				A17098F21B0581C00083AF01 /* UIView+MJExtension.m in Sources */,
				A1F8DECE1B0CB88300317B0E /* DaoHelpers.m in Sources */,
				A17098EC1B0581C00083AF01 /* MJRefreshGifHeader.m in Sources */,
				A1F724C81B0305C00023A3C8 /* FMDatabaseAdditions.m in Sources */,
				A17098ED1B0581C00083AF01 /* MJRefreshHeader.m in Sources */,
				A17098EB1B0581C00083AF01 /* MJRefreshGifFooter.m in Sources */,
				A17098F11B0581C00083AF01 /* UIScrollView+MJRefresh.m in Sources */,
				A1C6AD4F1B0C0EC60002BE81 /* ProductModelCellFrame.m in Sources */,
				A13BB7981B0B38B00063C64B /* ExamModelCellFrame.m in Sources */,
			);
			runOnlyForDeploymentPostprocessing = 0;
		};
		A1F724311B02F88A0023A3C8 /* Sources */ = {
			isa = PBXSourcesBuildPhase;
			buildActionMask = 2147483647;
			files = (
				A1F7243C1B02F88A0023A3C8 /* ExamwTestAppTests.m in Sources */,
			);
			runOnlyForDeploymentPostprocessing = 0;
		};
/* End PBXSourcesBuildPhase section */

/* Begin PBXTargetDependency section */
		A1F724371B02F88A0023A3C8 /* PBXTargetDependency */ = {
			isa = PBXTargetDependency;
			target = A1F724181B02F88A0023A3C8 /* ExamwTestApp */;
			targetProxy = A1F724361B02F88A0023A3C8 /* PBXContainerItemProxy */;
		};
/* End PBXTargetDependency section */

/* Begin XCBuildConfiguration section */
		A1F7243D1B02F88A0023A3C8 /* Debug */ = {
			isa = XCBuildConfiguration;
			buildSettings = {
				ALWAYS_SEARCH_USER_PATHS = NO;
				CLANG_CXX_LANGUAGE_STANDARD = "gnu++0x";
				CLANG_CXX_LIBRARY = "libc++";
				CLANG_ENABLE_MODULES = YES;
				CLANG_ENABLE_OBJC_ARC = YES;
				CLANG_WARN_BOOL_CONVERSION = YES;
				CLANG_WARN_CONSTANT_CONVERSION = YES;
				CLANG_WARN_DIRECT_OBJC_ISA_USAGE = YES_ERROR;
				CLANG_WARN_EMPTY_BODY = YES;
				CLANG_WARN_ENUM_CONVERSION = YES;
				CLANG_WARN_INT_CONVERSION = YES;
				CLANG_WARN_OBJC_ROOT_CLASS = YES_ERROR;
				CLANG_WARN_UNREACHABLE_CODE = YES;
				CLANG_WARN__DUPLICATE_METHOD_MATCH = YES;
				"CODE_SIGN_IDENTITY[sdk=iphoneos*]" = "iPhone Developer";
				COPY_PHASE_STRIP = NO;
				DEBUG_INFORMATION_FORMAT = "dwarf-with-dsym";
				ENABLE_STRICT_OBJC_MSGSEND = YES;
				GCC_C_LANGUAGE_STANDARD = gnu99;
				GCC_DYNAMIC_NO_PIC = NO;
				GCC_NO_COMMON_BLOCKS = YES;
				GCC_OPTIMIZATION_LEVEL = 0;
				GCC_PREPROCESSOR_DEFINITIONS = (
					"DEBUG=1",
					"$(inherited)",
				);
				GCC_SYMBOLS_PRIVATE_EXTERN = NO;
				GCC_WARN_64_TO_32_BIT_CONVERSION = YES;
				GCC_WARN_ABOUT_RETURN_TYPE = YES_ERROR;
				GCC_WARN_UNDECLARED_SELECTOR = YES;
				GCC_WARN_UNINITIALIZED_AUTOS = YES_AGGRESSIVE;
				GCC_WARN_UNUSED_FUNCTION = YES;
				GCC_WARN_UNUSED_VARIABLE = YES;
				IPHONEOS_DEPLOYMENT_TARGET = 8.3;
				MTL_ENABLE_DEBUG_INFO = YES;
				ONLY_ACTIVE_ARCH = YES;
				SDKROOT = iphoneos;
			};
			name = Debug;
		};
		A1F7243E1B02F88A0023A3C8 /* Release */ = {
			isa = XCBuildConfiguration;
			buildSettings = {
				ALWAYS_SEARCH_USER_PATHS = NO;
				CLANG_CXX_LANGUAGE_STANDARD = "gnu++0x";
				CLANG_CXX_LIBRARY = "libc++";
				CLANG_ENABLE_MODULES = YES;
				CLANG_ENABLE_OBJC_ARC = YES;
				CLANG_WARN_BOOL_CONVERSION = YES;
				CLANG_WARN_CONSTANT_CONVERSION = YES;
				CLANG_WARN_DIRECT_OBJC_ISA_USAGE = YES_ERROR;
				CLANG_WARN_EMPTY_BODY = YES;
				CLANG_WARN_ENUM_CONVERSION = YES;
				CLANG_WARN_INT_CONVERSION = YES;
				CLANG_WARN_OBJC_ROOT_CLASS = YES_ERROR;
				CLANG_WARN_UNREACHABLE_CODE = YES;
				CLANG_WARN__DUPLICATE_METHOD_MATCH = YES;
				"CODE_SIGN_IDENTITY[sdk=iphoneos*]" = "iPhone Developer";
				COPY_PHASE_STRIP = NO;
				DEBUG_INFORMATION_FORMAT = "dwarf-with-dsym";
				ENABLE_NS_ASSERTIONS = NO;
				ENABLE_STRICT_OBJC_MSGSEND = YES;
				GCC_C_LANGUAGE_STANDARD = gnu99;
				GCC_NO_COMMON_BLOCKS = YES;
				GCC_WARN_64_TO_32_BIT_CONVERSION = YES;
				GCC_WARN_ABOUT_RETURN_TYPE = YES_ERROR;
				GCC_WARN_UNDECLARED_SELECTOR = YES;
				GCC_WARN_UNINITIALIZED_AUTOS = YES_AGGRESSIVE;
				GCC_WARN_UNUSED_FUNCTION = YES;
				GCC_WARN_UNUSED_VARIABLE = YES;
				IPHONEOS_DEPLOYMENT_TARGET = 8.3;
				MTL_ENABLE_DEBUG_INFO = NO;
				SDKROOT = iphoneos;
				VALIDATE_PRODUCT = YES;
			};
			name = Release;
		};
		A1F724401B02F88A0023A3C8 /* Debug */ = {
			isa = XCBuildConfiguration;
			buildSettings = {
				ASSETCATALOG_COMPILER_APPICON_NAME = AppIcon;
				ASSETCATALOG_COMPILER_LAUNCHIMAGE_NAME = LaunchImage;
				INFOPLIST_FILE = ExamwTestApp/Info.plist;
				IPHONEOS_DEPLOYMENT_TARGET = 7.1;
				LD_RUNPATH_SEARCH_PATHS = "$(inherited) @executable_path/Frameworks";
				PRODUCT_NAME = "$(TARGET_NAME)";
			};
			name = Debug;
		};
		A1F724411B02F88A0023A3C8 /* Release */ = {
			isa = XCBuildConfiguration;
			buildSettings = {
				ASSETCATALOG_COMPILER_APPICON_NAME = AppIcon;
				ASSETCATALOG_COMPILER_LAUNCHIMAGE_NAME = LaunchImage;
				INFOPLIST_FILE = ExamwTestApp/Info.plist;
				IPHONEOS_DEPLOYMENT_TARGET = 7.1;
				LD_RUNPATH_SEARCH_PATHS = "$(inherited) @executable_path/Frameworks";
				PRODUCT_NAME = "$(TARGET_NAME)";
			};
			name = Release;
		};
		A1F724431B02F88A0023A3C8 /* Debug */ = {
			isa = XCBuildConfiguration;
			buildSettings = {
				BUNDLE_LOADER = "$(TEST_HOST)";
				FRAMEWORK_SEARCH_PATHS = (
					"$(SDKROOT)/Developer/Library/Frameworks",
					"$(inherited)",
				);
				GCC_PREPROCESSOR_DEFINITIONS = (
					"DEBUG=1",
					"$(inherited)",
				);
				INFOPLIST_FILE = ExamwTestAppTests/Info.plist;
				LD_RUNPATH_SEARCH_PATHS = "$(inherited) @executable_path/Frameworks @loader_path/Frameworks";
				PRODUCT_NAME = "$(TARGET_NAME)";
				TEST_HOST = "$(BUILT_PRODUCTS_DIR)/ExamwTestApp.app/ExamwTestApp";
			};
			name = Debug;
		};
		A1F724441B02F88A0023A3C8 /* Release */ = {
			isa = XCBuildConfiguration;
			buildSettings = {
				BUNDLE_LOADER = "$(TEST_HOST)";
				FRAMEWORK_SEARCH_PATHS = (
					"$(SDKROOT)/Developer/Library/Frameworks",
					"$(inherited)",
				);
				INFOPLIST_FILE = ExamwTestAppTests/Info.plist;
				LD_RUNPATH_SEARCH_PATHS = "$(inherited) @executable_path/Frameworks @loader_path/Frameworks";
				PRODUCT_NAME = "$(TARGET_NAME)";
				TEST_HOST = "$(BUILT_PRODUCTS_DIR)/ExamwTestApp.app/ExamwTestApp";
			};
			name = Release;
		};
/* End XCBuildConfiguration section */

/* Begin XCConfigurationList section */
		A1F724141B02F88A0023A3C8 /* Build configuration list for PBXProject "ExamwTestApp" */ = {
			isa = XCConfigurationList;
			buildConfigurations = (
				A1F7243D1B02F88A0023A3C8 /* Debug */,
				A1F7243E1B02F88A0023A3C8 /* Release */,
			);
			defaultConfigurationIsVisible = 0;
			defaultConfigurationName = Release;
		};
		A1F7243F1B02F88A0023A3C8 /* Build configuration list for PBXNativeTarget "ExamwTestApp" */ = {
			isa = XCConfigurationList;
			buildConfigurations = (
				A1F724401B02F88A0023A3C8 /* Debug */,
				A1F724411B02F88A0023A3C8 /* Release */,
			);
			defaultConfigurationIsVisible = 0;
			defaultConfigurationName = Release;
		};
		A1F724421B02F88A0023A3C8 /* Build configuration list for PBXNativeTarget "ExamwTestAppTests" */ = {
			isa = XCConfigurationList;
			buildConfigurations = (
				A1F724431B02F88A0023A3C8 /* Debug */,
				A1F724441B02F88A0023A3C8 /* Release */,
			);
			defaultConfigurationIsVisible = 0;
			defaultConfigurationName = Release;
		};
/* End XCConfigurationList section */
	};
	rootObject = A1F724111B02F88A0023A3C8 /* Project object */;
}
