// !$*UTF8*$!
{
	archiveVersion = 1;
	classes = {
	};
	objectVersion = 46;
	objects = {

/* Begin PBXBuildFile section */
		0B8EBF44A44FCE0D15DB6C22 /* libPods.a in Frameworks */ = {isa = PBXBuildFile; fileRef = 5107C5451C2BCF444822DEFD /* libPods.a */; };
		A10187C71A84B568002D2F37 /* LoginViewController+UserLogin.m in Sources */ = {isa = PBXBuildFile; fileRef = A10187C61A84B568002D2F37 /* LoginViewController+UserLogin.m */; };
		A140418D1A78E61B00669D46 /* ETextView.m in Sources */ = {isa = PBXBuildFile; fileRef = A140418C1A78E61B00669D46 /* ETextView.m */; };
		A1510F831A6DEF4C00FE59A9 /* LaunchViewController.m in Sources */ = {isa = PBXBuildFile; fileRef = A1510F821A6DEF4C00FE59A9 /* LaunchViewController.m */; };
		A151102C1A6E4A7800FE59A9 /* guide_1.png in Resources */ = {isa = PBXBuildFile; fileRef = A15110291A6E4A7800FE59A9 /* guide_1.png */; };
		A151102D1A6E4A7800FE59A9 /* guide_2.png in Resources */ = {isa = PBXBuildFile; fileRef = A151102A1A6E4A7800FE59A9 /* guide_2.png */; };
		A151102E1A6E4A7800FE59A9 /* guide_3.png in Resources */ = {isa = PBXBuildFile; fileRef = A151102B1A6E4A7800FE59A9 /* guide_3.png */; };
		A1580A491A95A20D0082C1E2 /* ImitateSubjectViewController.m in Sources */ = {isa = PBXBuildFile; fileRef = A1580A481A95A20D0082C1E2 /* ImitateSubjectViewController.m */; };
		A1580A4C1A95D56A0082C1E2 /* SubjectData.m in Sources */ = {isa = PBXBuildFile; fileRef = A1580A4B1A95D56A0082C1E2 /* SubjectData.m */; };
		A1580A4F1A960B370082C1E2 /* ExamData.m in Sources */ = {isa = PBXBuildFile; fileRef = A1580A4E1A960B370082C1E2 /* ExamData.m */; };
		A15DFF431AA1857200C8A7B7 /* PaperData.m in Sources */ = {isa = PBXBuildFile; fileRef = A15DFF421AA1857200C8A7B7 /* PaperData.m */; };
		A15DFF461AA1AC5D00C8A7B7 /* PaperReview.m in Sources */ = {isa = PBXBuildFile; fileRef = A15DFF451AA1AC5D00C8A7B7 /* PaperReview.m */; };
		A15DFF491AA2D5B000C8A7B7 /* PaperDataDao.m in Sources */ = {isa = PBXBuildFile; fileRef = A15DFF481AA2D5B000C8A7B7 /* PaperDataDao.m */; };
		A15EB7A71A84EC8B009199D1 /* JSONCallback.m in Sources */ = {isa = PBXBuildFile; fileRef = A15EB7A61A84EC8B009199D1 /* JSONCallback.m */; };
		A15EB7AA1A84FCF0009199D1 /* LoginViewController+Register.m in Sources */ = {isa = PBXBuildFile; fileRef = A15EB7A91A84FCF0009199D1 /* LoginViewController+Register.m */; };
		A1647B621A728679007B12EA /* NSDate+TimeZone.m in Sources */ = {isa = PBXBuildFile; fileRef = A1647B611A728679007B12EA /* NSDate+TimeZone.m */; };
		A1762B261A873FB1008E5656 /* AccountViewController+RegisterCode.m in Sources */ = {isa = PBXBuildFile; fileRef = A1762B251A873FB1008E5656 /* AccountViewController+RegisterCode.m */; };
		A1762B291A874428008E5656 /* AccountViewController+Logout.m in Sources */ = {isa = PBXBuildFile; fileRef = A1762B281A874428008E5656 /* AccountViewController+Logout.m */; };
		A17F78D31AA55D1400C671A9 /* PaperRecord.m in Sources */ = {isa = PBXBuildFile; fileRef = A17F78D21AA55D1400C671A9 /* PaperRecord.m */; };
		A17F78D61AA5695700C671A9 /* PaperItemRecord.m in Sources */ = {isa = PBXBuildFile; fileRef = A17F78D51AA5695700C671A9 /* PaperItemRecord.m */; };
		A182E4731AA596DE00730ECC /* PaperItemFavorite.m in Sources */ = {isa = PBXBuildFile; fileRef = A182E4721AA596DE00730ECC /* PaperItemFavorite.m */; };
		A182E4761AA5A58F00730ECC /* PaperRecordDao.m in Sources */ = {isa = PBXBuildFile; fileRef = A182E4751AA5A58F00730ECC /* PaperRecordDao.m */; };
		A18827741AA053E5008C734D /* ETAlert.m in Sources */ = {isa = PBXBuildFile; fileRef = A18827731AA053E5008C734D /* ETAlert.m */; };
		A188277A1AA064AD008C734D /* DataSyncService.m in Sources */ = {isa = PBXBuildFile; fileRef = A18827791AA064AD008C734D /* DataSyncService.m */; };
		A188277D1AA06CE0008C734D /* AppClientSync.m in Sources */ = {isa = PBXBuildFile; fileRef = A188277C1AA06CE0008C734D /* AppClientSync.m */; };
		A18962E61AA33D970065B70C /* PaperListViewController.m in Sources */ = {isa = PBXBuildFile; fileRef = A18962E51AA33D970065B70C /* PaperListViewController.m */; };
		A18995951A79EC4200D591FF /* feedback_post_normal.png in Resources */ = {isa = PBXBuildFile; fileRef = A18995931A79EC4200D591FF /* feedback_post_normal.png */; };
		A18995961A79EC4200D591FF /* feedback_post_selected.png in Resources */ = {isa = PBXBuildFile; fileRef = A18995941A79EC4200D591FF /* feedback_post_selected.png */; };
		A18995991A7A2F5E00D591FF /* ProtocolViewController.m in Sources */ = {isa = PBXBuildFile; fileRef = A18995981A7A2F5E00D591FF /* ProtocolViewController.m */; };
		A189959D1A7A381700D591FF /* privacy in Resources */ = {isa = PBXBuildFile; fileRef = A189959C1A7A381700D591FF /* privacy */; };
		A18B9F671AA6997B00C135DB /* PaperItemRecordDao.m in Sources */ = {isa = PBXBuildFile; fileRef = A18B9F661AA6997B00C135DB /* PaperItemRecordDao.m */; };
		A18B9F6A1AA6CF9F00C135DB /* PaperItemFavoriteDao.m in Sources */ = {isa = PBXBuildFile; fileRef = A18B9F691AA6CF9F00C135DB /* PaperItemFavoriteDao.m */; };
		A18B9F6D1AA700B200C135DB /* PaperRecordService.m in Sources */ = {isa = PBXBuildFile; fileRef = A18B9F6C1AA700B200C135DB /* PaperRecordService.m */; };
		A18B9F701AA70A2400C135DB /* ItemViewController.m in Sources */ = {isa = PBXBuildFile; fileRef = A18B9F6F1AA70A2400C135DB /* ItemViewController.m */; };
		A18CCF351A85BD2A00C20555 /* TextFieldValidator.m in Sources */ = {isa = PBXBuildFile; fileRef = A18CCF331A85BD2A00C20555 /* TextFieldValidator.m */; };
		A18CCF371A85BD6E00C20555 /* error@2x.png in Resources */ = {isa = PBXBuildFile; fileRef = A18CCF361A85BD6E00C20555 /* error@2x.png */; };
		A18CD2B31A7BBEC700B90FF0 /* UIViewController+Animation.m in Sources */ = {isa = PBXBuildFile; fileRef = A18CD2B21A7BBEC700B90FF0 /* UIViewController+Animation.m */; };
		A1904FA81A94E36900541B9E /* AppRegisterCode.m in Sources */ = {isa = PBXBuildFile; fileRef = A1904FA71A94E36900541B9E /* AppRegisterCode.m */; };
		A1910E6E1A6D3AC800377160 /* main.m in Sources */ = {isa = PBXBuildFile; fileRef = A1910E6D1A6D3AC800377160 /* main.m */; };
		A1910E711A6D3AC800377160 /* AppDelegate.m in Sources */ = {isa = PBXBuildFile; fileRef = A1910E701A6D3AC800377160 /* AppDelegate.m */; };
		A1910E741A6D3AC800377160 /* ExamApp.xcdatamodeld in Sources */ = {isa = PBXBuildFile; fileRef = A1910E721A6D3AC800377160 /* ExamApp.xcdatamodeld */; };
		A1910E7F1A6D3AC800377160 /* Images.xcassets in Resources */ = {isa = PBXBuildFile; fileRef = A1910E7E1A6D3AC800377160 /* Images.xcassets */; };
		A1910E8E1A6D3AC800377160 /* ExamAppTests.m in Sources */ = {isa = PBXBuildFile; fileRef = A1910E8D1A6D3AC800377160 /* ExamAppTests.m */; };
		A1913F8C1AA40107003BFEA0 /* PaperService.m in Sources */ = {isa = PBXBuildFile; fileRef = A1913F8B1AA40107003BFEA0 /* PaperService.m */; };
		A1913F8F1AA42F2A003BFEA0 /* PaperDetailViewController.m in Sources */ = {isa = PBXBuildFile; fileRef = A1913F8E1AA42F2A003BFEA0 /* PaperDetailViewController.m */; };
		A1936A911A9EC4E300A0F45C /* ExamDataDao.m in Sources */ = {isa = PBXBuildFile; fileRef = A1936A901A9EC4E300A0F45C /* ExamDataDao.m */; };
		A1936A961A9EE01800A0F45C /* SubjectDataDao.m in Sources */ = {isa = PBXBuildFile; fileRef = A1936A951A9EE01800A0F45C /* SubjectDataDao.m */; };
		A1936A9B1A9EF61000A0F45C /* ImitateSubjectService.m in Sources */ = {isa = PBXBuildFile; fileRef = A1936A9A1A9EF61000A0F45C /* ImitateSubjectService.m */; };
		A1936A9D1A9F195000A0F45C /* exam-XXX-default.sqlite in Resources */ = {isa = PBXBuildFile; fileRef = A1936A9C1A9F195000A0F45C /* exam-XXX-default.sqlite */; };
		A1936AA01A9F1A6200A0F45C /* WaitForAnimation.m in Sources */ = {isa = PBXBuildFile; fileRef = A1936A9F1A9F1A6200A0F45C /* WaitForAnimation.m */; };
		A194935D1AA7F64900A7791E /* favorite_normal.png in Resources */ = {isa = PBXBuildFile; fileRef = A194935B1AA7F64900A7791E /* favorite_normal.png */; };
		A194935E1AA7F64900A7791E /* favorite_highlight.png in Resources */ = {isa = PBXBuildFile; fileRef = A194935C1AA7F64900A7791E /* favorite_highlight.png */; };
		A19493671AA8242800A7791E /* ETTimerView.m in Sources */ = {isa = PBXBuildFile; fileRef = A19493661AA8242800A7791E /* ETTimerView.m */; };
		A1959F931A7FABBB00C1F563 /* LoginViewController.m in Sources */ = {isa = PBXBuildFile; fileRef = A1959F921A7FABBB00C1F563 /* LoginViewController.m */; };
		A195EFAE1AA94BF9002695A9 /* AnswersheetViewController.m in Sources */ = {isa = PBXBuildFile; fileRef = A195EFAD1AA94BF9002695A9 /* AnswersheetViewController.m */; };
		A195EFB11AA970E3002695A9 /* UIViewUtils.m in Sources */ = {isa = PBXBuildFile; fileRef = A195EFB01AA970E3002695A9 /* UIViewUtils.m */; };
		A199C9FB1A73ADD400A31587 /* ETUserView.m in Sources */ = {isa = PBXBuildFile; fileRef = A199C9FA1A73ADD400A31587 /* ETUserView.m */; };
		A199C9FF1A74874A00A31587 /* ETImageButton.m in Sources */ = {isa = PBXBuildFile; fileRef = A199C9FE1A74874A00A31587 /* ETImageButton.m */; };
		A199CA031A74A33500A31587 /* ETHomePanelView.m in Sources */ = {isa = PBXBuildFile; fileRef = A199CA021A74A33500A31587 /* ETHomePanelView.m */; };
		A199CA051A74BDE200A31587 /* home_panel.plist in Resources */ = {isa = PBXBuildFile; fileRef = A199CA041A74BDE200A31587 /* home_panel.plist */; };
		A199CA091A74BF7400A31587 /* everyday_selected.png in Resources */ = {isa = PBXBuildFile; fileRef = A199CA071A74BF7400A31587 /* everyday_selected.png */; };
		A199CA0A1A74BF7400A31587 /* everyday_normal.png in Resources */ = {isa = PBXBuildFile; fileRef = A199CA081A74BF7400A31587 /* everyday_normal.png */; };
		A199CA0D1A74C2A700A31587 /* practice_selected.png in Resources */ = {isa = PBXBuildFile; fileRef = A199CA0B1A74C2A700A31587 /* practice_selected.png */; };
		A199CA0E1A74C2A700A31587 /* practice_normal.png in Resources */ = {isa = PBXBuildFile; fileRef = A199CA0C1A74C2A700A31587 /* practice_normal.png */; };
		A199CA111A74C37C00A31587 /* collect_selected.png in Resources */ = {isa = PBXBuildFile; fileRef = A199CA0F1A74C37C00A31587 /* collect_selected.png */; };
		A199CA121A74C37C00A31587 /* collect_normal.png in Resources */ = {isa = PBXBuildFile; fileRef = A199CA101A74C37C00A31587 /* collect_normal.png */; };
		A199CA151A74C77000A31587 /* renewal_selected.png in Resources */ = {isa = PBXBuildFile; fileRef = A199CA131A74C77000A31587 /* renewal_selected.png */; };
		A199CA161A74C77000A31587 /* renewal_normal.png in Resources */ = {isa = PBXBuildFile; fileRef = A199CA141A74C77000A31587 /* renewal_normal.png */; };
		A199CA191A74C86800A31587 /* imitate_selected.png in Resources */ = {isa = PBXBuildFile; fileRef = A199CA171A74C86800A31587 /* imitate_selected.png */; };
		A199CA1A1A74C86800A31587 /* imitate_normal.png in Resources */ = {isa = PBXBuildFile; fileRef = A199CA181A74C86800A31587 /* imitate_normal.png */; };
		A199CA1D1A74CBE800A31587 /* notes_selected.png in Resources */ = {isa = PBXBuildFile; fileRef = A199CA1B1A74CBE800A31587 /* notes_selected.png */; };
		A199CA1E1A74CBE800A31587 /* notes_normal.png in Resources */ = {isa = PBXBuildFile; fileRef = A199CA1C1A74CBE800A31587 /* notes_normal.png */; };
		A199CA211A74CCB600A31587 /* forum_selected.png in Resources */ = {isa = PBXBuildFile; fileRef = A199CA1F1A74CCB600A31587 /* forum_selected.png */; };
		A199CA221A74CCB600A31587 /* forum_normal.png in Resources */ = {isa = PBXBuildFile; fileRef = A199CA201A74CCB600A31587 /* forum_normal.png */; };
		A199CA251A74CD1E00A31587 /* record_selected.png in Resources */ = {isa = PBXBuildFile; fileRef = A199CA231A74CD1E00A31587 /* record_selected.png */; };
		A199CA261A74CD1E00A31587 /* record_normal.png in Resources */ = {isa = PBXBuildFile; fileRef = A199CA241A74CD1E00A31587 /* record_normal.png */; };
		A199CA291A74CD8D00A31587 /* guide_selected.png in Resources */ = {isa = PBXBuildFile; fileRef = A199CA271A74CD8D00A31587 /* guide_selected.png */; };
		A199CA2A1A74CD8D00A31587 /* guide_normal.png in Resources */ = {isa = PBXBuildFile; fileRef = A199CA281A74CD8D00A31587 /* guide_normal.png */; };
		A199CA301A74CFBF00A31587 /* HomeData.m in Sources */ = {isa = PBXBuildFile; fileRef = A199CA2F1A74CFBF00A31587 /* HomeData.m */; };
		A199CB871A7761030094FE50 /* ScreenViewController.m in Sources */ = {isa = PBXBuildFile; fileRef = A199CB861A7761030094FE50 /* ScreenViewController.m */; };
		A199CBBF1A7788EB0094FE50 /* slider-bg.png in Resources */ = {isa = PBXBuildFile; fileRef = A199CBBD1A7788EB0094FE50 /* slider-bg.png */; };
		A199CBC01A7788EB0094FE50 /* slider-knob.png in Resources */ = {isa = PBXBuildFile; fileRef = A199CBBE1A7788EB0094FE50 /* slider-knob.png */; };
		A19DCE741A82F5DF0019856D /* AppClient.m in Sources */ = {isa = PBXBuildFile; fileRef = A19DCE731A82F5DF0019856D /* AppClient.m */; };
		A19DCE781A83442C0019856D /* HttpUtils.m in Sources */ = {isa = PBXBuildFile; fileRef = A19DCE771A83442C0019856D /* HttpUtils.m */; };
		A1AA7CC61A81B336003A5137 /* RegisterData.m in Sources */ = {isa = PBXBuildFile; fileRef = A1AA7CC51A81B336003A5137 /* RegisterData.m */; };
		A1AA7CCC1A81F761003A5137 /* LoginData.m in Sources */ = {isa = PBXBuildFile; fileRef = A1AA7CCB1A81F761003A5137 /* LoginData.m */; };
		A1C3B7631A75DB5F006EA38F /* DefaultViewController.m in Sources */ = {isa = PBXBuildFile; fileRef = A1C3B7621A75DB5F006EA38F /* DefaultViewController.m */; };
		A1C3B7681A75ED34006EA38F /* coming_soon.jpg in Resources */ = {isa = PBXBuildFile; fileRef = A1C3B7671A75ED34006EA38F /* coming_soon.jpg */; };
		A1C3B7741A7633EE006EA38F /* settings_panel.plist in Resources */ = {isa = PBXBuildFile; fileRef = A1C3B7731A7633EE006EA38F /* settings_panel.plist */; };
		A1C3B7771A763C05006EA38F /* SettingData.m in Sources */ = {isa = PBXBuildFile; fileRef = A1C3B7761A763C05006EA38F /* SettingData.m */; };
		A1D02EF51A7B1208004C484D /* AboutViewController.m in Sources */ = {isa = PBXBuildFile; fileRef = A1D02EF41A7B1208004C484D /* AboutViewController.m */; };
		A1D02EF81A7B13D6004C484D /* AboutData.m in Sources */ = {isa = PBXBuildFile; fileRef = A1D02EF71A7B13D6004C484D /* AboutData.m */; };
		A1D02EFA1A7B1723004C484D /* about_panel.plist in Resources */ = {isa = PBXBuildFile; fileRef = A1D02EF91A7B1723004C484D /* about_panel.plist */; };
		A1D02EFC1A7B1926004C484D /* logo.png in Resources */ = {isa = PBXBuildFile; fileRef = A1D02EFB1A7B1926004C484D /* logo.png */; };
		A1D02EFF1A7B5BD1004C484D /* AccountViewController.m in Sources */ = {isa = PBXBuildFile; fileRef = A1D02EFE1A7B5BD1004C484D /* AccountViewController.m */; };
		A1D02F021A7B6588004C484D /* UserAccountData.m in Sources */ = {isa = PBXBuildFile; fileRef = A1D02F011A7B6588004C484D /* UserAccountData.m */; };
		A1D02F051A7B70F9004C484D /* AESCrypt.m in Sources */ = {isa = PBXBuildFile; fileRef = A1D02F041A7B70F9004C484D /* AESCrypt.m */; };
		A1D02F081A7B7E37004C484D /* NSString+Hex.m in Sources */ = {isa = PBXBuildFile; fileRef = A1D02F071A7B7E37004C484D /* NSString+Hex.m */; };
		A1D02F0B1A7B8A85004C484D /* NSData+Hex.m in Sources */ = {isa = PBXBuildFile; fileRef = A1D02F0A1A7B8A85004C484D /* NSData+Hex.m */; };
		A1D02F0E1A7B8C95004C484D /* UINavigationController+Animation.m in Sources */ = {isa = PBXBuildFile; fileRef = A1D02F0D1A7B8C95004C484D /* UINavigationController+Animation.m */; };
		A1D66D391A72177200F98206 /* UIColor+Hex.m in Sources */ = {isa = PBXBuildFile; fileRef = A1D66D381A72177200F98206 /* UIColor+Hex.m */; };
		A1D66D3C1A7217BA00F98206 /* NSString+Size.m in Sources */ = {isa = PBXBuildFile; fileRef = A1D66D3A1A7217BA00F98206 /* NSString+Size.m */; };
		A1D66D3F1A723B7E00F98206 /* NSString+Date.m in Sources */ = {isa = PBXBuildFile; fileRef = A1D66D3E1A723B7E00F98206 /* NSString+Date.m */; };
		A1E279001A7887B000F23A20 /* ETNavigationController.m in Sources */ = {isa = PBXBuildFile; fileRef = A1E278FF1A7887B000F23A20 /* ETNavigationController.m */; };
		A1E279051A78BC8B00F23A20 /* UIViewController+VisibleView.m in Sources */ = {isa = PBXBuildFile; fileRef = A1E279041A78BC8B00F23A20 /* UIViewController+VisibleView.m */; };
		A1E279071A78D7D600F23A20 /* libsqlite3.dylib in Frameworks */ = {isa = PBXBuildFile; fileRef = A1E279061A78D7D600F23A20 /* libsqlite3.dylib */; };
		A1E2790A1A78DFED00F23A20 /* FeedbackViewController.m in Sources */ = {isa = PBXBuildFile; fileRef = A1E279091A78DFED00F23A20 /* FeedbackViewController.m */; };
		A1ED101B1A6F4EA9004DAD90 /* NSQueue.m in Sources */ = {isa = PBXBuildFile; fileRef = A1ED101A1A6F4EA9004DAD90 /* NSQueue.m */; };
		A1ED10201A6F80BA004DAD90 /* MainViewController.m in Sources */ = {isa = PBXBuildFile; fileRef = A1ED101F1A6F80BA004DAD90 /* MainViewController.m */; };
		A1EE7DD81A70A52F0071C76D /* HomeViewController.m in Sources */ = {isa = PBXBuildFile; fileRef = A1EE7DD71A70A52F0071C76D /* HomeViewController.m */; };
		A1EE7DDB1A70A8B80071C76D /* SettingsViewController.m in Sources */ = {isa = PBXBuildFile; fileRef = A1EE7DDA1A70A8B80071C76D /* SettingsViewController.m */; };
		A1EE7E011A70E5A00071C76D /* tab_home_normal.png in Resources */ = {isa = PBXBuildFile; fileRef = A1EE7DFD1A70E5A00071C76D /* tab_home_normal.png */; };
		A1EE7E021A70E5A00071C76D /* tab_home_selected.png in Resources */ = {isa = PBXBuildFile; fileRef = A1EE7DFE1A70E5A00071C76D /* tab_home_selected.png */; };
		A1EE7E031A70E5A00071C76D /* tab_settings_normal.png in Resources */ = {isa = PBXBuildFile; fileRef = A1EE7DFF1A70E5A00071C76D /* tab_settings_normal.png */; };
		A1EE7E041A70E5A00071C76D /* tab_settings_selectd.png in Resources */ = {isa = PBXBuildFile; fileRef = A1EE7E001A70E5A00071C76D /* tab_settings_selectd.png */; };
		A1EE7E071A70EA440071C76D /* user_username.png in Resources */ = {isa = PBXBuildFile; fileRef = A1EE7E061A70EA440071C76D /* user_username.png */; };
		A1EE7E091A70EA5B0071C76D /* user_calculate.png in Resources */ = {isa = PBXBuildFile; fileRef = A1EE7E081A70EA5B0071C76D /* user_calculate.png */; };
		A1F1D50B1AA9F57B003B2B4C /* ItemAnswersheet.m in Sources */ = {isa = PBXBuildFile; fileRef = A1F1D50A1AA9F57B003B2B4C /* ItemAnswersheet.m */; };
/* End PBXBuildFile section */

/* Begin PBXContainerItemProxy section */
		A1910E881A6D3AC800377160 /* PBXContainerItemProxy */ = {
			isa = PBXContainerItemProxy;
			containerPortal = A1910E601A6D3AC800377160 /* Project object */;
			proxyType = 1;
			remoteGlobalIDString = A1910E671A6D3AC800377160;
			remoteInfo = ExamApp;
		};
/* End PBXContainerItemProxy section */

/* Begin PBXFileReference section */
		5107C5451C2BCF444822DEFD /* libPods.a */ = {isa = PBXFileReference; explicitFileType = archive.ar; includeInIndex = 0; path = libPods.a; sourceTree = BUILT_PRODUCTS_DIR; };
		546409C18EB0DA5FBE4F4AF6 /* Pods.debug.xcconfig */ = {isa = PBXFileReference; includeInIndex = 1; lastKnownFileType = text.xcconfig; name = Pods.debug.xcconfig; path = "Pods/Target Support Files/Pods/Pods.debug.xcconfig"; sourceTree = "<group>"; };
		A10187C51A84B568002D2F37 /* LoginViewController+UserLogin.h */ = {isa = PBXFileReference; fileEncoding = 4; lastKnownFileType = sourcecode.c.h; path = "LoginViewController+UserLogin.h"; sourceTree = "<group>"; };
		A10187C61A84B568002D2F37 /* LoginViewController+UserLogin.m */ = {isa = PBXFileReference; fileEncoding = 4; lastKnownFileType = sourcecode.c.objc; path = "LoginViewController+UserLogin.m"; sourceTree = "<group>"; };
		A140418B1A78E61B00669D46 /* ETextView.h */ = {isa = PBXFileReference; fileEncoding = 4; lastKnownFileType = sourcecode.c.h; name = ETextView.h; path = Utils/ETextView.h; sourceTree = "<group>"; };
		A140418C1A78E61B00669D46 /* ETextView.m */ = {isa = PBXFileReference; fileEncoding = 4; lastKnownFileType = sourcecode.c.objc; name = ETextView.m; path = Utils/ETextView.m; sourceTree = "<group>"; };
		A1510F811A6DEF4C00FE59A9 /* LaunchViewController.h */ = {isa = PBXFileReference; fileEncoding = 4; lastKnownFileType = sourcecode.c.h; path = LaunchViewController.h; sourceTree = "<group>"; };
		A1510F821A6DEF4C00FE59A9 /* LaunchViewController.m */ = {isa = PBXFileReference; fileEncoding = 4; lastKnownFileType = sourcecode.c.objc; path = LaunchViewController.m; sourceTree = "<group>"; };
		A15110291A6E4A7800FE59A9 /* guide_1.png */ = {isa = PBXFileReference; lastKnownFileType = image.png; path = guide_1.png; sourceTree = "<group>"; };
		A151102A1A6E4A7800FE59A9 /* guide_2.png */ = {isa = PBXFileReference; lastKnownFileType = image.png; path = guide_2.png; sourceTree = "<group>"; };
		A151102B1A6E4A7800FE59A9 /* guide_3.png */ = {isa = PBXFileReference; lastKnownFileType = image.png; path = guide_3.png; sourceTree = "<group>"; };
		A1580A471A95A20D0082C1E2 /* ImitateSubjectViewController.h */ = {isa = PBXFileReference; fileEncoding = 4; lastKnownFileType = sourcecode.c.h; path = ImitateSubjectViewController.h; sourceTree = "<group>"; };
		A1580A481A95A20D0082C1E2 /* ImitateSubjectViewController.m */ = {isa = PBXFileReference; fileEncoding = 4; lastKnownFileType = sourcecode.c.objc; path = ImitateSubjectViewController.m; sourceTree = "<group>"; };
		A1580A4A1A95D56A0082C1E2 /* SubjectData.h */ = {isa = PBXFileReference; fileEncoding = 4; lastKnownFileType = sourcecode.c.h; path = SubjectData.h; sourceTree = "<group>"; };
		A1580A4B1A95D56A0082C1E2 /* SubjectData.m */ = {isa = PBXFileReference; fileEncoding = 4; lastKnownFileType = sourcecode.c.objc; path = SubjectData.m; sourceTree = "<group>"; };
		A1580A4D1A960B370082C1E2 /* ExamData.h */ = {isa = PBXFileReference; fileEncoding = 4; lastKnownFileType = sourcecode.c.h; path = ExamData.h; sourceTree = "<group>"; };
		A1580A4E1A960B370082C1E2 /* ExamData.m */ = {isa = PBXFileReference; fileEncoding = 4; lastKnownFileType = sourcecode.c.objc; path = ExamData.m; sourceTree = "<group>"; };
		A15DFF411AA1857200C8A7B7 /* PaperData.h */ = {isa = PBXFileReference; fileEncoding = 4; lastKnownFileType = sourcecode.c.h; path = PaperData.h; sourceTree = "<group>"; };
		A15DFF421AA1857200C8A7B7 /* PaperData.m */ = {isa = PBXFileReference; fileEncoding = 4; lastKnownFileType = sourcecode.c.objc; path = PaperData.m; sourceTree = "<group>"; };
		A15DFF441AA1AC5D00C8A7B7 /* PaperReview.h */ = {isa = PBXFileReference; fileEncoding = 4; lastKnownFileType = sourcecode.c.h; path = PaperReview.h; sourceTree = "<group>"; };
		A15DFF451AA1AC5D00C8A7B7 /* PaperReview.m */ = {isa = PBXFileReference; fileEncoding = 4; lastKnownFileType = sourcecode.c.objc; path = PaperReview.m; sourceTree = "<group>"; };
		A15DFF471AA2D5B000C8A7B7 /* PaperDataDao.h */ = {isa = PBXFileReference; fileEncoding = 4; lastKnownFileType = sourcecode.c.h; path = PaperDataDao.h; sourceTree = "<group>"; };
		A15DFF481AA2D5B000C8A7B7 /* PaperDataDao.m */ = {isa = PBXFileReference; fileEncoding = 4; lastKnownFileType = sourcecode.c.objc; path = PaperDataDao.m; sourceTree = "<group>"; };
		A15EB7A51A84EC8B009199D1 /* JSONCallback.h */ = {isa = PBXFileReference; fileEncoding = 4; lastKnownFileType = sourcecode.c.h; path = JSONCallback.h; sourceTree = "<group>"; };
		A15EB7A61A84EC8B009199D1 /* JSONCallback.m */ = {isa = PBXFileReference; fileEncoding = 4; lastKnownFileType = sourcecode.c.objc; path = JSONCallback.m; sourceTree = "<group>"; };
		A15EB7A81A84FCF0009199D1 /* LoginViewController+Register.h */ = {isa = PBXFileReference; fileEncoding = 4; lastKnownFileType = sourcecode.c.h; path = "LoginViewController+Register.h"; sourceTree = "<group>"; };
		A15EB7A91A84FCF0009199D1 /* LoginViewController+Register.m */ = {isa = PBXFileReference; fileEncoding = 4; lastKnownFileType = sourcecode.c.objc; path = "LoginViewController+Register.m"; sourceTree = "<group>"; };
		A1647B601A728679007B12EA /* NSDate+TimeZone.h */ = {isa = PBXFileReference; fileEncoding = 4; lastKnownFileType = sourcecode.c.h; name = "NSDate+TimeZone.h"; path = "Utils/NSDate+TimeZone.h"; sourceTree = "<group>"; };
		A1647B611A728679007B12EA /* NSDate+TimeZone.m */ = {isa = PBXFileReference; fileEncoding = 4; lastKnownFileType = sourcecode.c.objc; name = "NSDate+TimeZone.m"; path = "Utils/NSDate+TimeZone.m"; sourceTree = "<group>"; };
		A1762B241A873FB1008E5656 /* AccountViewController+RegisterCode.h */ = {isa = PBXFileReference; fileEncoding = 4; lastKnownFileType = sourcecode.c.h; path = "AccountViewController+RegisterCode.h"; sourceTree = "<group>"; };
		A1762B251A873FB1008E5656 /* AccountViewController+RegisterCode.m */ = {isa = PBXFileReference; fileEncoding = 4; lastKnownFileType = sourcecode.c.objc; path = "AccountViewController+RegisterCode.m"; sourceTree = "<group>"; };
		A1762B271A874428008E5656 /* AccountViewController+Logout.h */ = {isa = PBXFileReference; fileEncoding = 4; lastKnownFileType = sourcecode.c.h; path = "AccountViewController+Logout.h"; sourceTree = "<group>"; };
		A1762B281A874428008E5656 /* AccountViewController+Logout.m */ = {isa = PBXFileReference; fileEncoding = 4; lastKnownFileType = sourcecode.c.objc; path = "AccountViewController+Logout.m"; sourceTree = "<group>"; };
		A17F78D11AA55D1400C671A9 /* PaperRecord.h */ = {isa = PBXFileReference; fileEncoding = 4; lastKnownFileType = sourcecode.c.h; path = PaperRecord.h; sourceTree = "<group>"; };
		A17F78D21AA55D1400C671A9 /* PaperRecord.m */ = {isa = PBXFileReference; fileEncoding = 4; lastKnownFileType = sourcecode.c.objc; path = PaperRecord.m; sourceTree = "<group>"; };
		A17F78D41AA5695700C671A9 /* PaperItemRecord.h */ = {isa = PBXFileReference; fileEncoding = 4; lastKnownFileType = sourcecode.c.h; path = PaperItemRecord.h; sourceTree = "<group>"; };
		A17F78D51AA5695700C671A9 /* PaperItemRecord.m */ = {isa = PBXFileReference; fileEncoding = 4; lastKnownFileType = sourcecode.c.objc; path = PaperItemRecord.m; sourceTree = "<group>"; };
		A182E4711AA596DE00730ECC /* PaperItemFavorite.h */ = {isa = PBXFileReference; fileEncoding = 4; lastKnownFileType = sourcecode.c.h; path = PaperItemFavorite.h; sourceTree = "<group>"; };
		A182E4721AA596DE00730ECC /* PaperItemFavorite.m */ = {isa = PBXFileReference; fileEncoding = 4; lastKnownFileType = sourcecode.c.objc; path = PaperItemFavorite.m; sourceTree = "<group>"; };
		A182E4741AA5A58F00730ECC /* PaperRecordDao.h */ = {isa = PBXFileReference; fileEncoding = 4; lastKnownFileType = sourcecode.c.h; path = PaperRecordDao.h; sourceTree = "<group>"; };
		A182E4751AA5A58F00730ECC /* PaperRecordDao.m */ = {isa = PBXFileReference; fileEncoding = 4; lastKnownFileType = sourcecode.c.objc; path = PaperRecordDao.m; sourceTree = "<group>"; };
		A18827721AA053E5008C734D /* ETAlert.h */ = {isa = PBXFileReference; fileEncoding = 4; lastKnownFileType = sourcecode.c.h; name = ETAlert.h; path = Utils/ETAlert.h; sourceTree = "<group>"; };
		A18827731AA053E5008C734D /* ETAlert.m */ = {isa = PBXFileReference; fileEncoding = 4; lastKnownFileType = sourcecode.c.objc; name = ETAlert.m; path = Utils/ETAlert.m; sourceTree = "<group>"; };
		A18827781AA064AD008C734D /* DataSyncService.h */ = {isa = PBXFileReference; fileEncoding = 4; lastKnownFileType = sourcecode.c.h; path = DataSyncService.h; sourceTree = "<group>"; };
		A18827791AA064AD008C734D /* DataSyncService.m */ = {isa = PBXFileReference; fileEncoding = 4; lastKnownFileType = sourcecode.c.objc; path = DataSyncService.m; sourceTree = "<group>"; };
		A188277B1AA06CE0008C734D /* AppClientSync.h */ = {isa = PBXFileReference; fileEncoding = 4; lastKnownFileType = sourcecode.c.h; path = AppClientSync.h; sourceTree = "<group>"; };
		A188277C1AA06CE0008C734D /* AppClientSync.m */ = {isa = PBXFileReference; fileEncoding = 4; lastKnownFileType = sourcecode.c.objc; path = AppClientSync.m; sourceTree = "<group>"; };
		A18962E41AA33D970065B70C /* PaperListViewController.h */ = {isa = PBXFileReference; fileEncoding = 4; lastKnownFileType = sourcecode.c.h; path = PaperListViewController.h; sourceTree = "<group>"; };
		A18962E51AA33D970065B70C /* PaperListViewController.m */ = {isa = PBXFileReference; fileEncoding = 4; lastKnownFileType = sourcecode.c.objc; path = PaperListViewController.m; sourceTree = "<group>"; };
		A18995931A79EC4200D591FF /* feedback_post_normal.png */ = {isa = PBXFileReference; lastKnownFileType = image.png; name = feedback_post_normal.png; path = "../../../examw-test-android/examw-test-app-core/res/drawable-hdpi/feedback_post_normal.png"; sourceTree = "<group>"; };
		A18995941A79EC4200D591FF /* feedback_post_selected.png */ = {isa = PBXFileReference; lastKnownFileType = image.png; name = feedback_post_selected.png; path = "../../../examw-test-android/examw-test-app-core/res/drawable-hdpi/feedback_post_selected.png"; sourceTree = "<group>"; };
		A18995971A7A2F5E00D591FF /* ProtocolViewController.h */ = {isa = PBXFileReference; fileEncoding = 4; lastKnownFileType = sourcecode.c.h; path = ProtocolViewController.h; sourceTree = "<group>"; };
		A18995981A7A2F5E00D591FF /* ProtocolViewController.m */ = {isa = PBXFileReference; fileEncoding = 4; lastKnownFileType = sourcecode.c.objc; path = ProtocolViewController.m; sourceTree = "<group>"; };
		A189959C1A7A381700D591FF /* privacy */ = {isa = PBXFileReference; fileEncoding = 4; lastKnownFileType = text; name = privacy; path = "../../../examw-test-android/examw-test-app-core/assets/privacy"; sourceTree = "<group>"; };
		A18B9F651AA6997B00C135DB /* PaperItemRecordDao.h */ = {isa = PBXFileReference; fileEncoding = 4; lastKnownFileType = sourcecode.c.h; path = PaperItemRecordDao.h; sourceTree = "<group>"; };
		A18B9F661AA6997B00C135DB /* PaperItemRecordDao.m */ = {isa = PBXFileReference; fileEncoding = 4; lastKnownFileType = sourcecode.c.objc; path = PaperItemRecordDao.m; sourceTree = "<group>"; };
		A18B9F681AA6CF9F00C135DB /* PaperItemFavoriteDao.h */ = {isa = PBXFileReference; fileEncoding = 4; lastKnownFileType = sourcecode.c.h; path = PaperItemFavoriteDao.h; sourceTree = "<group>"; };
		A18B9F691AA6CF9F00C135DB /* PaperItemFavoriteDao.m */ = {isa = PBXFileReference; fileEncoding = 4; lastKnownFileType = sourcecode.c.objc; path = PaperItemFavoriteDao.m; sourceTree = "<group>"; };
		A18B9F6B1AA700B200C135DB /* PaperRecordService.h */ = {isa = PBXFileReference; fileEncoding = 4; lastKnownFileType = sourcecode.c.h; path = PaperRecordService.h; sourceTree = "<group>"; };
		A18B9F6C1AA700B200C135DB /* PaperRecordService.m */ = {isa = PBXFileReference; fileEncoding = 4; lastKnownFileType = sourcecode.c.objc; path = PaperRecordService.m; sourceTree = "<group>"; };
		A18B9F6E1AA70A2400C135DB /* ItemViewController.h */ = {isa = PBXFileReference; fileEncoding = 4; lastKnownFileType = sourcecode.c.h; path = ItemViewController.h; sourceTree = "<group>"; };
		A18B9F6F1AA70A2400C135DB /* ItemViewController.m */ = {isa = PBXFileReference; fileEncoding = 4; lastKnownFileType = sourcecode.c.objc; path = ItemViewController.m; sourceTree = "<group>"; };
		A18CCF331A85BD2A00C20555 /* TextFieldValidator.m */ = {isa = PBXFileReference; fileEncoding = 4; lastKnownFileType = sourcecode.c.objc; name = TextFieldValidator.m; path = Utils/TextFieldValidator.m; sourceTree = "<group>"; };
		A18CCF341A85BD2A00C20555 /* TextFieldValidator.h */ = {isa = PBXFileReference; fileEncoding = 4; lastKnownFileType = sourcecode.c.h; name = TextFieldValidator.h; path = Utils/TextFieldValidator.h; sourceTree = "<group>"; };
		A18CCF361A85BD6E00C20555 /* error@2x.png */ = {isa = PBXFileReference; lastKnownFileType = image.png; path = "error@2x.png"; sourceTree = "<group>"; };
		A18CD2B11A7BBEC700B90FF0 /* UIViewController+Animation.h */ = {isa = PBXFileReference; fileEncoding = 4; lastKnownFileType = sourcecode.c.h; name = "UIViewController+Animation.h"; path = "Utils/UIViewController+Animation.h"; sourceTree = "<group>"; };
		A18CD2B21A7BBEC700B90FF0 /* UIViewController+Animation.m */ = {isa = PBXFileReference; fileEncoding = 4; lastKnownFileType = sourcecode.c.objc; name = "UIViewController+Animation.m"; path = "Utils/UIViewController+Animation.m"; sourceTree = "<group>"; };
		A1904FA61A94E36900541B9E /* AppRegisterCode.h */ = {isa = PBXFileReference; fileEncoding = 4; lastKnownFileType = sourcecode.c.h; path = AppRegisterCode.h; sourceTree = "<group>"; };
		A1904FA71A94E36900541B9E /* AppRegisterCode.m */ = {isa = PBXFileReference; fileEncoding = 4; lastKnownFileType = sourcecode.c.objc; path = AppRegisterCode.m; sourceTree = "<group>"; };
		A1910E681A6D3AC800377160 /* ExamApp.app */ = {isa = PBXFileReference; explicitFileType = wrapper.application; includeInIndex = 0; path = ExamApp.app; sourceTree = BUILT_PRODUCTS_DIR; };
		A1910E6C1A6D3AC800377160 /* Info.plist */ = {isa = PBXFileReference; lastKnownFileType = text.plist.xml; path = Info.plist; sourceTree = "<group>"; };
		A1910E6D1A6D3AC800377160 /* main.m */ = {isa = PBXFileReference; lastKnownFileType = sourcecode.c.objc; path = main.m; sourceTree = "<group>"; };
		A1910E6F1A6D3AC800377160 /* AppDelegate.h */ = {isa = PBXFileReference; lastKnownFileType = sourcecode.c.h; path = AppDelegate.h; sourceTree = "<group>"; };
		A1910E701A6D3AC800377160 /* AppDelegate.m */ = {isa = PBXFileReference; lastKnownFileType = sourcecode.c.objc; path = AppDelegate.m; sourceTree = "<group>"; };
		A1910E731A6D3AC800377160 /* ExamApp.xcdatamodel */ = {isa = PBXFileReference; lastKnownFileType = wrapper.xcdatamodel; path = ExamApp.xcdatamodel; sourceTree = "<group>"; };
		A1910E7E1A6D3AC800377160 /* Images.xcassets */ = {isa = PBXFileReference; lastKnownFileType = folder.assetcatalog; path = Images.xcassets; sourceTree = "<group>"; };
		A1910E871A6D3AC800377160 /* ExamAppTests.xctest */ = {isa = PBXFileReference; explicitFileType = wrapper.cfbundle; includeInIndex = 0; path = ExamAppTests.xctest; sourceTree = BUILT_PRODUCTS_DIR; };
		A1910E8C1A6D3AC800377160 /* Info.plist */ = {isa = PBXFileReference; lastKnownFileType = text.plist.xml; path = Info.plist; sourceTree = "<group>"; };
		A1910E8D1A6D3AC800377160 /* ExamAppTests.m */ = {isa = PBXFileReference; lastKnownFileType = sourcecode.c.objc; path = ExamAppTests.m; sourceTree = "<group>"; };
		A1913F8A1AA40107003BFEA0 /* PaperService.h */ = {isa = PBXFileReference; fileEncoding = 4; lastKnownFileType = sourcecode.c.h; path = PaperService.h; sourceTree = "<group>"; };
		A1913F8B1AA40107003BFEA0 /* PaperService.m */ = {isa = PBXFileReference; fileEncoding = 4; lastKnownFileType = sourcecode.c.objc; path = PaperService.m; sourceTree = "<group>"; };
		A1913F8D1AA42F2A003BFEA0 /* PaperDetailViewController.h */ = {isa = PBXFileReference; fileEncoding = 4; lastKnownFileType = sourcecode.c.h; path = PaperDetailViewController.h; sourceTree = "<group>"; };
		A1913F8E1AA42F2A003BFEA0 /* PaperDetailViewController.m */ = {isa = PBXFileReference; fileEncoding = 4; lastKnownFileType = sourcecode.c.objc; path = PaperDetailViewController.m; sourceTree = "<group>"; };
		A1936A8F1A9EC4E300A0F45C /* ExamDataDao.h */ = {isa = PBXFileReference; fileEncoding = 4; lastKnownFileType = sourcecode.c.h; path = ExamDataDao.h; sourceTree = "<group>"; };
		A1936A901A9EC4E300A0F45C /* ExamDataDao.m */ = {isa = PBXFileReference; fileEncoding = 4; lastKnownFileType = sourcecode.c.objc; path = ExamDataDao.m; sourceTree = "<group>"; };
		A1936A941A9EE01800A0F45C /* SubjectDataDao.h */ = {isa = PBXFileReference; fileEncoding = 4; lastKnownFileType = sourcecode.c.h; path = SubjectDataDao.h; sourceTree = "<group>"; };
		A1936A951A9EE01800A0F45C /* SubjectDataDao.m */ = {isa = PBXFileReference; fileEncoding = 4; lastKnownFileType = sourcecode.c.objc; path = SubjectDataDao.m; sourceTree = "<group>"; };
		A1936A991A9EF61000A0F45C /* ImitateSubjectService.h */ = {isa = PBXFileReference; fileEncoding = 4; lastKnownFileType = sourcecode.c.h; path = ImitateSubjectService.h; sourceTree = "<group>"; };
		A1936A9A1A9EF61000A0F45C /* ImitateSubjectService.m */ = {isa = PBXFileReference; fileEncoding = 4; lastKnownFileType = sourcecode.c.objc; path = ImitateSubjectService.m; sourceTree = "<group>"; };
		A1936A9C1A9F195000A0F45C /* exam-XXX-default.sqlite */ = {isa = PBXFileReference; lastKnownFileType = file; path = "exam-XXX-default.sqlite"; sourceTree = "<group>"; };
		A1936A9E1A9F1A6200A0F45C /* WaitForAnimation.h */ = {isa = PBXFileReference; fileEncoding = 4; lastKnownFileType = sourcecode.c.h; name = WaitForAnimation.h; path = Utils/WaitForAnimation.h; sourceTree = "<group>"; };
		A1936A9F1A9F1A6200A0F45C /* WaitForAnimation.m */ = {isa = PBXFileReference; fileEncoding = 4; lastKnownFileType = sourcecode.c.objc; name = WaitForAnimation.m; path = Utils/WaitForAnimation.m; sourceTree = "<group>"; };
		A194935B1AA7F64900A7791E /* favorite_normal.png */ = {isa = PBXFileReference; lastKnownFileType = image.png; path = favorite_normal.png; sourceTree = "<group>"; };
		A194935C1AA7F64900A7791E /* favorite_highlight.png */ = {isa = PBXFileReference; lastKnownFileType = image.png; path = favorite_highlight.png; sourceTree = "<group>"; };
		A19493651AA8242800A7791E /* ETTimerView.h */ = {isa = PBXFileReference; fileEncoding = 4; lastKnownFileType = sourcecode.c.h; name = ETTimerView.h; path = Utils/ETTimerView.h; sourceTree = "<group>"; };
		A19493661AA8242800A7791E /* ETTimerView.m */ = {isa = PBXFileReference; fileEncoding = 4; lastKnownFileType = sourcecode.c.objc; name = ETTimerView.m; path = Utils/ETTimerView.m; sourceTree = "<group>"; };
		A1959F911A7FABBB00C1F563 /* LoginViewController.h */ = {isa = PBXFileReference; fileEncoding = 4; lastKnownFileType = sourcecode.c.h; path = LoginViewController.h; sourceTree = "<group>"; };
		A1959F921A7FABBB00C1F563 /* LoginViewController.m */ = {isa = PBXFileReference; fileEncoding = 4; lastKnownFileType = sourcecode.c.objc; path = LoginViewController.m; sourceTree = "<group>"; };
		A195EFAC1AA94BF9002695A9 /* AnswersheetViewController.h */ = {isa = PBXFileReference; fileEncoding = 4; lastKnownFileType = sourcecode.c.h; path = AnswersheetViewController.h; sourceTree = "<group>"; };
		A195EFAD1AA94BF9002695A9 /* AnswersheetViewController.m */ = {isa = PBXFileReference; fileEncoding = 4; lastKnownFileType = sourcecode.c.objc; path = AnswersheetViewController.m; sourceTree = "<group>"; };
		A195EFAF1AA970E3002695A9 /* UIViewUtils.h */ = {isa = PBXFileReference; fileEncoding = 4; lastKnownFileType = sourcecode.c.h; name = UIViewUtils.h; path = Utils/UIViewUtils.h; sourceTree = "<group>"; };
		A195EFB01AA970E3002695A9 /* UIViewUtils.m */ = {isa = PBXFileReference; fileEncoding = 4; lastKnownFileType = sourcecode.c.objc; name = UIViewUtils.m; path = Utils/UIViewUtils.m; sourceTree = "<group>"; };
		A199C9F91A73ADD400A31587 /* ETUserView.h */ = {isa = PBXFileReference; fileEncoding = 4; lastKnownFileType = sourcecode.c.h; path = ETUserView.h; sourceTree = "<group>"; };
		A199C9FA1A73ADD400A31587 /* ETUserView.m */ = {isa = PBXFileReference; fileEncoding = 4; lastKnownFileType = sourcecode.c.objc; path = ETUserView.m; sourceTree = "<group>"; };
		A199C9FC1A73B0E800A31587 /* ETUserViewDelegate.h */ = {isa = PBXFileReference; fileEncoding = 4; lastKnownFileType = sourcecode.c.h; path = ETUserViewDelegate.h; sourceTree = "<group>"; };
		A199C9FD1A74874A00A31587 /* ETImageButton.h */ = {isa = PBXFileReference; fileEncoding = 4; lastKnownFileType = sourcecode.c.h; path = ETImageButton.h; sourceTree = "<group>"; };
		A199C9FE1A74874A00A31587 /* ETImageButton.m */ = {isa = PBXFileReference; fileEncoding = 4; lastKnownFileType = sourcecode.c.objc; path = ETImageButton.m; sourceTree = "<group>"; };
		A199CA001A7487AB00A31587 /* ETHomePanelViewDelegate.h */ = {isa = PBXFileReference; fileEncoding = 4; lastKnownFileType = sourcecode.c.h; path = ETHomePanelViewDelegate.h; sourceTree = "<group>"; };
		A199CA011A74A33500A31587 /* ETHomePanelView.h */ = {isa = PBXFileReference; fileEncoding = 4; lastKnownFileType = sourcecode.c.h; path = ETHomePanelView.h; sourceTree = "<group>"; };
		A199CA021A74A33500A31587 /* ETHomePanelView.m */ = {isa = PBXFileReference; fileEncoding = 4; lastKnownFileType = sourcecode.c.objc; path = ETHomePanelView.m; sourceTree = "<group>"; };
		A199CA041A74BDE200A31587 /* home_panel.plist */ = {isa = PBXFileReference; fileEncoding = 4; lastKnownFileType = text.plist.xml; path = home_panel.plist; sourceTree = "<group>"; };
		A199CA071A74BF7400A31587 /* everyday_selected.png */ = {isa = PBXFileReference; lastKnownFileType = image.png; path = everyday_selected.png; sourceTree = "<group>"; };
		A199CA081A74BF7400A31587 /* everyday_normal.png */ = {isa = PBXFileReference; lastKnownFileType = image.png; path = everyday_normal.png; sourceTree = "<group>"; };
		A199CA0B1A74C2A700A31587 /* practice_selected.png */ = {isa = PBXFileReference; lastKnownFileType = image.png; path = practice_selected.png; sourceTree = "<group>"; };
		A199CA0C1A74C2A700A31587 /* practice_normal.png */ = {isa = PBXFileReference; lastKnownFileType = image.png; path = practice_normal.png; sourceTree = "<group>"; };
		A199CA0F1A74C37C00A31587 /* collect_selected.png */ = {isa = PBXFileReference; lastKnownFileType = image.png; path = collect_selected.png; sourceTree = "<group>"; };
		A199CA101A74C37C00A31587 /* collect_normal.png */ = {isa = PBXFileReference; lastKnownFileType = image.png; path = collect_normal.png; sourceTree = "<group>"; };
		A199CA131A74C77000A31587 /* renewal_selected.png */ = {isa = PBXFileReference; lastKnownFileType = image.png; path = renewal_selected.png; sourceTree = "<group>"; };
		A199CA141A74C77000A31587 /* renewal_normal.png */ = {isa = PBXFileReference; lastKnownFileType = image.png; path = renewal_normal.png; sourceTree = "<group>"; };
		A199CA171A74C86800A31587 /* imitate_selected.png */ = {isa = PBXFileReference; lastKnownFileType = image.png; path = imitate_selected.png; sourceTree = "<group>"; };
		A199CA181A74C86800A31587 /* imitate_normal.png */ = {isa = PBXFileReference; lastKnownFileType = image.png; path = imitate_normal.png; sourceTree = "<group>"; };
		A199CA1B1A74CBE800A31587 /* notes_selected.png */ = {isa = PBXFileReference; lastKnownFileType = image.png; path = notes_selected.png; sourceTree = "<group>"; };
		A199CA1C1A74CBE800A31587 /* notes_normal.png */ = {isa = PBXFileReference; lastKnownFileType = image.png; path = notes_normal.png; sourceTree = "<group>"; };
		A199CA1F1A74CCB600A31587 /* forum_selected.png */ = {isa = PBXFileReference; lastKnownFileType = image.png; path = forum_selected.png; sourceTree = "<group>"; };
		A199CA201A74CCB600A31587 /* forum_normal.png */ = {isa = PBXFileReference; lastKnownFileType = image.png; path = forum_normal.png; sourceTree = "<group>"; };
		A199CA231A74CD1E00A31587 /* record_selected.png */ = {isa = PBXFileReference; lastKnownFileType = image.png; path = record_selected.png; sourceTree = "<group>"; };
		A199CA241A74CD1E00A31587 /* record_normal.png */ = {isa = PBXFileReference; lastKnownFileType = image.png; path = record_normal.png; sourceTree = "<group>"; };
		A199CA271A74CD8D00A31587 /* guide_selected.png */ = {isa = PBXFileReference; lastKnownFileType = image.png; path = guide_selected.png; sourceTree = "<group>"; };
		A199CA281A74CD8D00A31587 /* guide_normal.png */ = {isa = PBXFileReference; lastKnownFileType = image.png; path = guide_normal.png; sourceTree = "<group>"; };
		A199CA2E1A74CFBF00A31587 /* HomeData.h */ = {isa = PBXFileReference; fileEncoding = 4; lastKnownFileType = sourcecode.c.h; path = HomeData.h; sourceTree = "<group>"; };
		A199CA2F1A74CFBF00A31587 /* HomeData.m */ = {isa = PBXFileReference; fileEncoding = 4; lastKnownFileType = sourcecode.c.objc; path = HomeData.m; sourceTree = "<group>"; };
		A199CB851A7761030094FE50 /* ScreenViewController.h */ = {isa = PBXFileReference; fileEncoding = 4; lastKnownFileType = sourcecode.c.h; path = ScreenViewController.h; sourceTree = "<group>"; };
		A199CB861A7761030094FE50 /* ScreenViewController.m */ = {isa = PBXFileReference; fileEncoding = 4; lastKnownFileType = sourcecode.c.objc; path = ScreenViewController.m; sourceTree = "<group>"; };
		A199CBBD1A7788EB0094FE50 /* slider-bg.png */ = {isa = PBXFileReference; lastKnownFileType = image.png; path = "slider-bg.png"; sourceTree = "<group>"; };
		A199CBBE1A7788EB0094FE50 /* slider-knob.png */ = {isa = PBXFileReference; lastKnownFileType = image.png; path = "slider-knob.png"; sourceTree = "<group>"; };
		A19DCE721A82F5DF0019856D /* AppClient.h */ = {isa = PBXFileReference; fileEncoding = 4; lastKnownFileType = sourcecode.c.h; path = AppClient.h; sourceTree = "<group>"; };
		A19DCE731A82F5DF0019856D /* AppClient.m */ = {isa = PBXFileReference; fileEncoding = 4; lastKnownFileType = sourcecode.c.objc; path = AppClient.m; sourceTree = "<group>"; };
		A19DCE751A82F7EB0019856D /* JSONSerialize.h */ = {isa = PBXFileReference; fileEncoding = 4; lastKnownFileType = sourcecode.c.h; path = JSONSerialize.h; sourceTree = "<group>"; };
		A19DCE761A83442C0019856D /* HttpUtils.h */ = {isa = PBXFileReference; fileEncoding = 4; lastKnownFileType = sourcecode.c.h; path = HttpUtils.h; sourceTree = "<group>"; };
		A19DCE771A83442C0019856D /* HttpUtils.m */ = {isa = PBXFileReference; fileEncoding = 4; lastKnownFileType = sourcecode.c.objc; path = HttpUtils.m; sourceTree = "<group>"; };
		A1AA7CC41A81B336003A5137 /* RegisterData.h */ = {isa = PBXFileReference; fileEncoding = 4; lastKnownFileType = sourcecode.c.h; path = RegisterData.h; sourceTree = "<group>"; };
		A1AA7CC51A81B336003A5137 /* RegisterData.m */ = {isa = PBXFileReference; fileEncoding = 4; lastKnownFileType = sourcecode.c.objc; path = RegisterData.m; sourceTree = "<group>"; };
		A1AA7CC71A81D3AD003A5137 /* AppConstant.h */ = {isa = PBXFileReference; fileEncoding = 4; lastKnownFileType = sourcecode.c.h; path = AppConstant.h; sourceTree = "<group>"; };
		A1AA7CCA1A81F761003A5137 /* LoginData.h */ = {isa = PBXFileReference; fileEncoding = 4; lastKnownFileType = sourcecode.c.h; path = LoginData.h; sourceTree = "<group>"; };
		A1AA7CCB1A81F761003A5137 /* LoginData.m */ = {isa = PBXFileReference; fileEncoding = 4; lastKnownFileType = sourcecode.c.objc; path = LoginData.m; sourceTree = "<group>"; };
		A1C3B7611A75DB5F006EA38F /* DefaultViewController.h */ = {isa = PBXFileReference; fileEncoding = 4; lastKnownFileType = sourcecode.c.h; path = DefaultViewController.h; sourceTree = "<group>"; };
		A1C3B7621A75DB5F006EA38F /* DefaultViewController.m */ = {isa = PBXFileReference; fileEncoding = 4; lastKnownFileType = sourcecode.c.objc; path = DefaultViewController.m; sourceTree = "<group>"; };
		A1C3B7671A75ED34006EA38F /* coming_soon.jpg */ = {isa = PBXFileReference; lastKnownFileType = image.jpeg; path = coming_soon.jpg; sourceTree = "<group>"; };
		A1C3B7731A7633EE006EA38F /* settings_panel.plist */ = {isa = PBXFileReference; fileEncoding = 4; lastKnownFileType = text.plist.xml; path = settings_panel.plist; sourceTree = "<group>"; };
		A1C3B7751A763C05006EA38F /* SettingData.h */ = {isa = PBXFileReference; fileEncoding = 4; lastKnownFileType = sourcecode.c.h; path = SettingData.h; sourceTree = "<group>"; };
		A1C3B7761A763C05006EA38F /* SettingData.m */ = {isa = PBXFileReference; fileEncoding = 4; lastKnownFileType = sourcecode.c.objc; path = SettingData.m; sourceTree = "<group>"; };
		A1D02EF31A7B1208004C484D /* AboutViewController.h */ = {isa = PBXFileReference; fileEncoding = 4; lastKnownFileType = sourcecode.c.h; path = AboutViewController.h; sourceTree = "<group>"; };
		A1D02EF41A7B1208004C484D /* AboutViewController.m */ = {isa = PBXFileReference; fileEncoding = 4; lastKnownFileType = sourcecode.c.objc; path = AboutViewController.m; sourceTree = "<group>"; };
		A1D02EF61A7B13D6004C484D /* AboutData.h */ = {isa = PBXFileReference; fileEncoding = 4; lastKnownFileType = sourcecode.c.h; path = AboutData.h; sourceTree = "<group>"; };
		A1D02EF71A7B13D6004C484D /* AboutData.m */ = {isa = PBXFileReference; fileEncoding = 4; lastKnownFileType = sourcecode.c.objc; path = AboutData.m; sourceTree = "<group>"; };
		A1D02EF91A7B1723004C484D /* about_panel.plist */ = {isa = PBXFileReference; fileEncoding = 4; lastKnownFileType = text.plist.xml; path = about_panel.plist; sourceTree = "<group>"; };
		A1D02EFB1A7B1926004C484D /* logo.png */ = {isa = PBXFileReference; lastKnownFileType = image.png; path = logo.png; sourceTree = "<group>"; };
		A1D02EFD1A7B5BD1004C484D /* AccountViewController.h */ = {isa = PBXFileReference; fileEncoding = 4; lastKnownFileType = sourcecode.c.h; path = AccountViewController.h; sourceTree = "<group>"; };
		A1D02EFE1A7B5BD1004C484D /* AccountViewController.m */ = {isa = PBXFileReference; fileEncoding = 4; lastKnownFileType = sourcecode.c.objc; path = AccountViewController.m; sourceTree = "<group>"; };
		A1D02F001A7B6588004C484D /* UserAccountData.h */ = {isa = PBXFileReference; fileEncoding = 4; lastKnownFileType = sourcecode.c.h; path = UserAccountData.h; sourceTree = "<group>"; };
		A1D02F011A7B6588004C484D /* UserAccountData.m */ = {isa = PBXFileReference; fileEncoding = 4; lastKnownFileType = sourcecode.c.objc; path = UserAccountData.m; sourceTree = "<group>"; };
		A1D02F031A7B70F9004C484D /* AESCrypt.h */ = {isa = PBXFileReference; fileEncoding = 4; lastKnownFileType = sourcecode.c.h; name = AESCrypt.h; path = Utils/AESCrypt.h; sourceTree = "<group>"; };
		A1D02F041A7B70F9004C484D /* AESCrypt.m */ = {isa = PBXFileReference; fileEncoding = 4; lastKnownFileType = sourcecode.c.objc; name = AESCrypt.m; path = Utils/AESCrypt.m; sourceTree = "<group>"; };
		A1D02F061A7B7E37004C484D /* NSString+Hex.h */ = {isa = PBXFileReference; fileEncoding = 4; lastKnownFileType = sourcecode.c.h; name = "NSString+Hex.h"; path = "Utils/NSString+Hex.h"; sourceTree = "<group>"; };
		A1D02F071A7B7E37004C484D /* NSString+Hex.m */ = {isa = PBXFileReference; fileEncoding = 4; lastKnownFileType = sourcecode.c.objc; name = "NSString+Hex.m"; path = "Utils/NSString+Hex.m"; sourceTree = "<group>"; };
		A1D02F091A7B8A85004C484D /* NSData+Hex.h */ = {isa = PBXFileReference; fileEncoding = 4; lastKnownFileType = sourcecode.c.h; name = "NSData+Hex.h"; path = "Utils/NSData+Hex.h"; sourceTree = "<group>"; };
		A1D02F0A1A7B8A85004C484D /* NSData+Hex.m */ = {isa = PBXFileReference; fileEncoding = 4; lastKnownFileType = sourcecode.c.objc; name = "NSData+Hex.m"; path = "Utils/NSData+Hex.m"; sourceTree = "<group>"; };
		A1D02F0C1A7B8C95004C484D /* UINavigationController+Animation.h */ = {isa = PBXFileReference; fileEncoding = 4; lastKnownFileType = sourcecode.c.h; name = "UINavigationController+Animation.h"; path = "Utils/UINavigationController+Animation.h"; sourceTree = "<group>"; };
		A1D02F0D1A7B8C95004C484D /* UINavigationController+Animation.m */ = {isa = PBXFileReference; fileEncoding = 4; lastKnownFileType = sourcecode.c.objc; name = "UINavigationController+Animation.m"; path = "Utils/UINavigationController+Animation.m"; sourceTree = "<group>"; };
		A1D66D371A72177200F98206 /* UIColor+Hex.h */ = {isa = PBXFileReference; fileEncoding = 4; lastKnownFileType = sourcecode.c.h; name = "UIColor+Hex.h"; path = "Utils/UIColor+Hex.h"; sourceTree = "<group>"; };
		A1D66D381A72177200F98206 /* UIColor+Hex.m */ = {isa = PBXFileReference; fileEncoding = 4; lastKnownFileType = sourcecode.c.objc; name = "UIColor+Hex.m"; path = "Utils/UIColor+Hex.m"; sourceTree = "<group>"; };
		A1D66D3A1A7217BA00F98206 /* NSString+Size.m */ = {isa = PBXFileReference; fileEncoding = 4; lastKnownFileType = sourcecode.c.objc; name = "NSString+Size.m"; path = "Utils/NSString+Size.m"; sourceTree = "<group>"; };
		A1D66D3B1A7217BA00F98206 /* NSString+Size.h */ = {isa = PBXFileReference; fileEncoding = 4; lastKnownFileType = sourcecode.c.h; name = "NSString+Size.h"; path = "Utils/NSString+Size.h"; sourceTree = "<group>"; };
		A1D66D3D1A723B7E00F98206 /* NSString+Date.h */ = {isa = PBXFileReference; fileEncoding = 4; lastKnownFileType = sourcecode.c.h; name = "NSString+Date.h"; path = "Utils/NSString+Date.h"; sourceTree = "<group>"; };
		A1D66D3E1A723B7E00F98206 /* NSString+Date.m */ = {isa = PBXFileReference; fileEncoding = 4; lastKnownFileType = sourcecode.c.objc; name = "NSString+Date.m"; path = "Utils/NSString+Date.m"; sourceTree = "<group>"; };
		A1E278FE1A7887B000F23A20 /* ETNavigationController.h */ = {isa = PBXFileReference; fileEncoding = 4; lastKnownFileType = sourcecode.c.h; path = ETNavigationController.h; sourceTree = "<group>"; };
		A1E278FF1A7887B000F23A20 /* ETNavigationController.m */ = {isa = PBXFileReference; fileEncoding = 4; lastKnownFileType = sourcecode.c.objc; path = ETNavigationController.m; sourceTree = "<group>"; };
		A1E279031A78BC8B00F23A20 /* UIViewController+VisibleView.h */ = {isa = PBXFileReference; fileEncoding = 4; lastKnownFileType = sourcecode.c.h; name = "UIViewController+VisibleView.h"; path = "Utils/UIViewController+VisibleView.h"; sourceTree = "<group>"; };
		A1E279041A78BC8B00F23A20 /* UIViewController+VisibleView.m */ = {isa = PBXFileReference; fileEncoding = 4; lastKnownFileType = sourcecode.c.objc; name = "UIViewController+VisibleView.m"; path = "Utils/UIViewController+VisibleView.m"; sourceTree = "<group>"; };
		A1E279061A78D7D600F23A20 /* libsqlite3.dylib */ = {isa = PBXFileReference; lastKnownFileType = "compiled.mach-o.dylib"; name = libsqlite3.dylib; path = usr/lib/libsqlite3.dylib; sourceTree = SDKROOT; };
		A1E279081A78DFED00F23A20 /* FeedbackViewController.h */ = {isa = PBXFileReference; fileEncoding = 4; lastKnownFileType = sourcecode.c.h; path = FeedbackViewController.h; sourceTree = "<group>"; };
		A1E279091A78DFED00F23A20 /* FeedbackViewController.m */ = {isa = PBXFileReference; fileEncoding = 4; lastKnownFileType = sourcecode.c.objc; path = FeedbackViewController.m; sourceTree = "<group>"; };
		A1ED10191A6F4EA9004DAD90 /* NSQueue.h */ = {isa = PBXFileReference; fileEncoding = 4; lastKnownFileType = sourcecode.c.h; name = NSQueue.h; path = Utils/NSQueue.h; sourceTree = "<group>"; };
		A1ED101A1A6F4EA9004DAD90 /* NSQueue.m */ = {isa = PBXFileReference; fileEncoding = 4; lastKnownFileType = sourcecode.c.objc; name = NSQueue.m; path = Utils/NSQueue.m; sourceTree = "<group>"; };
		A1ED101E1A6F80BA004DAD90 /* MainViewController.h */ = {isa = PBXFileReference; fileEncoding = 4; lastKnownFileType = sourcecode.c.h; path = MainViewController.h; sourceTree = "<group>"; };
		A1ED101F1A6F80BA004DAD90 /* MainViewController.m */ = {isa = PBXFileReference; fileEncoding = 4; lastKnownFileType = sourcecode.c.objc; path = MainViewController.m; sourceTree = "<group>"; };
		A1EE7DD61A70A52F0071C76D /* HomeViewController.h */ = {isa = PBXFileReference; fileEncoding = 4; lastKnownFileType = sourcecode.c.h; path = HomeViewController.h; sourceTree = "<group>"; };
		A1EE7DD71A70A52F0071C76D /* HomeViewController.m */ = {isa = PBXFileReference; fileEncoding = 4; lastKnownFileType = sourcecode.c.objc; path = HomeViewController.m; sourceTree = "<group>"; };
		A1EE7DD91A70A8B80071C76D /* SettingsViewController.h */ = {isa = PBXFileReference; fileEncoding = 4; lastKnownFileType = sourcecode.c.h; path = SettingsViewController.h; sourceTree = "<group>"; };
		A1EE7DDA1A70A8B80071C76D /* SettingsViewController.m */ = {isa = PBXFileReference; fileEncoding = 4; lastKnownFileType = sourcecode.c.objc; path = SettingsViewController.m; sourceTree = "<group>"; };
		A1EE7DFD1A70E5A00071C76D /* tab_home_normal.png */ = {isa = PBXFileReference; lastKnownFileType = image.png; path = tab_home_normal.png; sourceTree = "<group>"; };
		A1EE7DFE1A70E5A00071C76D /* tab_home_selected.png */ = {isa = PBXFileReference; lastKnownFileType = image.png; path = tab_home_selected.png; sourceTree = "<group>"; };
		A1EE7DFF1A70E5A00071C76D /* tab_settings_normal.png */ = {isa = PBXFileReference; lastKnownFileType = image.png; path = tab_settings_normal.png; sourceTree = "<group>"; };
		A1EE7E001A70E5A00071C76D /* tab_settings_selectd.png */ = {isa = PBXFileReference; lastKnownFileType = image.png; path = tab_settings_selectd.png; sourceTree = "<group>"; };
		A1EE7E061A70EA440071C76D /* user_username.png */ = {isa = PBXFileReference; lastKnownFileType = image.png; path = user_username.png; sourceTree = "<group>"; };
		A1EE7E081A70EA5B0071C76D /* user_calculate.png */ = {isa = PBXFileReference; lastKnownFileType = image.png; path = user_calculate.png; sourceTree = "<group>"; };
		A1F1D5091AA9F57B003B2B4C /* ItemAnswersheet.h */ = {isa = PBXFileReference; fileEncoding = 4; lastKnownFileType = sourcecode.c.h; path = ItemAnswersheet.h; sourceTree = "<group>"; };
		A1F1D50A1AA9F57B003B2B4C /* ItemAnswersheet.m */ = {isa = PBXFileReference; fileEncoding = 4; lastKnownFileType = sourcecode.c.objc; path = ItemAnswersheet.m; sourceTree = "<group>"; };
		B80650993975702DBACD81BE /* Pods.release.xcconfig */ = {isa = PBXFileReference; includeInIndex = 1; lastKnownFileType = text.xcconfig; name = Pods.release.xcconfig; path = "Pods/Target Support Files/Pods/Pods.release.xcconfig"; sourceTree = "<group>"; };
/* End PBXFileReference section */

/* Begin PBXFrameworksBuildPhase section */
		A1910E651A6D3AC800377160 /* Frameworks */ = {
			isa = PBXFrameworksBuildPhase;
			buildActionMask = 2147483647;
			files = (
				A1E279071A78D7D600F23A20 /* libsqlite3.dylib in Frameworks */,
				0B8EBF44A44FCE0D15DB6C22 /* libPods.a in Frameworks */,
			);
			runOnlyForDeploymentPostprocessing = 0;
		};
		A1910E841A6D3AC800377160 /* Frameworks */ = {
			isa = PBXFrameworksBuildPhase;
			buildActionMask = 2147483647;
			files = (
			);
			runOnlyForDeploymentPostprocessing = 0;
		};
/* End PBXFrameworksBuildPhase section */

/* Begin PBXGroup section */
		2047BF322F127187F2AD72B2 /* Pods */ = {
			isa = PBXGroup;
			children = (
				546409C18EB0DA5FBE4F4AF6 /* Pods.debug.xcconfig */,
				B80650993975702DBACD81BE /* Pods.release.xcconfig */,
			);
			name = Pods;
			sourceTree = "<group>";
		};
		A18827711AA04C9E008C734D /* service */ = {
			isa = PBXGroup;
			children = (
				A18827781AA064AD008C734D /* DataSyncService.h */,
				A18827791AA064AD008C734D /* DataSyncService.m */,
			);
			name = service;
			sourceTree = "<group>";
		};
		A1910E5F1A6D3AC800377160 = {
			isa = PBXGroup;
			children = (
				A1910E6A1A6D3AC800377160 /* ExamApp */,
				A1910E8A1A6D3AC800377160 /* ExamAppTests */,
				A1910E691A6D3AC800377160 /* Products */,
				2047BF322F127187F2AD72B2 /* Pods */,
				CC43A3C6D979D5B21B285140 /* Frameworks */,
			);
			sourceTree = "<group>";
		};
		A1910E691A6D3AC800377160 /* Products */ = {
			isa = PBXGroup;
			children = (
				A1910E681A6D3AC800377160 /* ExamApp.app */,
				A1910E871A6D3AC800377160 /* ExamAppTests.xctest */,
			);
			name = Products;
			sourceTree = "<group>";
		};
		A1910E6A1A6D3AC800377160 /* ExamApp */ = {
			isa = PBXGroup;
			children = (
				A1910E6F1A6D3AC800377160 /* AppDelegate.h */,
				A1910E701A6D3AC800377160 /* AppDelegate.m */,
				A1AA7CC71A81D3AD003A5137 /* AppConstant.h */,
				A1510F811A6DEF4C00FE59A9 /* LaunchViewController.h */,
				A1510F821A6DEF4C00FE59A9 /* LaunchViewController.m */,
				A1ED101E1A6F80BA004DAD90 /* MainViewController.h */,
				A1ED101F1A6F80BA004DAD90 /* MainViewController.m */,
				A1E278FE1A7887B000F23A20 /* ETNavigationController.h */,
				A1E278FF1A7887B000F23A20 /* ETNavigationController.m */,
				A19DCE751A82F7EB0019856D /* JSONSerialize.h */,
				A1EE7DE71A70DF470071C76D /* Home */,
				A1C3B7691A760E03006EA38F /* Settings */,
				A1ED10181A6F4D34004DAD90 /* Utils */,
				A1910E7E1A6D3AC800377160 /* Images.xcassets */,
				A1910E721A6D3AC800377160 /* ExamApp.xcdatamodeld */,
				A1910E6B1A6D3AC800377160 /* Supporting Files */,
			);
			path = ExamApp;
			sourceTree = "<group>";
		};
		A1910E6B1A6D3AC800377160 /* Supporting Files */ = {
			isa = PBXGroup;
			children = (
				A1936A9C1A9F195000A0F45C /* exam-XXX-default.sqlite */,
				A1910E991A6D3B2700377160 /* images */,
				A1910E6C1A6D3AC800377160 /* Info.plist */,
				A199CA041A74BDE200A31587 /* home_panel.plist */,
				A1C3B7731A7633EE006EA38F /* settings_panel.plist */,
				A189959C1A7A381700D591FF /* privacy */,
				A1D02EF91A7B1723004C484D /* about_panel.plist */,
				A1910E6D1A6D3AC800377160 /* main.m */,
			);
			name = "Supporting Files";
			sourceTree = "<group>";
		};
		A1910E8A1A6D3AC800377160 /* ExamAppTests */ = {
			isa = PBXGroup;
			children = (
				A1910E8D1A6D3AC800377160 /* ExamAppTests.m */,
				A1910E8B1A6D3AC800377160 /* Supporting Files */,
			);
			path = ExamAppTests;
			sourceTree = "<group>";
		};
		A1910E8B1A6D3AC800377160 /* Supporting Files */ = {
			isa = PBXGroup;
			children = (
				A1910E8C1A6D3AC800377160 /* Info.plist */,
			);
			name = "Supporting Files";
			sourceTree = "<group>";
		};
		A1910E991A6D3B2700377160 /* images */ = {
			isa = PBXGroup;
			children = (
				A18CCF361A85BD6E00C20555 /* error@2x.png */,
				A1D02EFB1A7B1926004C484D /* logo.png */,
				A1EE7E081A70EA5B0071C76D /* user_calculate.png */,
				A1EE7E061A70EA440071C76D /* user_username.png */,
				A1EE7DFD1A70E5A00071C76D /* tab_home_normal.png */,
				A1EE7DFE1A70E5A00071C76D /* tab_home_selected.png */,
				A1EE7DFF1A70E5A00071C76D /* tab_settings_normal.png */,
				A1EE7E001A70E5A00071C76D /* tab_settings_selectd.png */,
				A15110291A6E4A7800FE59A9 /* guide_1.png */,
				A151102A1A6E4A7800FE59A9 /* guide_2.png */,
				A151102B1A6E4A7800FE59A9 /* guide_3.png */,
				A199CA071A74BF7400A31587 /* everyday_selected.png */,
				A199CA081A74BF7400A31587 /* everyday_normal.png */,
				A199CA0B1A74C2A700A31587 /* practice_selected.png */,
				A199CA0C1A74C2A700A31587 /* practice_normal.png */,
				A199CA0F1A74C37C00A31587 /* collect_selected.png */,
				A199CA101A74C37C00A31587 /* collect_normal.png */,
				A199CA131A74C77000A31587 /* renewal_selected.png */,
				A199CA141A74C77000A31587 /* renewal_normal.png */,
				A199CA171A74C86800A31587 /* imitate_selected.png */,
				A199CA181A74C86800A31587 /* imitate_normal.png */,
				A199CA1B1A74CBE800A31587 /* notes_selected.png */,
				A199CA1C1A74CBE800A31587 /* notes_normal.png */,
				A199CA1F1A74CCB600A31587 /* forum_selected.png */,
				A199CA201A74CCB600A31587 /* forum_normal.png */,
				A199CA231A74CD1E00A31587 /* record_selected.png */,
				A199CA241A74CD1E00A31587 /* record_normal.png */,
				A199CA271A74CD8D00A31587 /* guide_selected.png */,
				A199CA281A74CD8D00A31587 /* guide_normal.png */,
				A1C3B7671A75ED34006EA38F /* coming_soon.jpg */,
				A199CBBD1A7788EB0094FE50 /* slider-bg.png */,
				A199CBBE1A7788EB0094FE50 /* slider-knob.png */,
				A18995931A79EC4200D591FF /* feedback_post_normal.png */,
				A18995941A79EC4200D591FF /* feedback_post_selected.png */,
				A194935B1AA7F64900A7791E /* favorite_normal.png */,
				A194935C1AA7F64900A7791E /* favorite_highlight.png */,
			);
			name = images;
			sourceTree = "<group>";
		};
		A1936A8E1A9EC4AE00A0F45C /* dao */ = {
			isa = PBXGroup;
			children = (
				A1936A8F1A9EC4E300A0F45C /* ExamDataDao.h */,
				A1936A901A9EC4E300A0F45C /* ExamDataDao.m */,
				A1936A941A9EE01800A0F45C /* SubjectDataDao.h */,
				A1936A951A9EE01800A0F45C /* SubjectDataDao.m */,
				A15DFF471AA2D5B000C8A7B7 /* PaperDataDao.h */,
				A15DFF481AA2D5B000C8A7B7 /* PaperDataDao.m */,
				A182E4741AA5A58F00730ECC /* PaperRecordDao.h */,
				A182E4751AA5A58F00730ECC /* PaperRecordDao.m */,
				A18B9F651AA6997B00C135DB /* PaperItemRecordDao.h */,
				A18B9F661AA6997B00C135DB /* PaperItemRecordDao.m */,
				A18B9F681AA6CF9F00C135DB /* PaperItemFavoriteDao.h */,
				A18B9F691AA6CF9F00C135DB /* PaperItemFavoriteDao.m */,
			);
			name = dao;
			sourceTree = "<group>";
		};
		A1936A981A9EF57600A0F45C /* service */ = {
			isa = PBXGroup;
			children = (
				A1936A991A9EF61000A0F45C /* ImitateSubjectService.h */,
				A1936A9A1A9EF61000A0F45C /* ImitateSubjectService.m */,
				A1913F8A1AA40107003BFEA0 /* PaperService.h */,
				A1913F8B1AA40107003BFEA0 /* PaperService.m */,
				A18B9F6B1AA700B200C135DB /* PaperRecordService.h */,
				A18B9F6C1AA700B200C135DB /* PaperRecordService.m */,
			);
			name = service;
			sourceTree = "<group>";
		};
		A199CA2B1A74CDF000A31587 /* controllers */ = {
			isa = PBXGroup;
			children = (
				A1EE7DD61A70A52F0071C76D /* HomeViewController.h */,
				A1EE7DD71A70A52F0071C76D /* HomeViewController.m */,
				A1580A471A95A20D0082C1E2 /* ImitateSubjectViewController.h */,
				A1580A481A95A20D0082C1E2 /* ImitateSubjectViewController.m */,
				A18962E41AA33D970065B70C /* PaperListViewController.h */,
				A18962E51AA33D970065B70C /* PaperListViewController.m */,
				A1913F8D1AA42F2A003BFEA0 /* PaperDetailViewController.h */,
				A1913F8E1AA42F2A003BFEA0 /* PaperDetailViewController.m */,
				A18B9F6E1AA70A2400C135DB /* ItemViewController.h */,
				A18B9F6F1AA70A2400C135DB /* ItemViewController.m */,
				A195EFAC1AA94BF9002695A9 /* AnswersheetViewController.h */,
				A195EFAD1AA94BF9002695A9 /* AnswersheetViewController.m */,
				A1C3B7611A75DB5F006EA38F /* DefaultViewController.h */,
				A1C3B7621A75DB5F006EA38F /* DefaultViewController.m */,
			);
			name = controllers;
			sourceTree = "<group>";
		};
		A199CA2C1A74CE0600A31587 /* views */ = {
			isa = PBXGroup;
			children = (
				A199C9F91A73ADD400A31587 /* ETUserView.h */,
				A199C9FA1A73ADD400A31587 /* ETUserView.m */,
				A199C9FC1A73B0E800A31587 /* ETUserViewDelegate.h */,
				A199CA011A74A33500A31587 /* ETHomePanelView.h */,
				A199CA021A74A33500A31587 /* ETHomePanelView.m */,
				A199CA001A7487AB00A31587 /* ETHomePanelViewDelegate.h */,
				A19493651AA8242800A7791E /* ETTimerView.h */,
				A19493661AA8242800A7791E /* ETTimerView.m */,
				A1F1D5091AA9F57B003B2B4C /* ItemAnswersheet.h */,
				A1F1D50A1AA9F57B003B2B4C /* ItemAnswersheet.m */,
			);
			name = views;
			sourceTree = "<group>";
		};
		A199CA2D1A74CE2100A31587 /* models */ = {
			isa = PBXGroup;
			children = (
				A199CA2E1A74CFBF00A31587 /* HomeData.h */,
				A199CA2F1A74CFBF00A31587 /* HomeData.m */,
				A1580A4D1A960B370082C1E2 /* ExamData.h */,
				A1580A4E1A960B370082C1E2 /* ExamData.m */,
				A1580A4A1A95D56A0082C1E2 /* SubjectData.h */,
				A1580A4B1A95D56A0082C1E2 /* SubjectData.m */,
				A15DFF411AA1857200C8A7B7 /* PaperData.h */,
				A15DFF421AA1857200C8A7B7 /* PaperData.m */,
				A15DFF441AA1AC5D00C8A7B7 /* PaperReview.h */,
				A15DFF451AA1AC5D00C8A7B7 /* PaperReview.m */,
				A17F78D11AA55D1400C671A9 /* PaperRecord.h */,
				A17F78D21AA55D1400C671A9 /* PaperRecord.m */,
				A17F78D41AA5695700C671A9 /* PaperItemRecord.h */,
				A17F78D51AA5695700C671A9 /* PaperItemRecord.m */,
				A182E4711AA596DE00730ECC /* PaperItemFavorite.h */,
				A182E4721AA596DE00730ECC /* PaperItemFavorite.m */,
			);
			name = models;
			sourceTree = "<group>";
		};
		A1C3B7691A760E03006EA38F /* Settings */ = {
			isa = PBXGroup;
			children = (
				A1C3B76A1A760E25006EA38F /* controllers */,
				A1C3B76B1A760E33006EA38F /* views */,
				A1C3B76C1A760E3C006EA38F /* models */,
				A18827711AA04C9E008C734D /* service */,
			);
			name = Settings;
			sourceTree = "<group>";
		};
		A1C3B76A1A760E25006EA38F /* controllers */ = {
			isa = PBXGroup;
			children = (
				A1EE7DD91A70A8B80071C76D /* SettingsViewController.h */,
				A1EE7DDA1A70A8B80071C76D /* SettingsViewController.m */,
				A199CB851A7761030094FE50 /* ScreenViewController.h */,
				A199CB861A7761030094FE50 /* ScreenViewController.m */,
				A1E279081A78DFED00F23A20 /* FeedbackViewController.h */,
				A1E279091A78DFED00F23A20 /* FeedbackViewController.m */,
				A18995971A7A2F5E00D591FF /* ProtocolViewController.h */,
				A18995981A7A2F5E00D591FF /* ProtocolViewController.m */,
				A1D02EF31A7B1208004C484D /* AboutViewController.h */,
				A1D02EF41A7B1208004C484D /* AboutViewController.m */,
				A1D02EFD1A7B5BD1004C484D /* AccountViewController.h */,
				A1D02EFE1A7B5BD1004C484D /* AccountViewController.m */,
				A1762B271A874428008E5656 /* AccountViewController+Logout.h */,
				A1762B281A874428008E5656 /* AccountViewController+Logout.m */,
				A1762B241A873FB1008E5656 /* AccountViewController+RegisterCode.h */,
				A1762B251A873FB1008E5656 /* AccountViewController+RegisterCode.m */,
				A1959F911A7FABBB00C1F563 /* LoginViewController.h */,
				A1959F921A7FABBB00C1F563 /* LoginViewController.m */,
				A10187C51A84B568002D2F37 /* LoginViewController+UserLogin.h */,
				A10187C61A84B568002D2F37 /* LoginViewController+UserLogin.m */,
				A15EB7A81A84FCF0009199D1 /* LoginViewController+Register.h */,
				A15EB7A91A84FCF0009199D1 /* LoginViewController+Register.m */,
			);
			name = controllers;
			sourceTree = "<group>";
		};
		A1C3B76B1A760E33006EA38F /* views */ = {
			isa = PBXGroup;
			children = (
			);
			name = views;
			sourceTree = "<group>";
		};
		A1C3B76C1A760E3C006EA38F /* models */ = {
			isa = PBXGroup;
			children = (
				A1C3B7751A763C05006EA38F /* SettingData.h */,
				A1C3B7761A763C05006EA38F /* SettingData.m */,
				A1D02EF61A7B13D6004C484D /* AboutData.h */,
				A1D02EF71A7B13D6004C484D /* AboutData.m */,
				A1D02F001A7B6588004C484D /* UserAccountData.h */,
				A1D02F011A7B6588004C484D /* UserAccountData.m */,
				A19DCE721A82F5DF0019856D /* AppClient.h */,
				A19DCE731A82F5DF0019856D /* AppClient.m */,
				A188277B1AA06CE0008C734D /* AppClientSync.h */,
				A188277C1AA06CE0008C734D /* AppClientSync.m */,
				A1AA7CC41A81B336003A5137 /* RegisterData.h */,
				A1AA7CC51A81B336003A5137 /* RegisterData.m */,
				A1AA7CCA1A81F761003A5137 /* LoginData.h */,
				A1AA7CCB1A81F761003A5137 /* LoginData.m */,
				A1904FA61A94E36900541B9E /* AppRegisterCode.h */,
				A1904FA71A94E36900541B9E /* AppRegisterCode.m */,
				A15EB7A51A84EC8B009199D1 /* JSONCallback.h */,
				A15EB7A61A84EC8B009199D1 /* JSONCallback.m */,
			);
			name = models;
			sourceTree = "<group>";
		};
		A1ED10181A6F4D34004DAD90 /* Utils */ = {
			isa = PBXGroup;
			children = (
				A1ED10191A6F4EA9004DAD90 /* NSQueue.h */,
				A1ED101A1A6F4EA9004DAD90 /* NSQueue.m */,
				A1D02F031A7B70F9004C484D /* AESCrypt.h */,
				A1D02F041A7B70F9004C484D /* AESCrypt.m */,
				A19DCE761A83442C0019856D /* HttpUtils.h */,
				A19DCE771A83442C0019856D /* HttpUtils.m */,
				A1D66D3B1A7217BA00F98206 /* NSString+Size.h */,
				A1D66D3A1A7217BA00F98206 /* NSString+Size.m */,
				A1D66D3D1A723B7E00F98206 /* NSString+Date.h */,
				A1D66D3E1A723B7E00F98206 /* NSString+Date.m */,
				A1D02F061A7B7E37004C484D /* NSString+Hex.h */,
				A1D02F071A7B7E37004C484D /* NSString+Hex.m */,
				A1D02F091A7B8A85004C484D /* NSData+Hex.h */,
				A1D02F0A1A7B8A85004C484D /* NSData+Hex.m */,
				A1647B601A728679007B12EA /* NSDate+TimeZone.h */,
				A1647B611A728679007B12EA /* NSDate+TimeZone.m */,
				A1D66D371A72177200F98206 /* UIColor+Hex.h */,
				A1D66D381A72177200F98206 /* UIColor+Hex.m */,
				A1E279031A78BC8B00F23A20 /* UIViewController+VisibleView.h */,
				A1E279041A78BC8B00F23A20 /* UIViewController+VisibleView.m */,
				A18CD2B11A7BBEC700B90FF0 /* UIViewController+Animation.h */,
				A18CD2B21A7BBEC700B90FF0 /* UIViewController+Animation.m */,
				A1D02F0C1A7B8C95004C484D /* UINavigationController+Animation.h */,
				A1D02F0D1A7B8C95004C484D /* UINavigationController+Animation.m */,
				A199C9FD1A74874A00A31587 /* ETImageButton.h */,
				A199C9FE1A74874A00A31587 /* ETImageButton.m */,
				A140418B1A78E61B00669D46 /* ETextView.h */,
				A140418C1A78E61B00669D46 /* ETextView.m */,
				A18CCF341A85BD2A00C20555 /* TextFieldValidator.h */,
				A18CCF331A85BD2A00C20555 /* TextFieldValidator.m */,
				A1936A9E1A9F1A6200A0F45C /* WaitForAnimation.h */,
				A1936A9F1A9F1A6200A0F45C /* WaitForAnimation.m */,
				A18827721AA053E5008C734D /* ETAlert.h */,
				A18827731AA053E5008C734D /* ETAlert.m */,
				A195EFAF1AA970E3002695A9 /* UIViewUtils.h */,
				A195EFB01AA970E3002695A9 /* UIViewUtils.m */,
			);
			name = Utils;
			sourceTree = "<group>";
		};
		A1EE7DE71A70DF470071C76D /* Home */ = {
			isa = PBXGroup;
			children = (
				A199CA2B1A74CDF000A31587 /* controllers */,
				A199CA2C1A74CE0600A31587 /* views */,
				A199CA2D1A74CE2100A31587 /* models */,
				A1936A8E1A9EC4AE00A0F45C /* dao */,
				A1936A981A9EF57600A0F45C /* service */,
			);
			name = Home;
			sourceTree = "<group>";
		};
		CC43A3C6D979D5B21B285140 /* Frameworks */ = {
			isa = PBXGroup;
			children = (
				A1E279061A78D7D600F23A20 /* libsqlite3.dylib */,
				5107C5451C2BCF444822DEFD /* libPods.a */,
			);
			name = Frameworks;
			sourceTree = "<group>";
		};
/* End PBXGroup section */

/* Begin PBXNativeTarget section */
		A1910E671A6D3AC800377160 /* ExamApp */ = {
			isa = PBXNativeTarget;
			buildConfigurationList = A1910E911A6D3AC800377160 /* Build configuration list for PBXNativeTarget "ExamApp" */;
			buildPhases = (
				F49F74FEC8C0438B754AD504 /* Check Pods Manifest.lock */,
				A1910E641A6D3AC800377160 /* Sources */,
				A1910E651A6D3AC800377160 /* Frameworks */,
				A1910E661A6D3AC800377160 /* Resources */,
				8EBC65415B4B973E5E92CF15 /* Copy Pods Resources */,
			);
			buildRules = (
			);
			dependencies = (
			);
			name = ExamApp;
			productName = ExamApp;
			productReference = A1910E681A6D3AC800377160 /* ExamApp.app */;
			productType = "com.apple.product-type.application";
		};
		A1910E861A6D3AC800377160 /* ExamAppTests */ = {
			isa = PBXNativeTarget;
			buildConfigurationList = A1910E941A6D3AC800377160 /* Build configuration list for PBXNativeTarget "ExamAppTests" */;
			buildPhases = (
				A1910E831A6D3AC800377160 /* Sources */,
				A1910E841A6D3AC800377160 /* Frameworks */,
				A1910E851A6D3AC800377160 /* Resources */,
			);
			buildRules = (
			);
			dependencies = (
				A1910E891A6D3AC800377160 /* PBXTargetDependency */,
			);
			name = ExamAppTests;
			productName = ExamAppTests;
			productReference = A1910E871A6D3AC800377160 /* ExamAppTests.xctest */;
			productType = "com.apple.product-type.bundle.unit-test";
		};
/* End PBXNativeTarget section */

/* Begin PBXProject section */
		A1910E601A6D3AC800377160 /* Project object */ = {
			isa = PBXProject;
			attributes = {
				LastUpgradeCheck = 0610;
				ORGANIZATIONNAME = com.examw;
				TargetAttributes = {
					A1910E671A6D3AC800377160 = {
						CreatedOnToolsVersion = 6.1.1;
					};
					A1910E861A6D3AC800377160 = {
						CreatedOnToolsVersion = 6.1.1;
						TestTargetID = A1910E671A6D3AC800377160;
					};
				};
			};
			buildConfigurationList = A1910E631A6D3AC800377160 /* Build configuration list for PBXProject "ExamApp" */;
			compatibilityVersion = "Xcode 3.2";
			developmentRegion = English;
			hasScannedForEncodings = 0;
			knownRegions = (
				en,
				Base,
			);
			mainGroup = A1910E5F1A6D3AC800377160;
			productRefGroup = A1910E691A6D3AC800377160 /* Products */;
			projectDirPath = "";
			projectRoot = "";
			targets = (
				A1910E671A6D3AC800377160 /* ExamApp */,
				A1910E861A6D3AC800377160 /* ExamAppTests */,
			);
		};
/* End PBXProject section */

/* Begin PBXResourcesBuildPhase section */
		A1910E661A6D3AC800377160 /* Resources */ = {
			isa = PBXResourcesBuildPhase;
			buildActionMask = 2147483647;
			files = (
				A199CA2A1A74CD8D00A31587 /* guide_normal.png in Resources */,
				A199CA161A74C77000A31587 /* renewal_normal.png in Resources */,
				A151102E1A6E4A7800FE59A9 /* guide_3.png in Resources */,
				A18995961A79EC4200D591FF /* feedback_post_selected.png in Resources */,
				A199CA1D1A74CBE800A31587 /* notes_selected.png in Resources */,
				A199CA221A74CCB600A31587 /* forum_normal.png in Resources */,
				A1C3B7741A7633EE006EA38F /* settings_panel.plist in Resources */,
				A18995951A79EC4200D591FF /* feedback_post_normal.png in Resources */,
				A1EE7E031A70E5A00071C76D /* tab_settings_normal.png in Resources */,
				A199CA211A74CCB600A31587 /* forum_selected.png in Resources */,
				A194935D1AA7F64900A7791E /* favorite_normal.png in Resources */,
				A199CA051A74BDE200A31587 /* home_panel.plist in Resources */,
				A1EE7E071A70EA440071C76D /* user_username.png in Resources */,
				A194935E1AA7F64900A7791E /* favorite_highlight.png in Resources */,
				A18CCF371A85BD6E00C20555 /* error@2x.png in Resources */,
				A199CA121A74C37C00A31587 /* collect_normal.png in Resources */,
				A199CA1A1A74C86800A31587 /* imitate_normal.png in Resources */,
				A1EE7E021A70E5A00071C76D /* tab_home_selected.png in Resources */,
				A151102C1A6E4A7800FE59A9 /* guide_1.png in Resources */,
				A151102D1A6E4A7800FE59A9 /* guide_2.png in Resources */,
				A199CA0D1A74C2A700A31587 /* practice_selected.png in Resources */,
				A199CA191A74C86800A31587 /* imitate_selected.png in Resources */,
				A199CA251A74CD1E00A31587 /* record_selected.png in Resources */,
				A199CA091A74BF7400A31587 /* everyday_selected.png in Resources */,
				A199CA291A74CD8D00A31587 /* guide_selected.png in Resources */,
				A1EE7E041A70E5A00071C76D /* tab_settings_selectd.png in Resources */,
				A1EE7E091A70EA5B0071C76D /* user_calculate.png in Resources */,
				A199CA261A74CD1E00A31587 /* record_normal.png in Resources */,
				A199CA111A74C37C00A31587 /* collect_selected.png in Resources */,
				A199CBC01A7788EB0094FE50 /* slider-knob.png in Resources */,
				A1D02EFC1A7B1926004C484D /* logo.png in Resources */,
				A199CA1E1A74CBE800A31587 /* notes_normal.png in Resources */,
				A199CBBF1A7788EB0094FE50 /* slider-bg.png in Resources */,
				A199CA151A74C77000A31587 /* renewal_selected.png in Resources */,
				A1910E7F1A6D3AC800377160 /* Images.xcassets in Resources */,
				A1936A9D1A9F195000A0F45C /* exam-XXX-default.sqlite in Resources */,
				A1EE7E011A70E5A00071C76D /* tab_home_normal.png in Resources */,
				A199CA0A1A74BF7400A31587 /* everyday_normal.png in Resources */,
				A189959D1A7A381700D591FF /* privacy in Resources */,
				A199CA0E1A74C2A700A31587 /* practice_normal.png in Resources */,
				A1C3B7681A75ED34006EA38F /* coming_soon.jpg in Resources */,
				A1D02EFA1A7B1723004C484D /* about_panel.plist in Resources */,
			);
			runOnlyForDeploymentPostprocessing = 0;
		};
		A1910E851A6D3AC800377160 /* Resources */ = {
			isa = PBXResourcesBuildPhase;
			buildActionMask = 2147483647;
			files = (
			);
			runOnlyForDeploymentPostprocessing = 0;
		};
/* End PBXResourcesBuildPhase section */

/* Begin PBXShellScriptBuildPhase section */
		8EBC65415B4B973E5E92CF15 /* Copy Pods Resources */ = {
			isa = PBXShellScriptBuildPhase;
			buildActionMask = 2147483647;
			files = (
			);
			inputPaths = (
			);
			name = "Copy Pods Resources";
			outputPaths = (
			);
			runOnlyForDeploymentPostprocessing = 0;
			shellPath = /bin/sh;
			shellScript = "\"${SRCROOT}/Pods/Target Support Files/Pods/Pods-resources.sh\"\n";
			showEnvVarsInLog = 0;
		};
		F49F74FEC8C0438B754AD504 /* Check Pods Manifest.lock */ = {
			isa = PBXShellScriptBuildPhase;
			buildActionMask = 2147483647;
			files = (
			);
			inputPaths = (
			);
			name = "Check Pods Manifest.lock";
			outputPaths = (
			);
			runOnlyForDeploymentPostprocessing = 0;
			shellPath = /bin/sh;
			shellScript = "diff \"${PODS_ROOT}/../Podfile.lock\" \"${PODS_ROOT}/Manifest.lock\" > /dev/null\nif [[ $? != 0 ]] ; then\n    cat << EOM\nerror: The sandbox is not in sync with the Podfile.lock. Run 'pod install' or update your CocoaPods installation.\nEOM\n    exit 1\nfi\n";
			showEnvVarsInLog = 0;
		};
/* End PBXShellScriptBuildPhase section */

/* Begin PBXSourcesBuildPhase section */
		A1910E641A6D3AC800377160 /* Sources */ = {
			isa = PBXSourcesBuildPhase;
			buildActionMask = 2147483647;
			files = (
				A1762B261A873FB1008E5656 /* AccountViewController+RegisterCode.m in Sources */,
				A1D02F0B1A7B8A85004C484D /* NSData+Hex.m in Sources */,
				A1580A4C1A95D56A0082C1E2 /* SubjectData.m in Sources */,
				A19DCE741A82F5DF0019856D /* AppClient.m in Sources */,
				A1580A491A95A20D0082C1E2 /* ImitateSubjectViewController.m in Sources */,
				A188277D1AA06CE0008C734D /* AppClientSync.m in Sources */,
				A1910E711A6D3AC800377160 /* AppDelegate.m in Sources */,
				A182E4761AA5A58F00730ECC /* PaperRecordDao.m in Sources */,
				A1D02F0E1A7B8C95004C484D /* UINavigationController+Animation.m in Sources */,
				A1D66D3F1A723B7E00F98206 /* NSString+Date.m in Sources */,
				A1E279051A78BC8B00F23A20 /* UIViewController+VisibleView.m in Sources */,
				A199C9FB1A73ADD400A31587 /* ETUserView.m in Sources */,
				A1580A4F1A960B370082C1E2 /* ExamData.m in Sources */,
				A1D66D391A72177200F98206 /* UIColor+Hex.m in Sources */,
				A15EB7A71A84EC8B009199D1 /* JSONCallback.m in Sources */,
				A1762B291A874428008E5656 /* AccountViewController+Logout.m in Sources */,
				A1913F8F1AA42F2A003BFEA0 /* PaperDetailViewController.m in Sources */,
				A1E2790A1A78DFED00F23A20 /* FeedbackViewController.m in Sources */,
				A199CA301A74CFBF00A31587 /* HomeData.m in Sources */,
				A18B9F671AA6997B00C135DB /* PaperItemRecordDao.m in Sources */,
				A1936AA01A9F1A6200A0F45C /* WaitForAnimation.m in Sources */,
				A1936A911A9EC4E300A0F45C /* ExamDataDao.m in Sources */,
				A1F1D50B1AA9F57B003B2B4C /* ItemAnswersheet.m in Sources */,
				A18B9F701AA70A2400C135DB /* ItemViewController.m in Sources */,
				A1AA7CC61A81B336003A5137 /* RegisterData.m in Sources */,
				A1D02F081A7B7E37004C484D /* NSString+Hex.m in Sources */,
				A1647B621A728679007B12EA /* NSDate+TimeZone.m in Sources */,
				A195EFB11AA970E3002695A9 /* UIViewUtils.m in Sources */,
				A140418D1A78E61B00669D46 /* ETextView.m in Sources */,
				A1EE7DD81A70A52F0071C76D /* HomeViewController.m in Sources */,
				A17F78D31AA55D1400C671A9 /* PaperRecord.m in Sources */,
				A18CCF351A85BD2A00C20555 /* TextFieldValidator.m in Sources */,
				A1E279001A7887B000F23A20 /* ETNavigationController.m in Sources */,
				A18CD2B31A7BBEC700B90FF0 /* UIViewController+Animation.m in Sources */,
				A1D02EF81A7B13D6004C484D /* AboutData.m in Sources */,
				A1D02EF51A7B1208004C484D /* AboutViewController.m in Sources */,
				A1D66D3C1A7217BA00F98206 /* NSString+Size.m in Sources */,
				A1936A9B1A9EF61000A0F45C /* ImitateSubjectService.m in Sources */,
				A18995991A7A2F5E00D591FF /* ProtocolViewController.m in Sources */,
				A19493671AA8242800A7791E /* ETTimerView.m in Sources */,
				A15DFF431AA1857200C8A7B7 /* PaperData.m in Sources */,
				A1D02F051A7B70F9004C484D /* AESCrypt.m in Sources */,
				A1AA7CCC1A81F761003A5137 /* LoginData.m in Sources */,
				A15DFF491AA2D5B000C8A7B7 /* PaperDataDao.m in Sources */,
				A18827741AA053E5008C734D /* ETAlert.m in Sources */,
				A1ED10201A6F80BA004DAD90 /* MainViewController.m in Sources */,
				A199CA031A74A33500A31587 /* ETHomePanelView.m in Sources */,
				A1936A961A9EE01800A0F45C /* SubjectDataDao.m in Sources */,
				A199C9FF1A74874A00A31587 /* ETImageButton.m in Sources */,
				A18962E61AA33D970065B70C /* PaperListViewController.m in Sources */,
				A188277A1AA064AD008C734D /* DataSyncService.m in Sources */,
				A1910E741A6D3AC800377160 /* ExamApp.xcdatamodeld in Sources */,
				A1959F931A7FABBB00C1F563 /* LoginViewController.m in Sources */,
				A17F78D61AA5695700C671A9 /* PaperItemRecord.m in Sources */,
				A1D02F021A7B6588004C484D /* UserAccountData.m in Sources */,
				A1EE7DDB1A70A8B80071C76D /* SettingsViewController.m in Sources */,
				A1ED101B1A6F4EA9004DAD90 /* NSQueue.m in Sources */,
				A18B9F6A1AA6CF9F00C135DB /* PaperItemFavoriteDao.m in Sources */,
				A1904FA81A94E36900541B9E /* AppRegisterCode.m in Sources */,
				A15EB7AA1A84FCF0009199D1 /* LoginViewController+Register.m in Sources */,
				A182E4731AA596DE00730ECC /* PaperItemFavorite.m in Sources */,
				A1913F8C1AA40107003BFEA0 /* PaperService.m in Sources */,
				A10187C71A84B568002D2F37 /* LoginViewController+UserLogin.m in Sources */,
				A1C3B7771A763C05006EA38F /* SettingData.m in Sources */,
				A1D02EFF1A7B5BD1004C484D /* AccountViewController.m in Sources */,
				A1910E6E1A6D3AC800377160 /* main.m in Sources */,
				A199CB871A7761030094FE50 /* ScreenViewController.m in Sources */,
				A18B9F6D1AA700B200C135DB /* PaperRecordService.m in Sources */,
				A19DCE781A83442C0019856D /* HttpUtils.m in Sources */,
				A1C3B7631A75DB5F006EA38F /* DefaultViewController.m in Sources */,
				A195EFAE1AA94BF9002695A9 /* AnswersheetViewController.m in Sources */,
				A1510F831A6DEF4C00FE59A9 /* LaunchViewController.m in Sources */,
				A15DFF461AA1AC5D00C8A7B7 /* PaperReview.m in Sources */,
			);
			runOnlyForDeploymentPostprocessing = 0;
		};
		A1910E831A6D3AC800377160 /* Sources */ = {
			isa = PBXSourcesBuildPhase;
			buildActionMask = 2147483647;
			files = (
				A1910E8E1A6D3AC800377160 /* ExamAppTests.m in Sources */,
			);
			runOnlyForDeploymentPostprocessing = 0;
		};
/* End PBXSourcesBuildPhase section */

/* Begin PBXTargetDependency section */
		A1910E891A6D3AC800377160 /* PBXTargetDependency */ = {
			isa = PBXTargetDependency;
			target = A1910E671A6D3AC800377160 /* ExamApp */;
			targetProxy = A1910E881A6D3AC800377160 /* PBXContainerItemProxy */;
		};
/* End PBXTargetDependency section */

/* Begin XCBuildConfiguration section */
		A1910E8F1A6D3AC800377160 /* Debug */ = {
			isa = XCBuildConfiguration;
			buildSettings = {
				ALWAYS_SEARCH_USER_PATHS = NO;
				CLANG_CXX_LANGUAGE_STANDARD = "gnu++0x";
				CLANG_CXX_LIBRARY = "libc++";
				CLANG_ENABLE_MODULES = YES;
				CLANG_ENABLE_OBJC_ARC = YES;
				CLANG_WARN_BOOL_CONVERSION = YES;
				CLANG_WARN_CONSTANT_CONVERSION = YES;
				CLANG_WARN_DIRECT_OBJC_ISA_USAGE = YES_ERROR;
				CLANG_WARN_EMPTY_BODY = YES;
				CLANG_WARN_ENUM_CONVERSION = YES;
				CLANG_WARN_INT_CONVERSION = YES;
				CLANG_WARN_OBJC_ROOT_CLASS = YES_ERROR;
				CLANG_WARN_UNREACHABLE_CODE = YES;
				CLANG_WARN__DUPLICATE_METHOD_MATCH = YES;
				"CODE_SIGN_IDENTITY[sdk=iphoneos*]" = "iPhone Developer";
				COPY_PHASE_STRIP = NO;
				ENABLE_STRICT_OBJC_MSGSEND = YES;
				GCC_C_LANGUAGE_STANDARD = gnu99;
				GCC_DYNAMIC_NO_PIC = NO;
				GCC_OPTIMIZATION_LEVEL = 0;
				GCC_PREPROCESSOR_DEFINITIONS = (
					"DEBUG=1",
					"$(inherited)",
				);
				GCC_SYMBOLS_PRIVATE_EXTERN = NO;
				GCC_WARN_64_TO_32_BIT_CONVERSION = YES;
				GCC_WARN_ABOUT_RETURN_TYPE = YES_ERROR;
				GCC_WARN_UNDECLARED_SELECTOR = YES;
				GCC_WARN_UNINITIALIZED_AUTOS = YES_AGGRESSIVE;
				GCC_WARN_UNUSED_FUNCTION = YES;
				GCC_WARN_UNUSED_VARIABLE = YES;
				IPHONEOS_DEPLOYMENT_TARGET = 8.1;
				MTL_ENABLE_DEBUG_INFO = YES;
				ONLY_ACTIVE_ARCH = YES;
				SDKROOT = iphoneos;
			};
			name = Debug;
		};
		A1910E901A6D3AC800377160 /* Release */ = {
			isa = XCBuildConfiguration;
			buildSettings = {
				ALWAYS_SEARCH_USER_PATHS = NO;
				CLANG_CXX_LANGUAGE_STANDARD = "gnu++0x";
				CLANG_CXX_LIBRARY = "libc++";
				CLANG_ENABLE_MODULES = YES;
				CLANG_ENABLE_OBJC_ARC = YES;
				CLANG_WARN_BOOL_CONVERSION = YES;
				CLANG_WARN_CONSTANT_CONVERSION = YES;
				CLANG_WARN_DIRECT_OBJC_ISA_USAGE = YES_ERROR;
				CLANG_WARN_EMPTY_BODY = YES;
				CLANG_WARN_ENUM_CONVERSION = YES;
				CLANG_WARN_INT_CONVERSION = YES;
				CLANG_WARN_OBJC_ROOT_CLASS = YES_ERROR;
				CLANG_WARN_UNREACHABLE_CODE = YES;
				CLANG_WARN__DUPLICATE_METHOD_MATCH = YES;
				"CODE_SIGN_IDENTITY[sdk=iphoneos*]" = "iPhone Developer";
				COPY_PHASE_STRIP = YES;
				ENABLE_NS_ASSERTIONS = NO;
				ENABLE_STRICT_OBJC_MSGSEND = YES;
				GCC_C_LANGUAGE_STANDARD = gnu99;
				GCC_WARN_64_TO_32_BIT_CONVERSION = YES;
				GCC_WARN_ABOUT_RETURN_TYPE = YES_ERROR;
				GCC_WARN_UNDECLARED_SELECTOR = YES;
				GCC_WARN_UNINITIALIZED_AUTOS = YES_AGGRESSIVE;
				GCC_WARN_UNUSED_FUNCTION = YES;
				GCC_WARN_UNUSED_VARIABLE = YES;
				IPHONEOS_DEPLOYMENT_TARGET = 8.1;
				MTL_ENABLE_DEBUG_INFO = NO;
				SDKROOT = iphoneos;
				VALIDATE_PRODUCT = YES;
			};
			name = Release;
		};
		A1910E921A6D3AC800377160 /* Debug */ = {
			isa = XCBuildConfiguration;
			baseConfigurationReference = 546409C18EB0DA5FBE4F4AF6 /* Pods.debug.xcconfig */;
			buildSettings = {
				ASSETCATALOG_COMPILER_APPICON_NAME = AppIcon;
				ASSETCATALOG_COMPILER_LAUNCHIMAGE_NAME = LaunchImage;
				INFOPLIST_FILE = ExamApp/Info.plist;
				LD_RUNPATH_SEARCH_PATHS = "$(inherited) @executable_path/Frameworks";
				PRODUCT_NAME = "$(TARGET_NAME)";
			};
			name = Debug;
		};
		A1910E931A6D3AC800377160 /* Release */ = {
			isa = XCBuildConfiguration;
			baseConfigurationReference = B80650993975702DBACD81BE /* Pods.release.xcconfig */;
			buildSettings = {
				ASSETCATALOG_COMPILER_APPICON_NAME = AppIcon;
				ASSETCATALOG_COMPILER_LAUNCHIMAGE_NAME = LaunchImage;
				INFOPLIST_FILE = ExamApp/Info.plist;
				LD_RUNPATH_SEARCH_PATHS = "$(inherited) @executable_path/Frameworks";
				PRODUCT_NAME = "$(TARGET_NAME)";
			};
			name = Release;
		};
		A1910E951A6D3AC800377160 /* Debug */ = {
			isa = XCBuildConfiguration;
			buildSettings = {
				BUNDLE_LOADER = "$(TEST_HOST)";
				FRAMEWORK_SEARCH_PATHS = (
					"$(SDKROOT)/Developer/Library/Frameworks",
					"$(inherited)",
				);
				GCC_PREPROCESSOR_DEFINITIONS = (
					"DEBUG=1",
					"$(inherited)",
				);
				INFOPLIST_FILE = ExamAppTests/Info.plist;
				LD_RUNPATH_SEARCH_PATHS = "$(inherited) @executable_path/Frameworks @loader_path/Frameworks";
				PRODUCT_NAME = "$(TARGET_NAME)";
				TEST_HOST = "$(BUILT_PRODUCTS_DIR)/ExamApp.app/ExamApp";
			};
			name = Debug;
		};
		A1910E961A6D3AC800377160 /* Release */ = {
			isa = XCBuildConfiguration;
			buildSettings = {
				BUNDLE_LOADER = "$(TEST_HOST)";
				FRAMEWORK_SEARCH_PATHS = (
					"$(SDKROOT)/Developer/Library/Frameworks",
					"$(inherited)",
				);
				INFOPLIST_FILE = ExamAppTests/Info.plist;
				LD_RUNPATH_SEARCH_PATHS = "$(inherited) @executable_path/Frameworks @loader_path/Frameworks";
				PRODUCT_NAME = "$(TARGET_NAME)";
				TEST_HOST = "$(BUILT_PRODUCTS_DIR)/ExamApp.app/ExamApp";
			};
			name = Release;
		};
/* End XCBuildConfiguration section */

/* Begin XCConfigurationList section */
		A1910E631A6D3AC800377160 /* Build configuration list for PBXProject "ExamApp" */ = {
			isa = XCConfigurationList;
			buildConfigurations = (
				A1910E8F1A6D3AC800377160 /* Debug */,
				A1910E901A6D3AC800377160 /* Release */,
			);
			defaultConfigurationIsVisible = 0;
			defaultConfigurationName = Release;
		};
		A1910E911A6D3AC800377160 /* Build configuration list for PBXNativeTarget "ExamApp" */ = {
			isa = XCConfigurationList;
			buildConfigurations = (
				A1910E921A6D3AC800377160 /* Debug */,
				A1910E931A6D3AC800377160 /* Release */,
			);
			defaultConfigurationIsVisible = 0;
			defaultConfigurationName = Release;
		};
		A1910E941A6D3AC800377160 /* Build configuration list for PBXNativeTarget "ExamAppTests" */ = {
			isa = XCConfigurationList;
			buildConfigurations = (
				A1910E951A6D3AC800377160 /* Debug */,
				A1910E961A6D3AC800377160 /* Release */,
			);
			defaultConfigurationIsVisible = 0;
			defaultConfigurationName = Release;
		};
/* End XCConfigurationList section */

/* Begin XCVersionGroup section */
		A1910E721A6D3AC800377160 /* ExamApp.xcdatamodeld */ = {
			isa = XCVersionGroup;
			children = (
				A1910E731A6D3AC800377160 /* ExamApp.xcdatamodel */,
			);
			currentVersion = A1910E731A6D3AC800377160 /* ExamApp.xcdatamodel */;
			path = ExamApp.xcdatamodeld;
			sourceTree = "<group>";
			versionGroupType = wrapper.xcdatamodel;
		};
/* End XCVersionGroup section */
	};
	rootObject = A1910E601A6D3AC800377160 /* Project object */;
}
