// !$*UTF8*$!
{
	archiveVersion = 1;
	classes = {
	};
	objectVersion = 46;
	objects = {

/* Begin PBXBuildFile section */
		A1414DB11A6D09B5009E9FA9 /* main.m in Sources */ = {isa = PBXBuildFile; fileRef = A1414DB01A6D09B5009E9FA9 /* main.m */; };
		A1414DB41A6D09B5009E9FA9 /* AppDelegate.m in Sources */ = {isa = PBXBuildFile; fileRef = A1414DB31A6D09B5009E9FA9 /* AppDelegate.m */; };
		A1414DB71A6D09B5009E9FA9 /* RootViewController.m in Sources */ = {isa = PBXBuildFile; fileRef = A1414DB61A6D09B5009E9FA9 /* RootViewController.m */; };
		A1414DBA1A6D09B5009E9FA9 /* DataViewController.m in Sources */ = {isa = PBXBuildFile; fileRef = A1414DB91A6D09B5009E9FA9 /* DataViewController.m */; };
		A1414DBD1A6D09B5009E9FA9 /* ModelController.m in Sources */ = {isa = PBXBuildFile; fileRef = A1414DBC1A6D09B5009E9FA9 /* ModelController.m */; };
		A1414DC01A6D09B5009E9FA9 /* Main.storyboard in Resources */ = {isa = PBXBuildFile; fileRef = A1414DBE1A6D09B5009E9FA9 /* Main.storyboard */; };
		A1414DC21A6D09B5009E9FA9 /* Images.xcassets in Resources */ = {isa = PBXBuildFile; fileRef = A1414DC11A6D09B5009E9FA9 /* Images.xcassets */; };
		A1414DC51A6D09B5009E9FA9 /* LaunchScreen.xib in Resources */ = {isa = PBXBuildFile; fileRef = A1414DC31A6D09B5009E9FA9 /* LaunchScreen.xib */; };
		A1414DD11A6D09B5009E9FA9 /* ExamAppTests.m in Sources */ = {isa = PBXBuildFile; fileRef = A1414DD01A6D09B5009E9FA9 /* ExamAppTests.m */; };
		A1414DDC1A6D0A62009E9FA9 /* app_start.png in Resources */ = {isa = PBXBuildFile; fileRef = A1414DDB1A6D0A62009E9FA9 /* app_start.png */; };
/* End PBXBuildFile section */

/* Begin PBXContainerItemProxy section */
		A1414DCB1A6D09B5009E9FA9 /* PBXContainerItemProxy */ = {
			isa = PBXContainerItemProxy;
			containerPortal = A1414DA31A6D09B5009E9FA9 /* Project object */;
			proxyType = 1;
			remoteGlobalIDString = A1414DAA1A6D09B5009E9FA9;
			remoteInfo = ExamApp;
		};
/* End PBXContainerItemProxy section */

/* Begin PBXFileReference section */
		A1414DAB1A6D09B5009E9FA9 /* ExamApp.app */ = {isa = PBXFileReference; explicitFileType = wrapper.application; includeInIndex = 0; path = ExamApp.app; sourceTree = BUILT_PRODUCTS_DIR; };
		A1414DAF1A6D09B5009E9FA9 /* Info.plist */ = {isa = PBXFileReference; lastKnownFileType = text.plist.xml; path = Info.plist; sourceTree = "<group>"; };
		A1414DB01A6D09B5009E9FA9 /* main.m */ = {isa = PBXFileReference; lastKnownFileType = sourcecode.c.objc; path = main.m; sourceTree = "<group>"; };
		A1414DB21A6D09B5009E9FA9 /* AppDelegate.h */ = {isa = PBXFileReference; lastKnownFileType = sourcecode.c.h; path = AppDelegate.h; sourceTree = "<group>"; };
		A1414DB31A6D09B5009E9FA9 /* AppDelegate.m */ = {isa = PBXFileReference; lastKnownFileType = sourcecode.c.objc; path = AppDelegate.m; sourceTree = "<group>"; };
		A1414DB51A6D09B5009E9FA9 /* RootViewController.h */ = {isa = PBXFileReference; lastKnownFileType = sourcecode.c.h; path = RootViewController.h; sourceTree = "<group>"; };
		A1414DB61A6D09B5009E9FA9 /* RootViewController.m */ = {isa = PBXFileReference; lastKnownFileType = sourcecode.c.objc; path = RootViewController.m; sourceTree = "<group>"; };
		A1414DB81A6D09B5009E9FA9 /* DataViewController.h */ = {isa = PBXFileReference; lastKnownFileType = sourcecode.c.h; path = DataViewController.h; sourceTree = "<group>"; };
		A1414DB91A6D09B5009E9FA9 /* DataViewController.m */ = {isa = PBXFileReference; lastKnownFileType = sourcecode.c.objc; path = DataViewController.m; sourceTree = "<group>"; };
		A1414DBB1A6D09B5009E9FA9 /* ModelController.h */ = {isa = PBXFileReference; lastKnownFileType = sourcecode.c.h; path = ModelController.h; sourceTree = "<group>"; };
		A1414DBC1A6D09B5009E9FA9 /* ModelController.m */ = {isa = PBXFileReference; lastKnownFileType = sourcecode.c.objc; path = ModelController.m; sourceTree = "<group>"; };
		A1414DBF1A6D09B5009E9FA9 /* Base */ = {isa = PBXFileReference; lastKnownFileType = file.storyboard; name = Base; path = Base.lproj/Main.storyboard; sourceTree = "<group>"; };
		A1414DC11A6D09B5009E9FA9 /* Images.xcassets */ = {isa = PBXFileReference; lastKnownFileType = folder.assetcatalog; path = Images.xcassets; sourceTree = "<group>"; };
		A1414DC41A6D09B5009E9FA9 /* Base */ = {isa = PBXFileReference; lastKnownFileType = file.xib; name = Base; path = Base.lproj/LaunchScreen.xib; sourceTree = "<group>"; };
		A1414DCA1A6D09B5009E9FA9 /* ExamAppTests.xctest */ = {isa = PBXFileReference; explicitFileType = wrapper.cfbundle; includeInIndex = 0; path = ExamAppTests.xctest; sourceTree = BUILT_PRODUCTS_DIR; };
		A1414DCF1A6D09B5009E9FA9 /* Info.plist */ = {isa = PBXFileReference; lastKnownFileType = text.plist.xml; path = Info.plist; sourceTree = "<group>"; };
		A1414DD01A6D09B5009E9FA9 /* ExamAppTests.m */ = {isa = PBXFileReference; lastKnownFileType = sourcecode.c.objc; path = ExamAppTests.m; sourceTree = "<group>"; };
		A1414DDB1A6D0A62009E9FA9 /* app_start.png */ = {isa = PBXFileReference; lastKnownFileType = image.png; path = app_start.png; sourceTree = "<group>"; };
/* End PBXFileReference section */

/* Begin PBXFrameworksBuildPhase section */
		A1414DA81A6D09B5009E9FA9 /* Frameworks */ = {
			isa = PBXFrameworksBuildPhase;
			buildActionMask = 2147483647;
			files = (
			);
			runOnlyForDeploymentPostprocessing = 0;
		};
		A1414DC71A6D09B5009E9FA9 /* Frameworks */ = {
			isa = PBXFrameworksBuildPhase;
			buildActionMask = 2147483647;
			files = (
			);
			runOnlyForDeploymentPostprocessing = 0;
		};
/* End PBXFrameworksBuildPhase section */

/* Begin PBXGroup section */
		A1414DA21A6D09B5009E9FA9 = {
			isa = PBXGroup;
			children = (
				A1414DAD1A6D09B5009E9FA9 /* ExamApp */,
				A1414DCD1A6D09B5009E9FA9 /* ExamAppTests */,
				A1414DAC1A6D09B5009E9FA9 /* Products */,
			);
			sourceTree = "<group>";
		};
		A1414DAC1A6D09B5009E9FA9 /* Products */ = {
			isa = PBXGroup;
			children = (
				A1414DAB1A6D09B5009E9FA9 /* ExamApp.app */,
				A1414DCA1A6D09B5009E9FA9 /* ExamAppTests.xctest */,
			);
			name = Products;
			sourceTree = "<group>";
		};
		A1414DAD1A6D09B5009E9FA9 /* ExamApp */ = {
			isa = PBXGroup;
			children = (
				A1414DB21A6D09B5009E9FA9 /* AppDelegate.h */,
				A1414DB31A6D09B5009E9FA9 /* AppDelegate.m */,
				A1414DB51A6D09B5009E9FA9 /* RootViewController.h */,
				A1414DB61A6D09B5009E9FA9 /* RootViewController.m */,
				A1414DB81A6D09B5009E9FA9 /* DataViewController.h */,
				A1414DB91A6D09B5009E9FA9 /* DataViewController.m */,
				A1414DBB1A6D09B5009E9FA9 /* ModelController.h */,
				A1414DBC1A6D09B5009E9FA9 /* ModelController.m */,
				A1414DBE1A6D09B5009E9FA9 /* Main.storyboard */,
				A1414DC11A6D09B5009E9FA9 /* Images.xcassets */,
				A1414DC31A6D09B5009E9FA9 /* LaunchScreen.xib */,
				A1414DAE1A6D09B5009E9FA9 /* Supporting Files */,
			);
			path = ExamApp;
			sourceTree = "<group>";
		};
		A1414DAE1A6D09B5009E9FA9 /* Supporting Files */ = {
			isa = PBXGroup;
			children = (
				A1414DDA1A6D0A50009E9FA9 /* images */,
				A1414DAF1A6D09B5009E9FA9 /* Info.plist */,
				A1414DB01A6D09B5009E9FA9 /* main.m */,
			);
			name = "Supporting Files";
			sourceTree = "<group>";
		};
		A1414DCD1A6D09B5009E9FA9 /* ExamAppTests */ = {
			isa = PBXGroup;
			children = (
				A1414DD01A6D09B5009E9FA9 /* ExamAppTests.m */,
				A1414DCE1A6D09B5009E9FA9 /* Supporting Files */,
			);
			path = ExamAppTests;
			sourceTree = "<group>";
		};
		A1414DCE1A6D09B5009E9FA9 /* Supporting Files */ = {
			isa = PBXGroup;
			children = (
				A1414DCF1A6D09B5009E9FA9 /* Info.plist */,
			);
			name = "Supporting Files";
			sourceTree = "<group>";
		};
		A1414DDA1A6D0A50009E9FA9 /* images */ = {
			isa = PBXGroup;
			children = (
				A1414DDB1A6D0A62009E9FA9 /* app_start.png */,
			);
			name = images;
			sourceTree = "<group>";
		};
/* End PBXGroup section */

/* Begin PBXNativeTarget section */
		A1414DAA1A6D09B5009E9FA9 /* ExamApp */ = {
			isa = PBXNativeTarget;
			buildConfigurationList = A1414DD41A6D09B5009E9FA9 /* Build configuration list for PBXNativeTarget "ExamApp" */;
			buildPhases = (
				A1414DA71A6D09B5009E9FA9 /* Sources */,
				A1414DA81A6D09B5009E9FA9 /* Frameworks */,
				A1414DA91A6D09B5009E9FA9 /* Resources */,
			);
			buildRules = (
			);
			dependencies = (
			);
			name = ExamApp;
			productName = ExamApp;
			productReference = A1414DAB1A6D09B5009E9FA9 /* ExamApp.app */;
			productType = "com.apple.product-type.application";
		};
		A1414DC91A6D09B5009E9FA9 /* ExamAppTests */ = {
			isa = PBXNativeTarget;
			buildConfigurationList = A1414DD71A6D09B5009E9FA9 /* Build configuration list for PBXNativeTarget "ExamAppTests" */;
			buildPhases = (
				A1414DC61A6D09B5009E9FA9 /* Sources */,
				A1414DC71A6D09B5009E9FA9 /* Frameworks */,
				A1414DC81A6D09B5009E9FA9 /* Resources */,
			);
			buildRules = (
			);
			dependencies = (
				A1414DCC1A6D09B5009E9FA9 /* PBXTargetDependency */,
			);
			name = ExamAppTests;
			productName = ExamAppTests;
			productReference = A1414DCA1A6D09B5009E9FA9 /* ExamAppTests.xctest */;
			productType = "com.apple.product-type.bundle.unit-test";
		};
/* End PBXNativeTarget section */

/* Begin PBXProject section */
		A1414DA31A6D09B5009E9FA9 /* Project object */ = {
			isa = PBXProject;
			attributes = {
				LastUpgradeCheck = 0610;
				ORGANIZATIONNAME = com.examw;
				TargetAttributes = {
					A1414DAA1A6D09B5009E9FA9 = {
						CreatedOnToolsVersion = 6.1.1;
					};
					A1414DC91A6D09B5009E9FA9 = {
						CreatedOnToolsVersion = 6.1.1;
						TestTargetID = A1414DAA1A6D09B5009E9FA9;
					};
				};
			};
			buildConfigurationList = A1414DA61A6D09B5009E9FA9 /* Build configuration list for PBXProject "ExamApp" */;
			compatibilityVersion = "Xcode 3.2";
			developmentRegion = English;
			hasScannedForEncodings = 0;
			knownRegions = (
				en,
				Base,
			);
			mainGroup = A1414DA21A6D09B5009E9FA9;
			productRefGroup = A1414DAC1A6D09B5009E9FA9 /* Products */;
			projectDirPath = "";
			projectRoot = "";
			targets = (
				A1414DAA1A6D09B5009E9FA9 /* ExamApp */,
				A1414DC91A6D09B5009E9FA9 /* ExamAppTests */,
			);
		};
/* End PBXProject section */

/* Begin PBXResourcesBuildPhase section */
		A1414DA91A6D09B5009E9FA9 /* Resources */ = {
			isa = PBXResourcesBuildPhase;
			buildActionMask = 2147483647;
			files = (
				A1414DC01A6D09B5009E9FA9 /* Main.storyboard in Resources */,
				A1414DC51A6D09B5009E9FA9 /* LaunchScreen.xib in Resources */,
				A1414DDC1A6D0A62009E9FA9 /* app_start.png in Resources */,
				A1414DC21A6D09B5009E9FA9 /* Images.xcassets in Resources */,
			);
			runOnlyForDeploymentPostprocessing = 0;
		};
		A1414DC81A6D09B5009E9FA9 /* Resources */ = {
			isa = PBXResourcesBuildPhase;
			buildActionMask = 2147483647;
			files = (
			);
			runOnlyForDeploymentPostprocessing = 0;
		};
/* End PBXResourcesBuildPhase section */

/* Begin PBXSourcesBuildPhase section */
		A1414DA71A6D09B5009E9FA9 /* Sources */ = {
			isa = PBXSourcesBuildPhase;
			buildActionMask = 2147483647;
			files = (
				A1414DBA1A6D09B5009E9FA9 /* DataViewController.m in Sources */,
				A1414DB41A6D09B5009E9FA9 /* AppDelegate.m in Sources */,
				A1414DBD1A6D09B5009E9FA9 /* ModelController.m in Sources */,
				A1414DB11A6D09B5009E9FA9 /* main.m in Sources */,
				A1414DB71A6D09B5009E9FA9 /* RootViewController.m in Sources */,
			);
			runOnlyForDeploymentPostprocessing = 0;
		};
		A1414DC61A6D09B5009E9FA9 /* Sources */ = {
			isa = PBXSourcesBuildPhase;
			buildActionMask = 2147483647;
			files = (
				A1414DD11A6D09B5009E9FA9 /* ExamAppTests.m in Sources */,
			);
			runOnlyForDeploymentPostprocessing = 0;
		};
/* End PBXSourcesBuildPhase section */

/* Begin PBXTargetDependency section */
		A1414DCC1A6D09B5009E9FA9 /* PBXTargetDependency */ = {
			isa = PBXTargetDependency;
			target = A1414DAA1A6D09B5009E9FA9 /* ExamApp */;
			targetProxy = A1414DCB1A6D09B5009E9FA9 /* PBXContainerItemProxy */;
		};
/* End PBXTargetDependency section */

/* Begin PBXVariantGroup section */
		A1414DBE1A6D09B5009E9FA9 /* Main.storyboard */ = {
			isa = PBXVariantGroup;
			children = (
				A1414DBF1A6D09B5009E9FA9 /* Base */,
			);
			name = Main.storyboard;
			sourceTree = "<group>";
		};
		A1414DC31A6D09B5009E9FA9 /* LaunchScreen.xib */ = {
			isa = PBXVariantGroup;
			children = (
				A1414DC41A6D09B5009E9FA9 /* Base */,
			);
			name = LaunchScreen.xib;
			sourceTree = "<group>";
		};
/* End PBXVariantGroup section */

/* Begin XCBuildConfiguration section */
		A1414DD21A6D09B5009E9FA9 /* Debug */ = {
			isa = XCBuildConfiguration;
			buildSettings = {
				ALWAYS_SEARCH_USER_PATHS = NO;
				CLANG_CXX_LANGUAGE_STANDARD = "gnu++0x";
				CLANG_CXX_LIBRARY = "libc++";
				CLANG_ENABLE_MODULES = YES;
				CLANG_ENABLE_OBJC_ARC = YES;
				CLANG_WARN_BOOL_CONVERSION = YES;
				CLANG_WARN_CONSTANT_CONVERSION = YES;
				CLANG_WARN_DIRECT_OBJC_ISA_USAGE = YES_ERROR;
				CLANG_WARN_EMPTY_BODY = YES;
				CLANG_WARN_ENUM_CONVERSION = YES;
				CLANG_WARN_INT_CONVERSION = YES;
				CLANG_WARN_OBJC_ROOT_CLASS = YES_ERROR;
				CLANG_WARN_UNREACHABLE_CODE = YES;
				CLANG_WARN__DUPLICATE_METHOD_MATCH = YES;
				"CODE_SIGN_IDENTITY[sdk=iphoneos*]" = "iPhone Developer";
				COPY_PHASE_STRIP = NO;
				ENABLE_STRICT_OBJC_MSGSEND = YES;
				GCC_C_LANGUAGE_STANDARD = gnu99;
				GCC_DYNAMIC_NO_PIC = NO;
				GCC_OPTIMIZATION_LEVEL = 0;
				GCC_PREPROCESSOR_DEFINITIONS = (
					"DEBUG=1",
					"$(inherited)",
				);
				GCC_SYMBOLS_PRIVATE_EXTERN = NO;
				GCC_WARN_64_TO_32_BIT_CONVERSION = YES;
				GCC_WARN_ABOUT_RETURN_TYPE = YES_ERROR;
				GCC_WARN_UNDECLARED_SELECTOR = YES;
				GCC_WARN_UNINITIALIZED_AUTOS = YES_AGGRESSIVE;
				GCC_WARN_UNUSED_FUNCTION = YES;
				GCC_WARN_UNUSED_VARIABLE = YES;
				IPHONEOS_DEPLOYMENT_TARGET = 8.1;
				MTL_ENABLE_DEBUG_INFO = YES;
				ONLY_ACTIVE_ARCH = YES;
				SDKROOT = iphoneos;
			};
			name = Debug;
		};
		A1414DD31A6D09B5009E9FA9 /* Release */ = {
			isa = XCBuildConfiguration;
			buildSettings = {
				ALWAYS_SEARCH_USER_PATHS = NO;
				CLANG_CXX_LANGUAGE_STANDARD = "gnu++0x";
				CLANG_CXX_LIBRARY = "libc++";
				CLANG_ENABLE_MODULES = YES;
				CLANG_ENABLE_OBJC_ARC = YES;
				CLANG_WARN_BOOL_CONVERSION = YES;
				CLANG_WARN_CONSTANT_CONVERSION = YES;
				CLANG_WARN_DIRECT_OBJC_ISA_USAGE = YES_ERROR;
				CLANG_WARN_EMPTY_BODY = YES;
				CLANG_WARN_ENUM_CONVERSION = YES;
				CLANG_WARN_INT_CONVERSION = YES;
				CLANG_WARN_OBJC_ROOT_CLASS = YES_ERROR;
				CLANG_WARN_UNREACHABLE_CODE = YES;
				CLANG_WARN__DUPLICATE_METHOD_MATCH = YES;
				"CODE_SIGN_IDENTITY[sdk=iphoneos*]" = "iPhone Developer";
				COPY_PHASE_STRIP = YES;
				ENABLE_NS_ASSERTIONS = NO;
				ENABLE_STRICT_OBJC_MSGSEND = YES;
				GCC_C_LANGUAGE_STANDARD = gnu99;
				GCC_WARN_64_TO_32_BIT_CONVERSION = YES;
				GCC_WARN_ABOUT_RETURN_TYPE = YES_ERROR;
				GCC_WARN_UNDECLARED_SELECTOR = YES;
				GCC_WARN_UNINITIALIZED_AUTOS = YES_AGGRESSIVE;
				GCC_WARN_UNUSED_FUNCTION = YES;
				GCC_WARN_UNUSED_VARIABLE = YES;
				IPHONEOS_DEPLOYMENT_TARGET = 8.1;
				MTL_ENABLE_DEBUG_INFO = NO;
				SDKROOT = iphoneos;
				VALIDATE_PRODUCT = YES;
			};
			name = Release;
		};
		A1414DD51A6D09B5009E9FA9 /* Debug */ = {
			isa = XCBuildConfiguration;
			buildSettings = {
				ASSETCATALOG_COMPILER_APPICON_NAME = AppIcon;
				INFOPLIST_FILE = ExamApp/Info.plist;
				LD_RUNPATH_SEARCH_PATHS = "$(inherited) @executable_path/Frameworks";
				PRODUCT_NAME = "$(TARGET_NAME)";
			};
			name = Debug;
		};
		A1414DD61A6D09B5009E9FA9 /* Release */ = {
			isa = XCBuildConfiguration;
			buildSettings = {
				ASSETCATALOG_COMPILER_APPICON_NAME = AppIcon;
				INFOPLIST_FILE = ExamApp/Info.plist;
				LD_RUNPATH_SEARCH_PATHS = "$(inherited) @executable_path/Frameworks";
				PRODUCT_NAME = "$(TARGET_NAME)";
			};
			name = Release;
		};
		A1414DD81A6D09B5009E9FA9 /* Debug */ = {
			isa = XCBuildConfiguration;
			buildSettings = {
				BUNDLE_LOADER = "$(TEST_HOST)";
				FRAMEWORK_SEARCH_PATHS = (
					"$(SDKROOT)/Developer/Library/Frameworks",
					"$(inherited)",
				);
				GCC_PREPROCESSOR_DEFINITIONS = (
					"DEBUG=1",
					"$(inherited)",
				);
				INFOPLIST_FILE = ExamAppTests/Info.plist;
				LD_RUNPATH_SEARCH_PATHS = "$(inherited) @executable_path/Frameworks @loader_path/Frameworks";
				PRODUCT_NAME = "$(TARGET_NAME)";
				TEST_HOST = "$(BUILT_PRODUCTS_DIR)/ExamApp.app/ExamApp";
			};
			name = Debug;
		};
		A1414DD91A6D09B5009E9FA9 /* Release */ = {
			isa = XCBuildConfiguration;
			buildSettings = {
				BUNDLE_LOADER = "$(TEST_HOST)";
				FRAMEWORK_SEARCH_PATHS = (
					"$(SDKROOT)/Developer/Library/Frameworks",
					"$(inherited)",
				);
				INFOPLIST_FILE = ExamAppTests/Info.plist;
				LD_RUNPATH_SEARCH_PATHS = "$(inherited) @executable_path/Frameworks @loader_path/Frameworks";
				PRODUCT_NAME = "$(TARGET_NAME)";
				TEST_HOST = "$(BUILT_PRODUCTS_DIR)/ExamApp.app/ExamApp";
			};
			name = Release;
		};
/* End XCBuildConfiguration section */

/* Begin XCConfigurationList section */
		A1414DA61A6D09B5009E9FA9 /* Build configuration list for PBXProject "ExamApp" */ = {
			isa = XCConfigurationList;
			buildConfigurations = (
				A1414DD21A6D09B5009E9FA9 /* Debug */,
				A1414DD31A6D09B5009E9FA9 /* Release */,
			);
			defaultConfigurationIsVisible = 0;
			defaultConfigurationName = Release;
		};
		A1414DD41A6D09B5009E9FA9 /* Build configuration list for PBXNativeTarget "ExamApp" */ = {
			isa = XCConfigurationList;
			buildConfigurations = (
				A1414DD51A6D09B5009E9FA9 /* Debug */,
				A1414DD61A6D09B5009E9FA9 /* Release */,
			);
			defaultConfigurationIsVisible = 0;
		};
		A1414DD71A6D09B5009E9FA9 /* Build configuration list for PBXNativeTarget "ExamAppTests" */ = {
			isa = XCConfigurationList;
			buildConfigurations = (
				A1414DD81A6D09B5009E9FA9 /* Debug */,
				A1414DD91A6D09B5009E9FA9 /* Release */,
			);
			defaultConfigurationIsVisible = 0;
		};
/* End XCConfigurationList section */
	};
	rootObject = A1414DA31A6D09B5009E9FA9 /* Project object */;
}
